{
  "version": 4,
  "terraform_version": "1.14.3",
  "serial": 18,
  "lineage": "87c03100-e3d8-ef4c-135c-6132c98664c5",
  "outputs": {
    "minikube_clusters": {
      "value": {
        "airbnb-dev": {
          "name": "airbnb-dev"
        }
      },
      "type": [
        "object",
        {
          "airbnb-dev": [
            "object",
            {
              "name": "string"
            }
          ]
        }
      ]
    },
    "namespaces": {
      "value": {
        "airbnb-dev": "airbnb-dev",
        "airbnb-prod": "airbnb-prod",
        "mcdonalds-beta": "mcdonalds-beta",
        "mcdonalds-dev": "mcdonalds-dev",
        "mcdonalds-prod": "mcdonalds-prod",
        "mcdonalds-qa": "mcdonalds-qa",
        "nike-dev": "nike-dev",
        "nike-prod": "nike-prod",
        "nike-qa": "nike-qa"
      },
      "type": [
        "object",
        {
          "airbnb-dev": "string",
          "airbnb-prod": "string",
          "mcdonalds-beta": "string",
          "mcdonalds-dev": "string",
          "mcdonalds-prod": "string",
          "mcdonalds-qa": "string",
          "nike-dev": "string",
          "nike-prod": "string",
          "nike-qa": "string"
        }
      ]
    }
  },
  "resources": [
    {
      "mode": "managed",
      "type": "kubernetes_namespace",
      "name": "client_env",
      "provider": "provider[\"registry.terraform.io/hashicorp/kubernetes\"]",
      "instances": [
        {
          "index_key": "airbnb-dev",
          "schema_version": 0,
          "attributes": {
            "id": "airbnb-dev",
            "metadata": [
              {
                "annotations": {},
                "generate_name": "",
                "generation": 0,
                "labels": {
                  "client": "airbnb",
                  "environment": "dev",
                  "managed_by": "terraform"
                },
                "name": "airbnb-dev",
                "resource_version": "736",
                "uid": "0d606ab0-28b8-40f2-bb28-6bfa7da95eeb"
              }
            ],
            "timeouts": null,
            "wait_for_default_service_account": false
          },
          "sensitive_attributes": [],
          "identity_schema_version": 1,
          "identity": {
            "api_version": "v1",
            "kind": "Namespace",
            "name": "airbnb-dev"
          },
          "private": "eyJlMmJmYjczMC1lY2FhLTExZTYtOGY4OC0zNDM2M2JjN2M0YzAiOnsiZGVsZXRlIjozMDAwMDAwMDAwMDB9fQ=="
        },
        {
          "index_key": "airbnb-prod",
          "schema_version": 0,
          "attributes": {
            "id": "airbnb-prod",
            "metadata": [
              {
                "annotations": null,
                "generate_name": "",
                "generation": 0,
                "labels": {
                  "client": "airbnb",
                  "environment": "prod",
                  "managed_by": "terraform"
                },
                "name": "airbnb-prod",
                "resource_version": "764",
                "uid": "a7056f55-8ee1-46e1-814f-d122b1626b53"
              }
            ],
            "timeouts": null,
            "wait_for_default_service_account": false
          },
          "sensitive_attributes": [],
          "identity_schema_version": 1,
          "identity": {
            "api_version": "v1",
            "kind": "Namespace",
            "name": "airbnb-prod"
          },
          "private": "eyJlMmJmYjczMC1lY2FhLTExZTYtOGY4OC0zNDM2M2JjN2M0YzAiOnsiZGVsZXRlIjozMDAwMDAwMDAwMDB9fQ=="
        },
        {
          "index_key": "mcdonalds-beta",
          "schema_version": 0,
          "attributes": {
            "id": "mcdonalds-beta",
            "metadata": [
              {
                "annotations": null,
                "generate_name": "",
                "generation": 0,
                "labels": {
                  "client": "mcdonalds",
                  "environment": "beta",
                  "managed_by": "terraform"
                },
                "name": "mcdonalds-beta",
                "resource_version": "768",
                "uid": "c1656178-7a0f-4f84-af01-edea958ad9e4"
              }
            ],
            "timeouts": null,
            "wait_for_default_service_account": false
          },
          "sensitive_attributes": [],
          "identity_schema_version": 1,
          "identity": {
            "api_version": "v1",
            "kind": "Namespace",
            "name": "mcdonalds-beta"
          },
          "private": "eyJlMmJmYjczMC1lY2FhLTExZTYtOGY4OC0zNDM2M2JjN2M0YzAiOnsiZGVsZXRlIjozMDAwMDAwMDAwMDB9fQ=="
        },
        {
          "index_key": "mcdonalds-dev",
          "schema_version": 0,
          "attributes": {
            "id": "mcdonalds-dev",
            "metadata": [
              {
                "annotations": null,
                "generate_name": "",
                "generation": 0,
                "labels": {
                  "client": "mcdonalds",
                  "environment": "dev",
                  "managed_by": "terraform"
                },
                "name": "mcdonalds-dev",
                "resource_version": "765",
                "uid": "9472f385-d886-49a8-9496-1b461cc11f06"
              }
            ],
            "timeouts": null,
            "wait_for_default_service_account": false
          },
          "sensitive_attributes": [],
          "identity_schema_version": 1,
          "identity": {
            "api_version": "v1",
            "kind": "Namespace",
            "name": "mcdonalds-dev"
          },
          "private": "eyJlMmJmYjczMC1lY2FhLTExZTYtOGY4OC0zNDM2M2JjN2M0YzAiOnsiZGVsZXRlIjozMDAwMDAwMDAwMDB9fQ=="
        },
        {
          "index_key": "mcdonalds-prod",
          "schema_version": 0,
          "attributes": {
            "id": "mcdonalds-prod",
            "metadata": [
              {
                "annotations": null,
                "generate_name": "",
                "generation": 0,
                "labels": {
                  "client": "mcdonalds",
                  "environment": "prod",
                  "managed_by": "terraform"
                },
                "name": "mcdonalds-prod",
                "resource_version": "766",
                "uid": "5600a3f7-d58c-476e-b126-af498c2a4426"
              }
            ],
            "timeouts": null,
            "wait_for_default_service_account": false
          },
          "sensitive_attributes": [],
          "identity_schema_version": 1,
          "identity": {
            "api_version": "v1",
            "kind": "Namespace",
            "name": "mcdonalds-prod"
          },
          "private": "eyJlMmJmYjczMC1lY2FhLTExZTYtOGY4OC0zNDM2M2JjN2M0YzAiOnsiZGVsZXRlIjozMDAwMDAwMDAwMDB9fQ=="
        },
        {
          "index_key": "mcdonalds-qa",
          "schema_version": 0,
          "attributes": {
            "id": "mcdonalds-qa",
            "metadata": [
              {
                "annotations": null,
                "generate_name": "",
                "generation": 0,
                "labels": {
                  "client": "mcdonalds",
                  "environment": "qa",
                  "managed_by": "terraform"
                },
                "name": "mcdonalds-qa",
                "resource_version": "769",
                "uid": "8d3739e3-e812-4c18-afeb-1b09ccdd8bd4"
              }
            ],
            "timeouts": null,
            "wait_for_default_service_account": false
          },
          "sensitive_attributes": [],
          "identity_schema_version": 1,
          "identity": {
            "api_version": "v1",
            "kind": "Namespace",
            "name": "mcdonalds-qa"
          },
          "private": "eyJlMmJmYjczMC1lY2FhLTExZTYtOGY4OC0zNDM2M2JjN2M0YzAiOnsiZGVsZXRlIjozMDAwMDAwMDAwMDB9fQ=="
        },
        {
          "index_key": "nike-dev",
          "schema_version": 0,
          "attributes": {
            "id": "nike-dev",
            "metadata": [
              {
                "annotations": null,
                "generate_name": "",
                "generation": 0,
                "labels": {
                  "client": "nike",
                  "environment": "dev",
                  "managed_by": "terraform"
                },
                "name": "nike-dev",
                "resource_version": "763",
                "uid": "58209348-f827-496b-95cc-167a95327b0a"
              }
            ],
            "timeouts": null,
            "wait_for_default_service_account": false
          },
          "sensitive_attributes": [],
          "identity_schema_version": 1,
          "identity": {
            "api_version": "v1",
            "kind": "Namespace",
            "name": "nike-dev"
          },
          "private": "eyJlMmJmYjczMC1lY2FhLTExZTYtOGY4OC0zNDM2M2JjN2M0YzAiOnsiZGVsZXRlIjozMDAwMDAwMDAwMDB9fQ=="
        },
        {
          "index_key": "nike-prod",
          "schema_version": 0,
          "attributes": {
            "id": "nike-prod",
            "metadata": [
              {
                "annotations": null,
                "generate_name": "",
                "generation": 0,
                "labels": {
                  "client": "nike",
                  "environment": "prod",
                  "managed_by": "terraform"
                },
                "name": "nike-prod",
                "resource_version": "767",
                "uid": "e360201e-691a-468c-9c22-f7be277013e8"
              }
            ],
            "timeouts": null,
            "wait_for_default_service_account": false
          },
          "sensitive_attributes": [],
          "identity_schema_version": 1,
          "identity": {
            "api_version": "v1",
            "kind": "Namespace",
            "name": "nike-prod"
          },
          "private": "eyJlMmJmYjczMC1lY2FhLTExZTYtOGY4OC0zNDM2M2JjN2M0YzAiOnsiZGVsZXRlIjozMDAwMDAwMDAwMDB9fQ=="
        },
        {
          "index_key": "nike-qa",
          "schema_version": 0,
          "attributes": {
            "id": "nike-qa",
            "metadata": [
              {
                "annotations": null,
                "generate_name": "",
                "generation": 0,
                "labels": {
                  "client": "nike",
                  "environment": "qa",
                  "managed_by": "terraform"
                },
                "name": "nike-qa",
                "resource_version": "762",
                "uid": "7957866a-ea6f-40dd-9fe3-2f838a0d5fa7"
              }
            ],
            "timeouts": null,
            "wait_for_default_service_account": false
          },
          "sensitive_attributes": [],
          "identity_schema_version": 1,
          "identity": {
            "api_version": "v1",
            "kind": "Namespace",
            "name": "nike-qa"
          },
          "private": "eyJlMmJmYjczMC1lY2FhLTExZTYtOGY4OC0zNDM2M2JjN2M0YzAiOnsiZGVsZXRlIjozMDAwMDAwMDAwMDB9fQ=="
        }
      ]
    },
    {
      "mode": "managed",
      "type": "kubernetes_persistent_volume_claim",
      "name": "postgres",
      "provider": "provider[\"registry.terraform.io/hashicorp/kubernetes\"]",
      "instances": [
        {
          "index_key": "airbnb-dev",
          "schema_version": 0,
          "attributes": {
            "id": "airbnb-dev/postgres-pvc",
            "metadata": [
              {
                "annotations": null,
                "generate_name": "",
                "generation": 0,
                "labels": null,
                "name": "postgres-pvc",
                "namespace": "airbnb-dev",
                "resource_version": "795",
                "uid": "7533337e-209e-4d31-8e3a-44dcbb075955"
              }
            ],
            "spec": [
              {
                "access_modes": [
                  "ReadWriteOnce"
                ],
                "resources": [
                  {
                    "limits": null,
                    "requests": {
                      "storage": "5Gi"
                    }
                  }
                ],
                "selector": [],
                "storage_class_name": "postgres-storage-dev",
                "volume_mode": "Filesystem",
                "volume_name": "pvc-7533337e-209e-4d31-8e3a-44dcbb075955"
              }
            ],
            "timeouts": null,
            "wait_until_bound": true
          },
          "sensitive_attributes": [],
          "identity_schema_version": 0,
          "private": "eyJlMmJmYjczMC1lY2FhLTExZTYtOGY4OC0zNDM2M2JjN2M0YzAiOnsiY3JlYXRlIjozMDAwMDAwMDAwMDB9fQ==",
          "dependencies": [
            "kubernetes_namespace.client_env",
            "kubernetes_storage_class.postgres"
          ]
        }
      ]
    },
    {
      "mode": "managed",
      "type": "kubernetes_secret",
      "name": "postgres",
      "provider": "provider[\"registry.terraform.io/hashicorp/kubernetes\"]",
      "instances": [
        {
          "index_key": "airbnb-dev",
          "schema_version": 0,
          "attributes": {
            "binary_data": null,
            "binary_data_wo": null,
            "binary_data_wo_revision": null,
            "data": {
              "POSTGRES_DB": "odoo",
              "POSTGRES_PASSWORD": "odoo-password-123",
              "POSTGRES_USER": "odoo"
            },
            "data_wo": null,
            "data_wo_revision": null,
            "id": "airbnb-dev/postgres-secret",
            "immutable": false,
            "metadata": [
              {
                "annotations": null,
                "generate_name": "",
                "generation": 0,
                "labels": null,
                "name": "postgres-secret",
                "namespace": "airbnb-dev",
                "resource_version": "786",
                "uid": "d5e573a2-b177-4076-8094-3bed79cec04a"
              }
            ],
            "timeouts": null,
            "type": "Opaque",
            "wait_for_service_account_token": true
          },
          "sensitive_attributes": [
            [
              {
                "type": "get_attr",
                "value": "binary_data"
              }
            ],
            [
              {
                "type": "get_attr",
                "value": "data"
              }
            ],
            [
              {
                "type": "get_attr",
                "value": "data"
              },
              {
                "type": "index",
                "value": {
                  "value": "POSTGRES_PASSWORD",
                  "type": "string"
                }
              }
            ]
          ],
          "identity_schema_version": 1,
          "identity": {
            "api_version": "v1",
            "kind": "Secret",
            "name": "postgres-secret",
            "namespace": "airbnb-dev"
          },
          "private": "eyJlMmJmYjczMC1lY2FhLTExZTYtOGY4OC0zNDM2M2JjN2M0YzAiOnsiY3JlYXRlIjo2MDAwMDAwMDAwMH19",
          "dependencies": [
            "kubernetes_namespace.client_env"
          ]
        }
      ]
    },
    {
      "mode": "managed",
      "type": "kubernetes_storage_class",
      "name": "postgres",
      "provider": "provider[\"registry.terraform.io/hashicorp/kubernetes\"]",
      "instances": [
        {
          "index_key": "airbnb-dev",
          "schema_version": 0,
          "attributes": {
            "allow_volume_expansion": true,
            "allowed_topologies": [],
            "id": "postgres-storage-dev",
            "metadata": [
              {
                "annotations": null,
                "generate_name": "",
                "generation": 0,
                "labels": null,
                "name": "postgres-storage-dev",
                "resource_version": "761",
                "uid": "c4a2e3ed-cb9c-4d1b-9f56-8a0fade107e7"
              }
            ],
            "mount_options": null,
            "parameters": null,
            "reclaim_policy": "Delete",
            "storage_provisioner": "k8s.io/minikube-hostpath",
            "volume_binding_mode": "Immediate"
          },
          "sensitive_attributes": [],
          "identity_schema_version": 0,
          "private": "bnVsbA=="
        }
      ]
    },
    {
      "mode": "managed",
      "type": "minikube_cluster",
      "name": "cluster",
      "provider": "provider[\"registry.terraform.io/scott-the-programmer/minikube\"]",
      "instances": [
        {
          "index_key": "airbnb-dev",
          "schema_version": 0,
          "attributes": {
            "addons": [
              "default-storageclass",
              "ingress",
              "storage-provisioner"
            ],
            "apiserver_ips": [],
            "apiserver_name": "minikubeCA",
            "apiserver_names": [],
            "apiserver_port": 8443,
            "auto_pause_interval": 1,
            "auto_update_drivers": true,
            "base_image": "gcr.io/k8s-minikube/kicbase:v0.0.44@sha256:eb04641328b06c5c4a14f4348470e1046bbcf9c2cbc551486e343d3a49db557e",
            "binary_mirror": null,
            "cache_images": true,
            "cert_expiration": 1576800,
            "client_certificate": "-----BEGIN CERTIFICATE-----\nMIIDITCCAgmgAwIBAgIBAjANBgkqhkiG9w0BAQsFADAVMRMwEQYDVQQDEwptaW5p\na3ViZUNBMB4XDTI2MDExODIxMzgyMVoXDTI5MDExODIxMzgyMVowMTEXMBUGA1UE\nChMOc3lzdGVtOm1hc3RlcnMxFjAUBgNVBAMTDW1pbmlrdWJlLXVzZXIwggEiMA0G\nCSqGSIb3DQEBAQUAA4IBDwAwggEKAoIBAQDpWymvQMe5+jQDjAwz3MrZ/1tiN733\n/k4PxNYqbDQ6bax1ynr4qfNNdOZJPPy6DIa9DpDYxc8MRnobQRLR/gtR6eIOPEd5\njzTRVGaGMkhUFaRVGROJQ9an5hLb1kj46rKxClrgt5Q890b2u4uucKBeK756zg7l\n/e2fKTxGEBxxJGw6YbI4J2+3oybtLeHXpCw822kSMIsjvvL+xrTiE5S8/ziYcQHy\nUP0LQD3sZXJYRY33Inm/NHnOSXqgigHnOCn+Ljzrr8R1TOrPXMLWyrHmw/f+816w\noVuIIpXtB39GSfFywqtilsaJVg/6g2YE8DunYyuQCBPJOZ28exMbe5hRAgMBAAGj\nYDBeMA4GA1UdDwEB/wQEAwIFoDAdBgNVHSUEFjAUBggrBgEFBQcDAQYIKwYBBQUH\nAwIwDAYDVR0TAQH/BAIwADAfBgNVHSMEGDAWgBQTfNNIn+28X9MJJVTCoAA+m6Ra\nHDANBgkqhkiG9w0BAQsFAAOCAQEASZfZohLCefYnqBu3SAT6xmTh969P382WbqPi\na7eCuA4Yup215xY22MuOadZIi9TAwcDDMlPIHkDjuPGMzeFhAXS/52q7oCfSaHmv\nUNfHm9+oKEEGUu+E9QIv84vLLoHmUWrISkmH9thEIUzg3LoKmay6QossKwvVOLfr\nDSHE7NtSQXJa0WfNntPcvlXziPPV2YQ95bg+SOtCbP6Cjdgk+6xdSygl26XuuPOy\nVCUqxZ+iUGPFJlFQbV+reFKjcVhnDgYJHMhx6jkGJqPkYNF6+A6egImzaV5QUYxv\nkJPpAcm1Xm7+3EBgrkATmf/WNo0+raCuRr/GiecHb+j8fCh5eA==\n-----END CERTIFICATE-----\n",
            "client_key": "-----BEGIN RSA PRIVATE KEY-----\nMIIEpQIBAAKCAQEA6Vspr0DHufo0A4wMM9zK2f9bYje99/5OD8TWKmw0Om2sdcp6\n+KnzTXTmSTz8ugyGvQ6Q2MXPDEZ6G0ES0f4LUeniDjxHeY800VRmhjJIVBWkVRkT\niUPWp+YS29ZI+OqysQpa4LeUPPdG9ruLrnCgXiu+es4O5f3tnyk8RhAccSRsOmGy\nOCdvt6Mm7S3h16QsPNtpEjCLI77y/sa04hOUvP84mHEB8lD9C0A97GVyWEWN9yJ5\nvzR5zkl6oIoB5zgp/i4866/EdUzqz1zC1sqx5sP3/vNesKFbiCKV7Qd/RknxcsKr\nYpbGiVYP+oNmBPA7p2MrkAgTyTmdvHsTG3uYUQIDAQABAoIBAHGACbJYC80FSS9A\net7u0Ste7I/FFPz+D/HTh2dy4aRZm7xfE5jG8LQH28pbg4Dqfs6Nux30eFQ8I0AG\nUqUYr2DUJUNPRmR1pvb52jQDWPKs5BUP8VSeTlWzrhCHFU8cuHUr2C/cmplcnIN9\njN73oMis9iS8/LoY2+7CG7LoOy074AxR5x4QQNZva4KeuveDMDodvz8kXEq22auG\nWh97uVbQSXN1VYw3BjOM3vGkZ03lVQrCoUgNU1aaaRyvIAcP462ql6vXlCIW1bNZ\nnLR7MbQ8ZGY0RjGw6zbvmpOy/OtldYSZLD53XL+exvYY5+EoNMRn4C115dBiBvip\np+BoycECgYEA66RrCXwe38ok/5BfqAkdnvutQs2XdUhLoFa2epN+ugQ7b7Qa6hgc\nUYd5MeGH4bu6sJE45z4bxMWmx+kLmQb8sqyjpTKrs2Pg9iS21hfIZ4RzCsDuV7q1\nBJCXiSRcw0hDzSoEROdvCe+4O8xGfftDfvixIuecZUW3jSccuIXKFWUCgYEA/YQu\n2W98YTqvk+UPQ+A1eL+rrlcSnelueA/8ZMr8GIp+Eo4wLZ7NkCf5JCXSuzjjHou5\nvRRuOjjvzJWRhJ0oM5ZuHqBBAcun1mNF53429QisBtManJSoSvQdhoJVeJNyrtpH\nNjNspmkEF6rJHSe14IdGBtDptjzFb1x4mGArLn0CgYEA54+xJ6bzaBNrfEDR33zl\nwN+tiaIjHjunJa9Qru/WbtHN3p1sfXKoEW5BqMTqFOe4M97hvkwIWbupg3X90alO\nFf8U6Tf8BtM1tGyrx4OjiiZcLssc7NUrIYs9fqVfCwAusKSDgXq0YV1S/GBnPVH3\nKAUXfSeBRvvVvj4bOTEwPwkCgYEA3a8kuIZAoVUMC6uVeakpmPkiS0Vgxi1FqD9y\nWUEWyO7x54/mmT3wS0ppFi7s40KPeDp+pNSkvszjBGcV5Hz4loPIr4c60TMhBNuy\nWQeJTyPSKfWXo6xqrYBiASkfTFzDQBsngkHdlHboWTnCu3fqFvizR2qPtAfYLdUS\nr0wI9pECgYEAlA+tcfsJn5P9962ols3YI/jvMa8TLlt+UloyryJzPTDg4yIEbRvF\ngw6dKAD+jPfLiTcrL8xPCJiZWlANSeBJjxbnPEJf55Fe4Z9ZOpDPvmwuJSkIMkE5\nSbansNM1XlcGj0PwvOA119wlH5wXZUpptOlCkfW0/akl6HJoizX9wz0=\n-----END RSA PRIVATE KEY-----\n",
            "cluster_ca_certificate": "-----BEGIN CERTIFICATE-----\nMIIDBjCCAe6gAwIBAgIBATANBgkqhkiG9w0BAQsFADAVMRMwEQYDVQQDEwptaW5p\na3ViZUNBMB4XDTI2MDExODIxMTU0MVoXDTM2MDExNzIxMTU0MVowFTETMBEGA1UE\nAxMKbWluaWt1YmVDQTCCASIwDQYJKoZIhvcNAQEBBQADggEPADCCAQoCggEBAOLJ\nbU2TN0pUtTOmDpgbSmL0QsBKPX2hVUS1ZXu4X8xGbkg65ug2TJ1fBDISmg5uOsyM\nTB6/f3RLT7NnHlwuWPxYsHBxx8b6VNAPtMLf91jZgyMMWnIRyHjEhLvyQOUpZv1T\nJvSriTB9aUu34Vx6jZKCqNYlaEB/2KYapL77TkQFLAG0+7x7SSlrJfVxYEiu8coX\nY1Is/YhHJvl34pO/+Ix97t+UM4WY39aRTAhYak8QcmC7cFUzNl2idhKMrx3HUl4t\ndjvQ1nz+DEJ+yi0/Dewy4T3GoXcflwkPQAhWp7zyWMxAEWB3VRmRvpgUvWLbAuWV\nUgm0hW0ZD09Qm0WQBLcCAwEAAaNhMF8wDgYDVR0PAQH/BAQDAgKkMB0GA1UdJQQW\nMBQGCCsGAQUFBwMCBggrBgEFBQcDATAPBgNVHRMBAf8EBTADAQH/MB0GA1UdDgQW\nBBQTfNNIn+28X9MJJVTCoAA+m6RaHDANBgkqhkiG9w0BAQsFAAOCAQEAZIsArfRl\nhWKC95cYaOvHQwxyJ3LAL+82TWgdEqNpznl1QupNt5pWRTRmthPuf4eSmmtdAstB\nOs1IMbyoOyqqCmU9dUtqv3vlyv2ZoGlblkaih67PyXl/+anCDwaOuYWeNf6ggcZP\nAcXAGKoFniN+ZOaRVCzpOV24MQCiNHndYixYHOROQElQyriGVTz4us1DQcRrqcxS\njltpgH0aHS7F9Xc+kF4n1ofeJ8+KB5HXuFGPcYRA8RnBsZBNlUwyziemfmoOYjJq\nFALEFtH2LieOAkjaiSs9Bxe0+EyuwX2SbgBl79mEx4BCSLcjbcQWaEJHYugei4j/\nJGSLZUuWMeklGA==\n-----END CERTIFICATE-----\n",
            "cluster_name": "airbnb-dev",
            "cni": "",
            "container_runtime": "docker",
            "cpus": 2,
            "cri_socket": "",
            "delete_on_failure": false,
            "disable_driver_mounts": false,
            "disable_metrics": false,
            "disable_optimizations": false,
            "disk_size": "20000mb",
            "dns_domain": "cluster.local",
            "dns_proxy": false,
            "docker_env": null,
            "docker_opt": null,
            "download_only": false,
            "driver": "docker",
            "dry_run": false,
            "embed_certs": false,
            "enable_default_cni": false,
            "extra_config": [],
            "extra_disks": 0,
            "feature_gates": "",
            "force": false,
            "force_systemd": false,
            "gpus": null,
            "ha": false,
            "host": "https://192.168.49.2:8443",
            "host_dns_resolver": true,
            "host_only_cidr": "192.168.59.1/24",
            "host_only_nic_type": "virtio",
            "hyperkit_vpnkit_sock": "",
            "hyperkit_vsock_ports": [],
            "hyperv_external_adapter": "",
            "hyperv_use_external_switch": false,
            "hyperv_virtual_switch": "",
            "id": "airbnb-dev",
            "image_mirror_country": null,
            "image_repository": "",
            "insecure_registry": [],
            "install_addons": true,
            "interactive": true,
            "iso_url": [
              "https://github.com/kubernetes/minikube/releases/download/v1.33.0/minikube-v1.33.0-amd64.iso"
            ],
            "keep_context": false,
            "kubernetes_version": null,
            "kvm_gpu": false,
            "kvm_hidden": false,
            "kvm_network": "default",
            "kvm_numa_count": 1,
            "kvm_qemu_uri": "qemu:///system",
            "listen_address": "",
            "memory": "2048mb",
            "mount": false,
            "mount_9p_version": "9p2000.L",
            "mount_gid": "docker",
            "mount_ip": null,
            "mount_msize": 262144,
            "mount_options": null,
            "mount_port": 0,
            "mount_string": "/home:/minikube-host",
            "mount_type": "9p",
            "mount_uid": "docker",
            "namespace": "default",
            "nat_nic_type": "virtio",
            "native_ssh": true,
            "network": "",
            "network_plugin": null,
            "nfs_share": [],
            "nfs_shares_root": "/nfsshares",
            "no_kubernetes": false,
            "no_vtx_check": false,
            "nodes": 1,
            "output": "text",
            "ports": [],
            "preload": true,
            "qemu_firmware_path": null,
            "registry_mirror": [],
            "service_cluster_ip_range": "10.96.0.0/12",
            "socket_vmnet_client_path": "/usr/local/opt/socket_vmnet/bin/socket_vmnet_client",
            "socket_vmnet_path": "/usr/local/var/run/socket_vmnet",
            "ssh_ip_address": "",
            "ssh_key": "",
            "ssh_port": 22,
            "ssh_user": "root",
            "static_ip": null,
            "subnet": null,
            "trace": null,
            "uuid": "",
            "vm": true,
            "vm_driver": null,
            "wait": null,
            "wait_timeout": 6
          },
          "sensitive_attributes": [
            [
              {
                "type": "get_attr",
                "value": "client_certificate"
              }
            ],
            [
              {
                "type": "get_attr",
                "value": "client_key"
              }
            ],
            [
              {
                "type": "get_attr",
                "value": "cluster_ca_certificate"
              }
            ]
          ],
          "identity_schema_version": 0,
          "private": "bnVsbA=="
        }
      ]
    }
  ],
  "check_results": null
}
