{
  "version": 4,
  "terraform_version": "1.14.3",
  "serial": 68,
  "lineage": "87c03100-e3d8-ef4c-135c-6132c98664c5",
  "outputs": {
    "client_environments": {
      "value": {
        "airbnb-dev": {
          "client": "airbnb",
          "cluster_id": "airbnb-dev",
          "environment": "dev"
        },
        "airbnb-prod": {
          "client": "airbnb",
          "cluster_id": "airbnb-prod",
          "environment": "prod"
        },
        "mcdonalds-beta": {
          "client": "mcdonalds",
          "cluster_id": "mcdonalds-beta",
          "environment": "beta"
        },
        "mcdonalds-dev": {
          "client": "mcdonalds",
          "cluster_id": "mcdonalds-dev",
          "environment": "dev"
        },
        "mcdonalds-prod": {
          "client": "mcdonalds",
          "cluster_id": "mcdonalds-prod",
          "environment": "prod"
        },
        "mcdonalds-qa": {
          "client": "mcdonalds",
          "cluster_id": "mcdonalds-qa",
          "environment": "qa"
        },
        "nike-dev": {
          "client": "nike",
          "cluster_id": "nike-dev",
          "environment": "dev"
        },
        "nike-prod": {
          "client": "nike",
          "cluster_id": "nike-prod",
          "environment": "prod"
        },
        "nike-qa": {
          "client": "nike",
          "cluster_id": "nike-qa",
          "environment": "qa"
        }
      },
      "type": [
        "object",
        {
          "airbnb-dev": [
            "object",
            {
              "client": "string",
              "cluster_id": "string",
              "environment": "string"
            }
          ],
          "airbnb-prod": [
            "object",
            {
              "client": "string",
              "cluster_id": "string",
              "environment": "string"
            }
          ],
          "mcdonalds-beta": [
            "object",
            {
              "client": "string",
              "cluster_id": "string",
              "environment": "string"
            }
          ],
          "mcdonalds-dev": [
            "object",
            {
              "client": "string",
              "cluster_id": "string",
              "environment": "string"
            }
          ],
          "mcdonalds-prod": [
            "object",
            {
              "client": "string",
              "cluster_id": "string",
              "environment": "string"
            }
          ],
          "mcdonalds-qa": [
            "object",
            {
              "client": "string",
              "cluster_id": "string",
              "environment": "string"
            }
          ],
          "nike-dev": [
            "object",
            {
              "client": "string",
              "cluster_id": "string",
              "environment": "string"
            }
          ],
          "nike-prod": [
            "object",
            {
              "client": "string",
              "cluster_id": "string",
              "environment": "string"
            }
          ],
          "nike-qa": [
            "object",
            {
              "client": "string",
              "cluster_id": "string",
              "environment": "string"
            }
          ]
        }
      ]
    },
    "domain_map": {
      "value": {
        "airbnb-dev": "odoo.dev.airbnb.local",
        "airbnb-prod": "odoo.prod.airbnb.local",
        "mcdonalds-beta": "odoo.beta.mcdonalds.local",
        "mcdonalds-dev": "odoo.dev.mcdonalds.local",
        "mcdonalds-prod": "odoo.prod.mcdonalds.local",
        "mcdonalds-qa": "odoo.qa.mcdonalds.local",
        "nike-dev": "odoo.dev.nike.local",
        "nike-prod": "odoo.prod.nike.local",
        "nike-qa": "odoo.qa.nike.local"
      },
      "type": [
        "object",
        {
          "airbnb-dev": "string",
          "airbnb-prod": "string",
          "mcdonalds-beta": "string",
          "mcdonalds-dev": "string",
          "mcdonalds-prod": "string",
          "mcdonalds-qa": "string",
          "nike-dev": "string",
          "nike-prod": "string",
          "nike-qa": "string"
        }
      ]
    },
    "ingress_endpoints": {
      "value": {
        "airbnb-dev": {
          "domain": "odoo.dev.airbnb.local",
          "name": "odoo-ingress",
          "namespace": "airbnb-dev"
        },
        "airbnb-prod": {
          "domain": "odoo.prod.airbnb.local",
          "name": "odoo-ingress",
          "namespace": "airbnb-prod"
        },
        "mcdonalds-beta": {
          "domain": "odoo.beta.mcdonalds.local",
          "name": "odoo-ingress",
          "namespace": "mcdonalds-beta"
        },
        "mcdonalds-dev": {
          "domain": "odoo.dev.mcdonalds.local",
          "name": "odoo-ingress",
          "namespace": "mcdonalds-dev"
        },
        "mcdonalds-prod": {
          "domain": "odoo.prod.mcdonalds.local",
          "name": "odoo-ingress",
          "namespace": "mcdonalds-prod"
        },
        "mcdonalds-qa": {
          "domain": "odoo.qa.mcdonalds.local",
          "name": "odoo-ingress",
          "namespace": "mcdonalds-qa"
        },
        "nike-dev": {
          "domain": "odoo.dev.nike.local",
          "name": "odoo-ingress",
          "namespace": "nike-dev"
        },
        "nike-prod": {
          "domain": "odoo.prod.nike.local",
          "name": "odoo-ingress",
          "namespace": "nike-prod"
        },
        "nike-qa": {
          "domain": "odoo.qa.nike.local",
          "name": "odoo-ingress",
          "namespace": "nike-qa"
        }
      },
      "type": [
        "object",
        {
          "airbnb-dev": [
            "object",
            {
              "domain": "string",
              "name": "string",
              "namespace": "string"
            }
          ],
          "airbnb-prod": [
            "object",
            {
              "domain": "string",
              "name": "string",
              "namespace": "string"
            }
          ],
          "mcdonalds-beta": [
            "object",
            {
              "domain": "string",
              "name": "string",
              "namespace": "string"
            }
          ],
          "mcdonalds-dev": [
            "object",
            {
              "domain": "string",
              "name": "string",
              "namespace": "string"
            }
          ],
          "mcdonalds-prod": [
            "object",
            {
              "domain": "string",
              "name": "string",
              "namespace": "string"
            }
          ],
          "mcdonalds-qa": [
            "object",
            {
              "domain": "string",
              "name": "string",
              "namespace": "string"
            }
          ],
          "nike-dev": [
            "object",
            {
              "domain": "string",
              "name": "string",
              "namespace": "string"
            }
          ],
          "nike-prod": [
            "object",
            {
              "domain": "string",
              "name": "string",
              "namespace": "string"
            }
          ],
          "nike-qa": [
            "object",
            {
              "domain": "string",
              "name": "string",
              "namespace": "string"
            }
          ]
        }
      ]
    },
    "minikube_clusters": {
      "value": {
        "airbnb-dev": {
          "name": "airbnb-dev"
        },
        "airbnb-prod": {
          "name": "airbnb-prod"
        },
        "mcdonalds-beta": {
          "name": "mcdonalds-beta"
        },
        "mcdonalds-dev": {
          "name": "mcdonalds-dev"
        },
        "mcdonalds-prod": {
          "name": "mcdonalds-prod"
        },
        "mcdonalds-qa": {
          "name": "mcdonalds-qa"
        },
        "nike-dev": {
          "name": "nike-dev"
        },
        "nike-prod": {
          "name": "nike-prod"
        },
        "nike-qa": {
          "name": "nike-qa"
        }
      },
      "type": [
        "object",
        {
          "airbnb-dev": [
            "object",
            {
              "name": "string"
            }
          ],
          "airbnb-prod": [
            "object",
            {
              "name": "string"
            }
          ],
          "mcdonalds-beta": [
            "object",
            {
              "name": "string"
            }
          ],
          "mcdonalds-dev": [
            "object",
            {
              "name": "string"
            }
          ],
          "mcdonalds-prod": [
            "object",
            {
              "name": "string"
            }
          ],
          "mcdonalds-qa": [
            "object",
            {
              "name": "string"
            }
          ],
          "nike-dev": [
            "object",
            {
              "name": "string"
            }
          ],
          "nike-prod": [
            "object",
            {
              "name": "string"
            }
          ],
          "nike-qa": [
            "object",
            {
              "name": "string"
            }
          ]
        }
      ]
    },
    "namespaces": {
      "value": {
        "airbnb-dev": "airbnb-dev",
        "airbnb-prod": "airbnb-prod",
        "mcdonalds-beta": "mcdonalds-beta",
        "mcdonalds-dev": "mcdonalds-dev",
        "mcdonalds-prod": "mcdonalds-prod",
        "mcdonalds-qa": "mcdonalds-qa",
        "nike-dev": "nike-dev",
        "nike-prod": "nike-prod",
        "nike-qa": "nike-qa"
      },
      "type": [
        "object",
        {
          "airbnb-dev": "string",
          "airbnb-prod": "string",
          "mcdonalds-beta": "string",
          "mcdonalds-dev": "string",
          "mcdonalds-prod": "string",
          "mcdonalds-qa": "string",
          "nike-dev": "string",
          "nike-prod": "string",
          "nike-qa": "string"
        }
      ]
    },
    "odoo_services": {
      "value": {
        "airbnb-dev": "odoo.airbnb-dev",
        "airbnb-prod": "odoo.airbnb-prod",
        "mcdonalds-beta": "odoo.mcdonalds-beta",
        "mcdonalds-dev": "odoo.mcdonalds-dev",
        "mcdonalds-prod": "odoo.mcdonalds-prod",
        "mcdonalds-qa": "odoo.mcdonalds-qa",
        "nike-dev": "odoo.nike-dev",
        "nike-prod": "odoo.nike-prod",
        "nike-qa": "odoo.nike-qa"
      },
      "type": [
        "object",
        {
          "airbnb-dev": "string",
          "airbnb-prod": "string",
          "mcdonalds-beta": "string",
          "mcdonalds-dev": "string",
          "mcdonalds-prod": "string",
          "mcdonalds-qa": "string",
          "nike-dev": "string",
          "nike-prod": "string",
          "nike-qa": "string"
        }
      ]
    },
    "postgres_services": {
      "value": {
        "airbnb-dev": "postgres",
        "airbnb-prod": "postgres",
        "mcdonalds-beta": "postgres",
        "mcdonalds-dev": "postgres",
        "mcdonalds-prod": "postgres",
        "mcdonalds-qa": "postgres",
        "nike-dev": "postgres",
        "nike-prod": "postgres",
        "nike-qa": "postgres"
      },
      "type": [
        "object",
        {
          "airbnb-dev": "string",
          "airbnb-prod": "string",
          "mcdonalds-beta": "string",
          "mcdonalds-dev": "string",
          "mcdonalds-prod": "string",
          "mcdonalds-qa": "string",
          "nike-dev": "string",
          "nike-prod": "string",
          "nike-qa": "string"
        }
      ]
    }
  },
  "resources": [
    {
      "mode": "managed",
      "type": "kubernetes_config_map",
      "name": "odoo",
      "provider": "provider[\"registry.terraform.io/hashicorp/kubernetes\"]",
      "instances": [
        {
          "index_key": "mcdonalds-dev",
          "schema_version": 0,
          "attributes": {
            "binary_data": null,
            "data": {
              "odoo.conf": "[options]\ndb_host = postgres.mcdonalds-dev.svc.cluster.local\ndb_user = odoo\ndb_password = odoo-password-123\ndb_port = 5432\ndb_name = odoo\naddons_path = /mnt/extra-addons\nadmin_passwd = admin\n"
            },
            "id": "mcdonalds-dev/odoo-config",
            "immutable": false,
            "metadata": [
              {
                "annotations": null,
                "generate_name": "",
                "generation": 0,
                "labels": null,
                "name": "odoo-config",
                "namespace": "mcdonalds-dev",
                "resource_version": "1171",
                "uid": "3eb9cecf-46b1-40d4-91f0-2d7dda0fe390"
              }
            ]
          },
          "sensitive_attributes": [
            [
              {
                "type": "get_attr",
                "value": "data"
              },
              {
                "type": "index",
                "value": {
                  "value": "odoo.conf",
                  "type": "string"
                }
              }
            ]
          ],
          "identity_schema_version": 1,
          "identity": {
            "api_version": "v1",
            "kind": "ConfigMap",
            "name": "odoo-config",
            "namespace": "mcdonalds-dev"
          },
          "private": "bnVsbA==",
          "dependencies": [
            "kubernetes_namespace.client_env"
          ]
        },
        {
          "index_key": "mcdonalds-prod",
          "schema_version": 0,
          "attributes": {
            "binary_data": null,
            "data": {
              "odoo.conf": "[options]\ndb_host = postgres.mcdonalds-prod.svc.cluster.local\ndb_user = odoo\ndb_password = odoo-password-123\ndb_port = 5432\ndb_name = odoo\naddons_path = /mnt/extra-addons\nadmin_passwd = admin\n"
            },
            "id": "mcdonalds-prod/odoo-config",
            "immutable": false,
            "metadata": [
              {
                "annotations": null,
                "generate_name": "",
                "generation": 0,
                "labels": null,
                "name": "odoo-config",
                "namespace": "mcdonalds-prod",
                "resource_version": "1327",
                "uid": "f2c3c0c4-77b6-406d-bd2c-130368687321"
              }
            ]
          },
          "sensitive_attributes": [
            [
              {
                "type": "get_attr",
                "value": "data"
              },
              {
                "type": "index",
                "value": {
                  "value": "odoo.conf",
                  "type": "string"
                }
              }
            ]
          ],
          "identity_schema_version": 1,
          "identity": {
            "api_version": "v1",
            "kind": "ConfigMap",
            "name": "odoo-config",
            "namespace": "mcdonalds-prod"
          },
          "private": "bnVsbA==",
          "dependencies": [
            "kubernetes_namespace.client_env"
          ]
        },
        {
          "index_key": "nike-dev",
          "schema_version": 0,
          "attributes": {
            "binary_data": null,
            "data": {
              "odoo.conf": "[options]\ndb_host = postgres.nike-dev.svc.cluster.local\ndb_user = odoo\ndb_password = odoo-password-123\ndb_port = 5432\ndb_name = odoo\naddons_path = /mnt/extra-addons\nadmin_passwd = admin\n"
            },
            "id": "nike-dev/odoo-config",
            "immutable": false,
            "metadata": [
              {
                "annotations": null,
                "generate_name": "",
                "generation": 0,
                "labels": null,
                "name": "odoo-config",
                "namespace": "nike-dev",
                "resource_version": "1322",
                "uid": "c6bbe473-5a48-41b9-b9dc-0dc8842f8353"
              }
            ]
          },
          "sensitive_attributes": [
            [
              {
                "type": "get_attr",
                "value": "data"
              },
              {
                "type": "index",
                "value": {
                  "value": "odoo.conf",
                  "type": "string"
                }
              }
            ]
          ],
          "identity_schema_version": 1,
          "identity": {
            "api_version": "v1",
            "kind": "ConfigMap",
            "name": "odoo-config",
            "namespace": "nike-dev"
          },
          "private": "bnVsbA==",
          "dependencies": [
            "kubernetes_namespace.client_env"
          ]
        },
        {
          "index_key": "nike-qa",
          "schema_version": 0,
          "attributes": {
            "binary_data": null,
            "data": {
              "odoo.conf": "[options]\ndb_host = postgres.nike-qa.svc.cluster.local\ndb_user = odoo\ndb_password = odoo-password-123\ndb_port = 5432\ndb_name = odoo\naddons_path = /mnt/extra-addons\nadmin_passwd = admin\n"
            },
            "id": "nike-qa/odoo-config",
            "immutable": false,
            "metadata": [
              {
                "annotations": null,
                "generate_name": "",
                "generation": 0,
                "labels": null,
                "name": "odoo-config",
                "namespace": "nike-qa",
                "resource_version": "1324",
                "uid": "023450e6-fee4-4541-afae-0ad8f3c9b917"
              }
            ]
          },
          "sensitive_attributes": [
            [
              {
                "type": "get_attr",
                "value": "data"
              },
              {
                "type": "index",
                "value": {
                  "value": "odoo.conf",
                  "type": "string"
                }
              }
            ]
          ],
          "identity_schema_version": 1,
          "identity": {
            "api_version": "v1",
            "kind": "ConfigMap",
            "name": "odoo-config",
            "namespace": "nike-qa"
          },
          "private": "bnVsbA==",
          "dependencies": [
            "kubernetes_namespace.client_env"
          ]
        }
      ]
    },
    {
      "mode": "managed",
      "type": "kubernetes_deployment",
      "name": "odoo",
      "provider": "provider[\"registry.terraform.io/hashicorp/kubernetes\"]",
      "instances": [
        {
          "index_key": "mcdonalds-dev",
          "status": "tainted",
          "schema_version": 1,
          "attributes": {
            "id": "mcdonalds-dev/odoo",
            "metadata": [
              {
                "annotations": null,
                "generate_name": "",
                "generation": 0,
                "labels": {
                  "app": "odoo"
                },
                "name": "odoo",
                "namespace": "mcdonalds-dev",
                "resource_version": "",
                "uid": ""
              }
            ],
            "spec": [
              {
                "min_ready_seconds": 0,
                "paused": false,
                "progress_deadline_seconds": 600,
                "replicas": "1",
                "revision_history_limit": 10,
                "selector": [
                  {
                    "match_expressions": [],
                    "match_labels": {
                      "app": "odoo"
                    }
                  }
                ],
                "strategy": [],
                "template": [
                  {
                    "metadata": [
                      {
                        "annotations": null,
                        "generate_name": "",
                        "generation": 0,
                        "labels": {
                          "app": "odoo"
                        },
                        "name": "",
                        "namespace": "",
                        "resource_version": "",
                        "uid": ""
                      }
                    ],
                    "spec": [
                      {
                        "active_deadline_seconds": 0,
                        "affinity": [],
                        "automount_service_account_token": true,
                        "container": [
                          {
                            "args": null,
                            "command": null,
                            "env": [
                              {
                                "name": "VIRTUAL_HOST",
                                "value": "odoo.dev.mcdonalds.local",
                                "value_from": []
                              },
                              {
                                "name": "DB_HOST",
                                "value": "postgres.mcdonalds-dev.svc.cluster.local",
                                "value_from": []
                              },
                              {
                                "name": "DB_NAME",
                                "value": "odoo",
                                "value_from": []
                              },
                              {
                                "name": "DB_USER",
                                "value": "odoo",
                                "value_from": []
                              },
                              {
                                "name": "DB_PASSWORD",
                                "value": "odoo-password-123",
                                "value_from": []
                              },
                              {
                                "name": "DB_PORT",
                                "value": "5432",
                                "value_from": []
                              }
                            ],
                            "env_from": [],
                            "image": "odoo:16.0",
                            "image_pull_policy": "",
                            "lifecycle": [],
                            "liveness_probe": [
                              {
                                "exec": [],
                                "failure_threshold": 3,
                                "grpc": [],
                                "http_get": [
                                  {
                                    "host": "",
                                    "http_header": [],
                                    "path": "/",
                                    "port": "8069",
                                    "scheme": "HTTP"
                                  }
                                ],
                                "initial_delay_seconds": 60,
                                "period_seconds": 10,
                                "success_threshold": 1,
                                "tcp_socket": [],
                                "timeout_seconds": 5
                              }
                            ],
                            "name": "odoo",
                            "port": [
                              {
                                "container_port": 8069,
                                "host_ip": "",
                                "host_port": 0,
                                "name": "odoo",
                                "protocol": "TCP"
                              }
                            ],
                            "readiness_probe": [
                              {
                                "exec": [],
                                "failure_threshold": 3,
                                "grpc": [],
                                "http_get": [
                                  {
                                    "host": "",
                                    "http_header": [],
                                    "path": "/",
                                    "port": "8069",
                                    "scheme": "HTTP"
                                  }
                                ],
                                "initial_delay_seconds": 30,
                                "period_seconds": 5,
                                "success_threshold": 1,
                                "tcp_socket": [],
                                "timeout_seconds": 5
                              }
                            ],
                            "resources": [
                              {
                                "limits": {
                                  "cpu": "1000m",
                                  "memory": "1Gi"
                                },
                                "requests": {
                                  "cpu": "100m",
                                  "memory": "512Mi"
                                }
                              }
                            ],
                            "security_context": [],
                            "startup_probe": [],
                            "stdin": false,
                            "stdin_once": false,
                            "termination_message_path": "/dev/termination-log",
                            "termination_message_policy": "",
                            "tty": false,
                            "volume_device": [],
                            "volume_mount": [],
                            "working_dir": ""
                          }
                        ],
                        "dns_config": [],
                        "dns_policy": "ClusterFirst",
                        "enable_service_links": true,
                        "host_aliases": [],
                        "host_ipc": false,
                        "host_network": false,
                        "host_pid": false,
                        "hostname": "",
                        "image_pull_secrets": [],
                        "init_container": [
                          {
                            "args": null,
                            "command": [
                              "sh",
                              "-c",
                              "until nc -z postgres.mcdonalds-dev.svc.cluster.local 5432; do echo waiting for db; sleep 2; done"
                            ],
                            "env": [],
                            "env_from": [],
                            "image": "busybox:1.28",
                            "image_pull_policy": "",
                            "lifecycle": [],
                            "liveness_probe": [],
                            "name": "wait-for-db",
                            "port": [],
                            "readiness_probe": [],
                            "resources": [],
                            "security_context": [],
                            "startup_probe": [],
                            "stdin": false,
                            "stdin_once": false,
                            "termination_message_path": "/dev/termination-log",
                            "termination_message_policy": "",
                            "tty": false,
                            "volume_device": [],
                            "volume_mount": [],
                            "working_dir": ""
                          }
                        ],
                        "node_name": "",
                        "node_selector": null,
                        "os": [],
                        "priority_class_name": "",
                        "readiness_gate": [],
                        "restart_policy": "Always",
                        "runtime_class_name": "",
                        "scheduler_name": "",
                        "security_context": [],
                        "service_account_name": "",
                        "share_process_namespace": false,
                        "subdomain": "",
                        "termination_grace_period_seconds": 30,
                        "toleration": [],
                        "topology_spread_constraint": [],
                        "volume": []
                      }
                    ]
                  }
                ]
              }
            ],
            "timeouts": null,
            "wait_for_rollout": true
          },
          "sensitive_attributes": [
            [
              {
                "type": "get_attr",
                "value": "spec"
              },
              {
                "type": "index",
                "value": {
                  "value": 0,
                  "type": "number"
                }
              },
              {
                "type": "get_attr",
                "value": "template"
              },
              {
                "type": "index",
                "value": {
                  "value": 0,
                  "type": "number"
                }
              },
              {
                "type": "get_attr",
                "value": "spec"
              },
              {
                "type": "index",
                "value": {
                  "value": 0,
                  "type": "number"
                }
              },
              {
                "type": "get_attr",
                "value": "container"
              },
              {
                "type": "index",
                "value": {
                  "value": 0,
                  "type": "number"
                }
              },
              {
                "type": "get_attr",
                "value": "env"
              },
              {
                "type": "index",
                "value": {
                  "value": 4,
                  "type": "number"
                }
              },
              {
                "type": "get_attr",
                "value": "value"
              }
            ]
          ],
          "identity_schema_version": 1,
          "identity": {
            "api_version": null,
            "kind": null,
            "name": null,
            "namespace": null
          },
          "private": "eyJlMmJmYjczMC1lY2FhLTExZTYtOGY4OC0zNDM2M2JjN2M0YzAiOnsiY3JlYXRlIjo2MDAwMDAwMDAwMDAsImRlbGV0ZSI6NjAwMDAwMDAwMDAwLCJ1cGRhdGUiOjYwMDAwMDAwMDAwMH0sInNjaGVtYV92ZXJzaW9uIjoiMSJ9",
          "dependencies": [
            "kubernetes_namespace.client_env"
          ]
        },
        {
          "index_key": "mcdonalds-prod",
          "status": "tainted",
          "schema_version": 1,
          "attributes": {
            "id": "mcdonalds-prod/odoo",
            "metadata": [
              {
                "annotations": null,
                "generate_name": "",
                "generation": 0,
                "labels": {
                  "app": "odoo"
                },
                "name": "odoo",
                "namespace": "mcdonalds-prod",
                "resource_version": "",
                "uid": ""
              }
            ],
            "spec": [
              {
                "min_ready_seconds": 0,
                "paused": false,
                "progress_deadline_seconds": 600,
                "replicas": "1",
                "revision_history_limit": 10,
                "selector": [
                  {
                    "match_expressions": [],
                    "match_labels": {
                      "app": "odoo"
                    }
                  }
                ],
                "strategy": [],
                "template": [
                  {
                    "metadata": [
                      {
                        "annotations": null,
                        "generate_name": "",
                        "generation": 0,
                        "labels": {
                          "app": "odoo"
                        },
                        "name": "",
                        "namespace": "",
                        "resource_version": "",
                        "uid": ""
                      }
                    ],
                    "spec": [
                      {
                        "active_deadline_seconds": 0,
                        "affinity": [],
                        "automount_service_account_token": true,
                        "container": [
                          {
                            "args": null,
                            "command": null,
                            "env": [
                              {
                                "name": "VIRTUAL_HOST",
                                "value": "odoo.prod.mcdonalds.local",
                                "value_from": []
                              },
                              {
                                "name": "DB_HOST",
                                "value": "postgres.mcdonalds-prod.svc.cluster.local",
                                "value_from": []
                              },
                              {
                                "name": "DB_NAME",
                                "value": "odoo",
                                "value_from": []
                              },
                              {
                                "name": "DB_USER",
                                "value": "odoo",
                                "value_from": []
                              },
                              {
                                "name": "DB_PASSWORD",
                                "value": "odoo-password-123",
                                "value_from": []
                              },
                              {
                                "name": "DB_PORT",
                                "value": "5432",
                                "value_from": []
                              }
                            ],
                            "env_from": [],
                            "image": "odoo:16.0",
                            "image_pull_policy": "",
                            "lifecycle": [],
                            "liveness_probe": [
                              {
                                "exec": [],
                                "failure_threshold": 3,
                                "grpc": [],
                                "http_get": [
                                  {
                                    "host": "",
                                    "http_header": [],
                                    "path": "/",
                                    "port": "8069",
                                    "scheme": "HTTP"
                                  }
                                ],
                                "initial_delay_seconds": 60,
                                "period_seconds": 10,
                                "success_threshold": 1,
                                "tcp_socket": [],
                                "timeout_seconds": 5
                              }
                            ],
                            "name": "odoo",
                            "port": [
                              {
                                "container_port": 8069,
                                "host_ip": "",
                                "host_port": 0,
                                "name": "odoo",
                                "protocol": "TCP"
                              }
                            ],
                            "readiness_probe": [
                              {
                                "exec": [],
                                "failure_threshold": 3,
                                "grpc": [],
                                "http_get": [
                                  {
                                    "host": "",
                                    "http_header": [],
                                    "path": "/",
                                    "port": "8069",
                                    "scheme": "HTTP"
                                  }
                                ],
                                "initial_delay_seconds": 30,
                                "period_seconds": 5,
                                "success_threshold": 1,
                                "tcp_socket": [],
                                "timeout_seconds": 5
                              }
                            ],
                            "resources": [
                              {
                                "limits": {
                                  "cpu": "1000m",
                                  "memory": "1Gi"
                                },
                                "requests": {
                                  "cpu": "100m",
                                  "memory": "512Mi"
                                }
                              }
                            ],
                            "security_context": [],
                            "startup_probe": [],
                            "stdin": false,
                            "stdin_once": false,
                            "termination_message_path": "/dev/termination-log",
                            "termination_message_policy": "",
                            "tty": false,
                            "volume_device": [],
                            "volume_mount": [],
                            "working_dir": ""
                          }
                        ],
                        "dns_config": [],
                        "dns_policy": "ClusterFirst",
                        "enable_service_links": true,
                        "host_aliases": [],
                        "host_ipc": false,
                        "host_network": false,
                        "host_pid": false,
                        "hostname": "",
                        "image_pull_secrets": [],
                        "init_container": [
                          {
                            "args": null,
                            "command": [
                              "sh",
                              "-c",
                              "until nc -z postgres.mcdonalds-prod.svc.cluster.local 5432; do echo waiting for db; sleep 2; done"
                            ],
                            "env": [],
                            "env_from": [],
                            "image": "busybox:1.28",
                            "image_pull_policy": "",
                            "lifecycle": [],
                            "liveness_probe": [],
                            "name": "wait-for-db",
                            "port": [],
                            "readiness_probe": [],
                            "resources": [],
                            "security_context": [],
                            "startup_probe": [],
                            "stdin": false,
                            "stdin_once": false,
                            "termination_message_path": "/dev/termination-log",
                            "termination_message_policy": "",
                            "tty": false,
                            "volume_device": [],
                            "volume_mount": [],
                            "working_dir": ""
                          }
                        ],
                        "node_name": "",
                        "node_selector": null,
                        "os": [],
                        "priority_class_name": "",
                        "readiness_gate": [],
                        "restart_policy": "Always",
                        "runtime_class_name": "",
                        "scheduler_name": "",
                        "security_context": [],
                        "service_account_name": "",
                        "share_process_namespace": false,
                        "subdomain": "",
                        "termination_grace_period_seconds": 30,
                        "toleration": [],
                        "topology_spread_constraint": [],
                        "volume": []
                      }
                    ]
                  }
                ]
              }
            ],
            "timeouts": null,
            "wait_for_rollout": true
          },
          "sensitive_attributes": [
            [
              {
                "type": "get_attr",
                "value": "spec"
              },
              {
                "type": "index",
                "value": {
                  "value": 0,
                  "type": "number"
                }
              },
              {
                "type": "get_attr",
                "value": "template"
              },
              {
                "type": "index",
                "value": {
                  "value": 0,
                  "type": "number"
                }
              },
              {
                "type": "get_attr",
                "value": "spec"
              },
              {
                "type": "index",
                "value": {
                  "value": 0,
                  "type": "number"
                }
              },
              {
                "type": "get_attr",
                "value": "container"
              },
              {
                "type": "index",
                "value": {
                  "value": 0,
                  "type": "number"
                }
              },
              {
                "type": "get_attr",
                "value": "env"
              },
              {
                "type": "index",
                "value": {
                  "value": 4,
                  "type": "number"
                }
              },
              {
                "type": "get_attr",
                "value": "value"
              }
            ]
          ],
          "identity_schema_version": 1,
          "identity": {
            "api_version": null,
            "kind": null,
            "name": null,
            "namespace": null
          },
          "private": "eyJlMmJmYjczMC1lY2FhLTExZTYtOGY4OC0zNDM2M2JjN2M0YzAiOnsiY3JlYXRlIjo2MDAwMDAwMDAwMDAsImRlbGV0ZSI6NjAwMDAwMDAwMDAwLCJ1cGRhdGUiOjYwMDAwMDAwMDAwMH0sInNjaGVtYV92ZXJzaW9uIjoiMSJ9",
          "dependencies": [
            "kubernetes_namespace.client_env"
          ]
        },
        {
          "index_key": "nike-dev",
          "status": "tainted",
          "schema_version": 1,
          "attributes": {
            "id": "nike-dev/odoo",
            "metadata": [
              {
                "annotations": null,
                "generate_name": "",
                "generation": 0,
                "labels": {
                  "app": "odoo"
                },
                "name": "odoo",
                "namespace": "nike-dev",
                "resource_version": "",
                "uid": ""
              }
            ],
            "spec": [
              {
                "min_ready_seconds": 0,
                "paused": false,
                "progress_deadline_seconds": 600,
                "replicas": "1",
                "revision_history_limit": 10,
                "selector": [
                  {
                    "match_expressions": [],
                    "match_labels": {
                      "app": "odoo"
                    }
                  }
                ],
                "strategy": [],
                "template": [
                  {
                    "metadata": [
                      {
                        "annotations": null,
                        "generate_name": "",
                        "generation": 0,
                        "labels": {
                          "app": "odoo"
                        },
                        "name": "",
                        "namespace": "",
                        "resource_version": "",
                        "uid": ""
                      }
                    ],
                    "spec": [
                      {
                        "active_deadline_seconds": 0,
                        "affinity": [],
                        "automount_service_account_token": true,
                        "container": [
                          {
                            "args": null,
                            "command": null,
                            "env": [
                              {
                                "name": "VIRTUAL_HOST",
                                "value": "odoo.dev.nike.local",
                                "value_from": []
                              },
                              {
                                "name": "DB_HOST",
                                "value": "postgres.nike-dev.svc.cluster.local",
                                "value_from": []
                              },
                              {
                                "name": "DB_NAME",
                                "value": "odoo",
                                "value_from": []
                              },
                              {
                                "name": "DB_USER",
                                "value": "odoo",
                                "value_from": []
                              },
                              {
                                "name": "DB_PASSWORD",
                                "value": "odoo-password-123",
                                "value_from": []
                              },
                              {
                                "name": "DB_PORT",
                                "value": "5432",
                                "value_from": []
                              }
                            ],
                            "env_from": [],
                            "image": "odoo:16.0",
                            "image_pull_policy": "",
                            "lifecycle": [],
                            "liveness_probe": [
                              {
                                "exec": [],
                                "failure_threshold": 3,
                                "grpc": [],
                                "http_get": [
                                  {
                                    "host": "",
                                    "http_header": [],
                                    "path": "/",
                                    "port": "8069",
                                    "scheme": "HTTP"
                                  }
                                ],
                                "initial_delay_seconds": 60,
                                "period_seconds": 10,
                                "success_threshold": 1,
                                "tcp_socket": [],
                                "timeout_seconds": 5
                              }
                            ],
                            "name": "odoo",
                            "port": [
                              {
                                "container_port": 8069,
                                "host_ip": "",
                                "host_port": 0,
                                "name": "odoo",
                                "protocol": "TCP"
                              }
                            ],
                            "readiness_probe": [
                              {
                                "exec": [],
                                "failure_threshold": 3,
                                "grpc": [],
                                "http_get": [
                                  {
                                    "host": "",
                                    "http_header": [],
                                    "path": "/",
                                    "port": "8069",
                                    "scheme": "HTTP"
                                  }
                                ],
                                "initial_delay_seconds": 30,
                                "period_seconds": 5,
                                "success_threshold": 1,
                                "tcp_socket": [],
                                "timeout_seconds": 5
                              }
                            ],
                            "resources": [
                              {
                                "limits": {
                                  "cpu": "1000m",
                                  "memory": "1Gi"
                                },
                                "requests": {
                                  "cpu": "100m",
                                  "memory": "512Mi"
                                }
                              }
                            ],
                            "security_context": [],
                            "startup_probe": [],
                            "stdin": false,
                            "stdin_once": false,
                            "termination_message_path": "/dev/termination-log",
                            "termination_message_policy": "",
                            "tty": false,
                            "volume_device": [],
                            "volume_mount": [],
                            "working_dir": ""
                          }
                        ],
                        "dns_config": [],
                        "dns_policy": "ClusterFirst",
                        "enable_service_links": true,
                        "host_aliases": [],
                        "host_ipc": false,
                        "host_network": false,
                        "host_pid": false,
                        "hostname": "",
                        "image_pull_secrets": [],
                        "init_container": [
                          {
                            "args": null,
                            "command": [
                              "sh",
                              "-c",
                              "until nc -z postgres.nike-dev.svc.cluster.local 5432; do echo waiting for db; sleep 2; done"
                            ],
                            "env": [],
                            "env_from": [],
                            "image": "busybox:1.28",
                            "image_pull_policy": "",
                            "lifecycle": [],
                            "liveness_probe": [],
                            "name": "wait-for-db",
                            "port": [],
                            "readiness_probe": [],
                            "resources": [],
                            "security_context": [],
                            "startup_probe": [],
                            "stdin": false,
                            "stdin_once": false,
                            "termination_message_path": "/dev/termination-log",
                            "termination_message_policy": "",
                            "tty": false,
                            "volume_device": [],
                            "volume_mount": [],
                            "working_dir": ""
                          }
                        ],
                        "node_name": "",
                        "node_selector": null,
                        "os": [],
                        "priority_class_name": "",
                        "readiness_gate": [],
                        "restart_policy": "Always",
                        "runtime_class_name": "",
                        "scheduler_name": "",
                        "security_context": [],
                        "service_account_name": "",
                        "share_process_namespace": false,
                        "subdomain": "",
                        "termination_grace_period_seconds": 30,
                        "toleration": [],
                        "topology_spread_constraint": [],
                        "volume": []
                      }
                    ]
                  }
                ]
              }
            ],
            "timeouts": null,
            "wait_for_rollout": true
          },
          "sensitive_attributes": [
            [
              {
                "type": "get_attr",
                "value": "spec"
              },
              {
                "type": "index",
                "value": {
                  "value": 0,
                  "type": "number"
                }
              },
              {
                "type": "get_attr",
                "value": "template"
              },
              {
                "type": "index",
                "value": {
                  "value": 0,
                  "type": "number"
                }
              },
              {
                "type": "get_attr",
                "value": "spec"
              },
              {
                "type": "index",
                "value": {
                  "value": 0,
                  "type": "number"
                }
              },
              {
                "type": "get_attr",
                "value": "container"
              },
              {
                "type": "index",
                "value": {
                  "value": 0,
                  "type": "number"
                }
              },
              {
                "type": "get_attr",
                "value": "env"
              },
              {
                "type": "index",
                "value": {
                  "value": 4,
                  "type": "number"
                }
              },
              {
                "type": "get_attr",
                "value": "value"
              }
            ]
          ],
          "identity_schema_version": 1,
          "identity": {
            "api_version": null,
            "kind": null,
            "name": null,
            "namespace": null
          },
          "private": "eyJlMmJmYjczMC1lY2FhLTExZTYtOGY4OC0zNDM2M2JjN2M0YzAiOnsiY3JlYXRlIjo2MDAwMDAwMDAwMDAsImRlbGV0ZSI6NjAwMDAwMDAwMDAwLCJ1cGRhdGUiOjYwMDAwMDAwMDAwMH0sInNjaGVtYV92ZXJzaW9uIjoiMSJ9",
          "dependencies": [
            "kubernetes_namespace.client_env"
          ]
        },
        {
          "index_key": "nike-prod",
          "status": "tainted",
          "schema_version": 1,
          "attributes": {
            "id": "nike-prod/odoo",
            "metadata": [
              {
                "annotations": null,
                "generate_name": "",
                "generation": 0,
                "labels": {
                  "app": "odoo"
                },
                "name": "odoo",
                "namespace": "nike-prod",
                "resource_version": "",
                "uid": ""
              }
            ],
            "spec": [
              {
                "min_ready_seconds": 0,
                "paused": false,
                "progress_deadline_seconds": 600,
                "replicas": "1",
                "revision_history_limit": 10,
                "selector": [
                  {
                    "match_expressions": [],
                    "match_labels": {
                      "app": "odoo"
                    }
                  }
                ],
                "strategy": [],
                "template": [
                  {
                    "metadata": [
                      {
                        "annotations": null,
                        "generate_name": "",
                        "generation": 0,
                        "labels": {
                          "app": "odoo"
                        },
                        "name": "",
                        "namespace": "",
                        "resource_version": "",
                        "uid": ""
                      }
                    ],
                    "spec": [
                      {
                        "active_deadline_seconds": 0,
                        "affinity": [],
                        "automount_service_account_token": true,
                        "container": [
                          {
                            "args": null,
                            "command": null,
                            "env": [
                              {
                                "name": "VIRTUAL_HOST",
                                "value": "odoo.prod.nike.local",
                                "value_from": []
                              },
                              {
                                "name": "DB_HOST",
                                "value": "postgres.nike-prod.svc.cluster.local",
                                "value_from": []
                              },
                              {
                                "name": "DB_NAME",
                                "value": "odoo",
                                "value_from": []
                              },
                              {
                                "name": "DB_USER",
                                "value": "odoo",
                                "value_from": []
                              },
                              {
                                "name": "DB_PASSWORD",
                                "value": "odoo-password-123",
                                "value_from": []
                              },
                              {
                                "name": "DB_PORT",
                                "value": "5432",
                                "value_from": []
                              }
                            ],
                            "env_from": [],
                            "image": "odoo:16.0",
                            "image_pull_policy": "",
                            "lifecycle": [],
                            "liveness_probe": [
                              {
                                "exec": [],
                                "failure_threshold": 3,
                                "grpc": [],
                                "http_get": [
                                  {
                                    "host": "",
                                    "http_header": [],
                                    "path": "/",
                                    "port": "8069",
                                    "scheme": "HTTP"
                                  }
                                ],
                                "initial_delay_seconds": 60,
                                "period_seconds": 10,
                                "success_threshold": 1,
                                "tcp_socket": [],
                                "timeout_seconds": 5
                              }
                            ],
                            "name": "odoo",
                            "port": [
                              {
                                "container_port": 8069,
                                "host_ip": "",
                                "host_port": 0,
                                "name": "odoo",
                                "protocol": "TCP"
                              }
                            ],
                            "readiness_probe": [
                              {
                                "exec": [],
                                "failure_threshold": 3,
                                "grpc": [],
                                "http_get": [
                                  {
                                    "host": "",
                                    "http_header": [],
                                    "path": "/",
                                    "port": "8069",
                                    "scheme": "HTTP"
                                  }
                                ],
                                "initial_delay_seconds": 30,
                                "period_seconds": 5,
                                "success_threshold": 1,
                                "tcp_socket": [],
                                "timeout_seconds": 5
                              }
                            ],
                            "resources": [
                              {
                                "limits": {
                                  "cpu": "1000m",
                                  "memory": "1Gi"
                                },
                                "requests": {
                                  "cpu": "100m",
                                  "memory": "512Mi"
                                }
                              }
                            ],
                            "security_context": [],
                            "startup_probe": [],
                            "stdin": false,
                            "stdin_once": false,
                            "termination_message_path": "/dev/termination-log",
                            "termination_message_policy": "",
                            "tty": false,
                            "volume_device": [],
                            "volume_mount": [],
                            "working_dir": ""
                          }
                        ],
                        "dns_config": [],
                        "dns_policy": "ClusterFirst",
                        "enable_service_links": true,
                        "host_aliases": [],
                        "host_ipc": false,
                        "host_network": false,
                        "host_pid": false,
                        "hostname": "",
                        "image_pull_secrets": [],
                        "init_container": [
                          {
                            "args": null,
                            "command": [
                              "sh",
                              "-c",
                              "until nc -z postgres.nike-prod.svc.cluster.local 5432; do echo waiting for db; sleep 2; done"
                            ],
                            "env": [],
                            "env_from": [],
                            "image": "busybox:1.28",
                            "image_pull_policy": "",
                            "lifecycle": [],
                            "liveness_probe": [],
                            "name": "wait-for-db",
                            "port": [],
                            "readiness_probe": [],
                            "resources": [],
                            "security_context": [],
                            "startup_probe": [],
                            "stdin": false,
                            "stdin_once": false,
                            "termination_message_path": "/dev/termination-log",
                            "termination_message_policy": "",
                            "tty": false,
                            "volume_device": [],
                            "volume_mount": [],
                            "working_dir": ""
                          }
                        ],
                        "node_name": "",
                        "node_selector": null,
                        "os": [],
                        "priority_class_name": "",
                        "readiness_gate": [],
                        "restart_policy": "Always",
                        "runtime_class_name": "",
                        "scheduler_name": "",
                        "security_context": [],
                        "service_account_name": "",
                        "share_process_namespace": false,
                        "subdomain": "",
                        "termination_grace_period_seconds": 30,
                        "toleration": [],
                        "topology_spread_constraint": [],
                        "volume": []
                      }
                    ]
                  }
                ]
              }
            ],
            "timeouts": null,
            "wait_for_rollout": true
          },
          "sensitive_attributes": [
            [
              {
                "type": "get_attr",
                "value": "spec"
              },
              {
                "type": "index",
                "value": {
                  "value": 0,
                  "type": "number"
                }
              },
              {
                "type": "get_attr",
                "value": "template"
              },
              {
                "type": "index",
                "value": {
                  "value": 0,
                  "type": "number"
                }
              },
              {
                "type": "get_attr",
                "value": "spec"
              },
              {
                "type": "index",
                "value": {
                  "value": 0,
                  "type": "number"
                }
              },
              {
                "type": "get_attr",
                "value": "container"
              },
              {
                "type": "index",
                "value": {
                  "value": 0,
                  "type": "number"
                }
              },
              {
                "type": "get_attr",
                "value": "env"
              },
              {
                "type": "index",
                "value": {
                  "value": 4,
                  "type": "number"
                }
              },
              {
                "type": "get_attr",
                "value": "value"
              }
            ]
          ],
          "identity_schema_version": 1,
          "identity": {
            "api_version": null,
            "kind": null,
            "name": null,
            "namespace": null
          },
          "private": "eyJlMmJmYjczMC1lY2FhLTExZTYtOGY4OC0zNDM2M2JjN2M0YzAiOnsiY3JlYXRlIjo2MDAwMDAwMDAwMDAsImRlbGV0ZSI6NjAwMDAwMDAwMDAwLCJ1cGRhdGUiOjYwMDAwMDAwMDAwMH0sInNjaGVtYV92ZXJzaW9uIjoiMSJ9",
          "dependencies": [
            "kubernetes_namespace.client_env"
          ]
        },
        {
          "index_key": "nike-qa",
          "status": "tainted",
          "schema_version": 1,
          "attributes": {
            "id": "nike-qa/odoo",
            "metadata": [
              {
                "annotations": null,
                "generate_name": "",
                "generation": 0,
                "labels": {
                  "app": "odoo"
                },
                "name": "odoo",
                "namespace": "nike-qa",
                "resource_version": "",
                "uid": ""
              }
            ],
            "spec": [
              {
                "min_ready_seconds": 0,
                "paused": false,
                "progress_deadline_seconds": 600,
                "replicas": "1",
                "revision_history_limit": 10,
                "selector": [
                  {
                    "match_expressions": [],
                    "match_labels": {
                      "app": "odoo"
                    }
                  }
                ],
                "strategy": [],
                "template": [
                  {
                    "metadata": [
                      {
                        "annotations": null,
                        "generate_name": "",
                        "generation": 0,
                        "labels": {
                          "app": "odoo"
                        },
                        "name": "",
                        "namespace": "",
                        "resource_version": "",
                        "uid": ""
                      }
                    ],
                    "spec": [
                      {
                        "active_deadline_seconds": 0,
                        "affinity": [],
                        "automount_service_account_token": true,
                        "container": [
                          {
                            "args": null,
                            "command": null,
                            "env": [
                              {
                                "name": "VIRTUAL_HOST",
                                "value": "odoo.qa.nike.local",
                                "value_from": []
                              },
                              {
                                "name": "DB_HOST",
                                "value": "postgres.nike-qa.svc.cluster.local",
                                "value_from": []
                              },
                              {
                                "name": "DB_NAME",
                                "value": "odoo",
                                "value_from": []
                              },
                              {
                                "name": "DB_USER",
                                "value": "odoo",
                                "value_from": []
                              },
                              {
                                "name": "DB_PASSWORD",
                                "value": "odoo-password-123",
                                "value_from": []
                              },
                              {
                                "name": "DB_PORT",
                                "value": "5432",
                                "value_from": []
                              }
                            ],
                            "env_from": [],
                            "image": "odoo:16.0",
                            "image_pull_policy": "",
                            "lifecycle": [],
                            "liveness_probe": [
                              {
                                "exec": [],
                                "failure_threshold": 3,
                                "grpc": [],
                                "http_get": [
                                  {
                                    "host": "",
                                    "http_header": [],
                                    "path": "/",
                                    "port": "8069",
                                    "scheme": "HTTP"
                                  }
                                ],
                                "initial_delay_seconds": 60,
                                "period_seconds": 10,
                                "success_threshold": 1,
                                "tcp_socket": [],
                                "timeout_seconds": 5
                              }
                            ],
                            "name": "odoo",
                            "port": [
                              {
                                "container_port": 8069,
                                "host_ip": "",
                                "host_port": 0,
                                "name": "odoo",
                                "protocol": "TCP"
                              }
                            ],
                            "readiness_probe": [
                              {
                                "exec": [],
                                "failure_threshold": 3,
                                "grpc": [],
                                "http_get": [
                                  {
                                    "host": "",
                                    "http_header": [],
                                    "path": "/",
                                    "port": "8069",
                                    "scheme": "HTTP"
                                  }
                                ],
                                "initial_delay_seconds": 30,
                                "period_seconds": 5,
                                "success_threshold": 1,
                                "tcp_socket": [],
                                "timeout_seconds": 5
                              }
                            ],
                            "resources": [
                              {
                                "limits": {
                                  "cpu": "1000m",
                                  "memory": "1Gi"
                                },
                                "requests": {
                                  "cpu": "100m",
                                  "memory": "512Mi"
                                }
                              }
                            ],
                            "security_context": [],
                            "startup_probe": [],
                            "stdin": false,
                            "stdin_once": false,
                            "termination_message_path": "/dev/termination-log",
                            "termination_message_policy": "",
                            "tty": false,
                            "volume_device": [],
                            "volume_mount": [],
                            "working_dir": ""
                          }
                        ],
                        "dns_config": [],
                        "dns_policy": "ClusterFirst",
                        "enable_service_links": true,
                        "host_aliases": [],
                        "host_ipc": false,
                        "host_network": false,
                        "host_pid": false,
                        "hostname": "",
                        "image_pull_secrets": [],
                        "init_container": [
                          {
                            "args": null,
                            "command": [
                              "sh",
                              "-c",
                              "until nc -z postgres.nike-qa.svc.cluster.local 5432; do echo waiting for db; sleep 2; done"
                            ],
                            "env": [],
                            "env_from": [],
                            "image": "busybox:1.28",
                            "image_pull_policy": "",
                            "lifecycle": [],
                            "liveness_probe": [],
                            "name": "wait-for-db",
                            "port": [],
                            "readiness_probe": [],
                            "resources": [],
                            "security_context": [],
                            "startup_probe": [],
                            "stdin": false,
                            "stdin_once": false,
                            "termination_message_path": "/dev/termination-log",
                            "termination_message_policy": "",
                            "tty": false,
                            "volume_device": [],
                            "volume_mount": [],
                            "working_dir": ""
                          }
                        ],
                        "node_name": "",
                        "node_selector": null,
                        "os": [],
                        "priority_class_name": "",
                        "readiness_gate": [],
                        "restart_policy": "Always",
                        "runtime_class_name": "",
                        "scheduler_name": "",
                        "security_context": [],
                        "service_account_name": "",
                        "share_process_namespace": false,
                        "subdomain": "",
                        "termination_grace_period_seconds": 30,
                        "toleration": [],
                        "topology_spread_constraint": [],
                        "volume": []
                      }
                    ]
                  }
                ]
              }
            ],
            "timeouts": null,
            "wait_for_rollout": true
          },
          "sensitive_attributes": [
            [
              {
                "type": "get_attr",
                "value": "spec"
              },
              {
                "type": "index",
                "value": {
                  "value": 0,
                  "type": "number"
                }
              },
              {
                "type": "get_attr",
                "value": "template"
              },
              {
                "type": "index",
                "value": {
                  "value": 0,
                  "type": "number"
                }
              },
              {
                "type": "get_attr",
                "value": "spec"
              },
              {
                "type": "index",
                "value": {
                  "value": 0,
                  "type": "number"
                }
              },
              {
                "type": "get_attr",
                "value": "container"
              },
              {
                "type": "index",
                "value": {
                  "value": 0,
                  "type": "number"
                }
              },
              {
                "type": "get_attr",
                "value": "env"
              },
              {
                "type": "index",
                "value": {
                  "value": 4,
                  "type": "number"
                }
              },
              {
                "type": "get_attr",
                "value": "value"
              }
            ]
          ],
          "identity_schema_version": 1,
          "identity": {
            "api_version": null,
            "kind": null,
            "name": null,
            "namespace": null
          },
          "private": "eyJlMmJmYjczMC1lY2FhLTExZTYtOGY4OC0zNDM2M2JjN2M0YzAiOnsiY3JlYXRlIjo2MDAwMDAwMDAwMDAsImRlbGV0ZSI6NjAwMDAwMDAwMDAwLCJ1cGRhdGUiOjYwMDAwMDAwMDAwMH0sInNjaGVtYV92ZXJzaW9uIjoiMSJ9",
          "dependencies": [
            "kubernetes_namespace.client_env"
          ]
        }
      ]
    },
    {
      "mode": "managed",
      "type": "kubernetes_namespace",
      "name": "client_env",
      "provider": "provider[\"registry.terraform.io/hashicorp/kubernetes\"]",
      "instances": [
        {
          "index_key": "airbnb-dev",
          "schema_version": 0,
          "attributes": {
            "id": "airbnb-dev",
            "metadata": [
              {
                "annotations": {},
                "generate_name": "",
                "generation": 0,
                "labels": {
                  "client": "airbnb",
                  "environment": "dev",
                  "managed_by": "terraform"
                },
                "name": "airbnb-dev",
                "resource_version": "736",
                "uid": "0d606ab0-28b8-40f2-bb28-6bfa7da95eeb"
              }
            ],
            "timeouts": null,
            "wait_for_default_service_account": false
          },
          "sensitive_attributes": [],
          "identity_schema_version": 1,
          "identity": {
            "api_version": "v1",
            "kind": "Namespace",
            "name": "airbnb-dev"
          },
          "private": "eyJlMmJmYjczMC1lY2FhLTExZTYtOGY4OC0zNDM2M2JjN2M0YzAiOnsiZGVsZXRlIjozMDAwMDAwMDAwMDB9fQ=="
        },
        {
          "index_key": "airbnb-prod",
          "schema_version": 0,
          "attributes": {
            "id": "airbnb-prod",
            "metadata": [
              {
                "annotations": {},
                "generate_name": "",
                "generation": 0,
                "labels": {
                  "client": "airbnb",
                  "environment": "prod",
                  "managed_by": "terraform"
                },
                "name": "airbnb-prod",
                "resource_version": "764",
                "uid": "a7056f55-8ee1-46e1-814f-d122b1626b53"
              }
            ],
            "timeouts": null,
            "wait_for_default_service_account": false
          },
          "sensitive_attributes": [],
          "identity_schema_version": 1,
          "identity": {
            "api_version": "v1",
            "kind": "Namespace",
            "name": "airbnb-prod"
          },
          "private": "eyJlMmJmYjczMC1lY2FhLTExZTYtOGY4OC0zNDM2M2JjN2M0YzAiOnsiZGVsZXRlIjozMDAwMDAwMDAwMDB9fQ=="
        },
        {
          "index_key": "mcdonalds-beta",
          "schema_version": 0,
          "attributes": {
            "id": "mcdonalds-beta",
            "metadata": [
              {
                "annotations": {},
                "generate_name": "",
                "generation": 0,
                "labels": {
                  "client": "mcdonalds",
                  "environment": "beta",
                  "managed_by": "terraform"
                },
                "name": "mcdonalds-beta",
                "resource_version": "768",
                "uid": "c1656178-7a0f-4f84-af01-edea958ad9e4"
              }
            ],
            "timeouts": null,
            "wait_for_default_service_account": false
          },
          "sensitive_attributes": [],
          "identity_schema_version": 1,
          "identity": {
            "api_version": "v1",
            "kind": "Namespace",
            "name": "mcdonalds-beta"
          },
          "private": "eyJlMmJmYjczMC1lY2FhLTExZTYtOGY4OC0zNDM2M2JjN2M0YzAiOnsiZGVsZXRlIjozMDAwMDAwMDAwMDB9fQ=="
        },
        {
          "index_key": "mcdonalds-dev",
          "schema_version": 0,
          "attributes": {
            "id": "mcdonalds-dev",
            "metadata": [
              {
                "annotations": {},
                "generate_name": "",
                "generation": 0,
                "labels": {
                  "client": "mcdonalds",
                  "environment": "dev",
                  "managed_by": "terraform"
                },
                "name": "mcdonalds-dev",
                "resource_version": "765",
                "uid": "9472f385-d886-49a8-9496-1b461cc11f06"
              }
            ],
            "timeouts": null,
            "wait_for_default_service_account": false
          },
          "sensitive_attributes": [],
          "identity_schema_version": 1,
          "identity": {
            "api_version": "v1",
            "kind": "Namespace",
            "name": "mcdonalds-dev"
          },
          "private": "eyJlMmJmYjczMC1lY2FhLTExZTYtOGY4OC0zNDM2M2JjN2M0YzAiOnsiZGVsZXRlIjozMDAwMDAwMDAwMDB9fQ=="
        },
        {
          "index_key": "mcdonalds-prod",
          "schema_version": 0,
          "attributes": {
            "id": "mcdonalds-prod",
            "metadata": [
              {
                "annotations": {},
                "generate_name": "",
                "generation": 0,
                "labels": {
                  "client": "mcdonalds",
                  "environment": "prod",
                  "managed_by": "terraform"
                },
                "name": "mcdonalds-prod",
                "resource_version": "766",
                "uid": "5600a3f7-d58c-476e-b126-af498c2a4426"
              }
            ],
            "timeouts": null,
            "wait_for_default_service_account": false
          },
          "sensitive_attributes": [],
          "identity_schema_version": 1,
          "identity": {
            "api_version": "v1",
            "kind": "Namespace",
            "name": "mcdonalds-prod"
          },
          "private": "eyJlMmJmYjczMC1lY2FhLTExZTYtOGY4OC0zNDM2M2JjN2M0YzAiOnsiZGVsZXRlIjozMDAwMDAwMDAwMDB9fQ=="
        },
        {
          "index_key": "mcdonalds-qa",
          "schema_version": 0,
          "attributes": {
            "id": "mcdonalds-qa",
            "metadata": [
              {
                "annotations": {},
                "generate_name": "",
                "generation": 0,
                "labels": {
                  "client": "mcdonalds",
                  "environment": "qa",
                  "managed_by": "terraform"
                },
                "name": "mcdonalds-qa",
                "resource_version": "769",
                "uid": "8d3739e3-e812-4c18-afeb-1b09ccdd8bd4"
              }
            ],
            "timeouts": null,
            "wait_for_default_service_account": false
          },
          "sensitive_attributes": [],
          "identity_schema_version": 1,
          "identity": {
            "api_version": "v1",
            "kind": "Namespace",
            "name": "mcdonalds-qa"
          },
          "private": "eyJlMmJmYjczMC1lY2FhLTExZTYtOGY4OC0zNDM2M2JjN2M0YzAiOnsiZGVsZXRlIjozMDAwMDAwMDAwMDB9fQ=="
        },
        {
          "index_key": "nike-dev",
          "schema_version": 0,
          "attributes": {
            "id": "nike-dev",
            "metadata": [
              {
                "annotations": {},
                "generate_name": "",
                "generation": 0,
                "labels": {
                  "client": "nike",
                  "environment": "dev",
                  "managed_by": "terraform"
                },
                "name": "nike-dev",
                "resource_version": "763",
                "uid": "58209348-f827-496b-95cc-167a95327b0a"
              }
            ],
            "timeouts": null,
            "wait_for_default_service_account": false
          },
          "sensitive_attributes": [],
          "identity_schema_version": 1,
          "identity": {
            "api_version": "v1",
            "kind": "Namespace",
            "name": "nike-dev"
          },
          "private": "eyJlMmJmYjczMC1lY2FhLTExZTYtOGY4OC0zNDM2M2JjN2M0YzAiOnsiZGVsZXRlIjozMDAwMDAwMDAwMDB9fQ=="
        },
        {
          "index_key": "nike-prod",
          "schema_version": 0,
          "attributes": {
            "id": "nike-prod",
            "metadata": [
              {
                "annotations": {},
                "generate_name": "",
                "generation": 0,
                "labels": {
                  "client": "nike",
                  "environment": "prod",
                  "managed_by": "terraform"
                },
                "name": "nike-prod",
                "resource_version": "767",
                "uid": "e360201e-691a-468c-9c22-f7be277013e8"
              }
            ],
            "timeouts": null,
            "wait_for_default_service_account": false
          },
          "sensitive_attributes": [],
          "identity_schema_version": 1,
          "identity": {
            "api_version": "v1",
            "kind": "Namespace",
            "name": "nike-prod"
          },
          "private": "eyJlMmJmYjczMC1lY2FhLTExZTYtOGY4OC0zNDM2M2JjN2M0YzAiOnsiZGVsZXRlIjozMDAwMDAwMDAwMDB9fQ=="
        },
        {
          "index_key": "nike-qa",
          "schema_version": 0,
          "attributes": {
            "id": "nike-qa",
            "metadata": [
              {
                "annotations": {},
                "generate_name": "",
                "generation": 0,
                "labels": {
                  "client": "nike",
                  "environment": "qa",
                  "managed_by": "terraform"
                },
                "name": "nike-qa",
                "resource_version": "762",
                "uid": "7957866a-ea6f-40dd-9fe3-2f838a0d5fa7"
              }
            ],
            "timeouts": null,
            "wait_for_default_service_account": false
          },
          "sensitive_attributes": [],
          "identity_schema_version": 1,
          "identity": {
            "api_version": "v1",
            "kind": "Namespace",
            "name": "nike-qa"
          },
          "private": "eyJlMmJmYjczMC1lY2FhLTExZTYtOGY4OC0zNDM2M2JjN2M0YzAiOnsiZGVsZXRlIjozMDAwMDAwMDAwMDB9fQ=="
        }
      ]
    },
    {
      "mode": "managed",
      "type": "kubernetes_persistent_volume_claim",
      "name": "postgres",
      "provider": "provider[\"registry.terraform.io/hashicorp/kubernetes\"]",
      "instances": [
        {
          "index_key": "airbnb-dev",
          "schema_version": 0,
          "attributes": {
            "id": "airbnb-dev/postgres-pvc",
            "metadata": [
              {
                "annotations": {},
                "generate_name": "",
                "generation": 0,
                "labels": {},
                "name": "postgres-pvc",
                "namespace": "airbnb-dev",
                "resource_version": "795",
                "uid": "7533337e-209e-4d31-8e3a-44dcbb075955"
              }
            ],
            "spec": [
              {
                "access_modes": [
                  "ReadWriteOnce"
                ],
                "resources": [
                  {
                    "limits": {},
                    "requests": {
                      "storage": "5Gi"
                    }
                  }
                ],
                "selector": [],
                "storage_class_name": "postgres-storage-dev",
                "volume_mode": "Filesystem",
                "volume_name": "pvc-7533337e-209e-4d31-8e3a-44dcbb075955"
              }
            ],
            "timeouts": null,
            "wait_until_bound": true
          },
          "sensitive_attributes": [],
          "identity_schema_version": 0,
          "private": "eyJlMmJmYjczMC1lY2FhLTExZTYtOGY4OC0zNDM2M2JjN2M0YzAiOnsiY3JlYXRlIjozMDAwMDAwMDAwMDB9fQ==",
          "dependencies": [
            "kubernetes_namespace.client_env",
            "kubernetes_storage_class.postgres"
          ]
        }
      ]
    },
    {
      "mode": "managed",
      "type": "kubernetes_secret",
      "name": "postgres",
      "provider": "provider[\"registry.terraform.io/hashicorp/kubernetes\"]",
      "instances": [
        {
          "index_key": "airbnb-dev",
          "schema_version": 0,
          "attributes": {
            "binary_data": null,
            "binary_data_wo": null,
            "binary_data_wo_revision": null,
            "data": {
              "POSTGRES_DB": "odoo",
              "POSTGRES_PASSWORD": "odoo-password-123",
              "POSTGRES_USER": "odoo"
            },
            "data_wo": null,
            "data_wo_revision": null,
            "id": "airbnb-dev/postgres-secret",
            "immutable": false,
            "metadata": [
              {
                "annotations": {},
                "generate_name": "",
                "generation": 0,
                "labels": {},
                "name": "postgres-secret",
                "namespace": "airbnb-dev",
                "resource_version": "786",
                "uid": "d5e573a2-b177-4076-8094-3bed79cec04a"
              }
            ],
            "timeouts": null,
            "type": "Opaque",
            "wait_for_service_account_token": true
          },
          "sensitive_attributes": [
            [
              {
                "type": "get_attr",
                "value": "binary_data"
              }
            ],
            [
              {
                "type": "get_attr",
                "value": "data"
              }
            ],
            [
              {
                "type": "get_attr",
                "value": "data"
              },
              {
                "type": "index",
                "value": {
                  "value": "POSTGRES_PASSWORD",
                  "type": "string"
                }
              }
            ]
          ],
          "identity_schema_version": 1,
          "identity": {
            "api_version": "v1",
            "kind": "Secret",
            "name": "postgres-secret",
            "namespace": "airbnb-dev"
          },
          "private": "eyJlMmJmYjczMC1lY2FhLTExZTYtOGY4OC0zNDM2M2JjN2M0YzAiOnsiY3JlYXRlIjo2MDAwMDAwMDAwMH19",
          "dependencies": [
            "kubernetes_namespace.client_env"
          ]
        },
        {
          "index_key": "mcdonalds-dev",
          "schema_version": 0,
          "attributes": {
            "binary_data": null,
            "binary_data_wo": null,
            "binary_data_wo_revision": null,
            "data": {
              "POSTGRES_DB": "odoo",
              "POSTGRES_PASSWORD": "odoo-password-123",
              "POSTGRES_USER": "odoo"
            },
            "data_wo": null,
            "data_wo_revision": null,
            "id": "mcdonalds-dev/postgres-secret",
            "immutable": false,
            "metadata": [
              {
                "annotations": null,
                "generate_name": "",
                "generation": 0,
                "labels": null,
                "name": "postgres-secret",
                "namespace": "mcdonalds-dev",
                "resource_version": "1326",
                "uid": "bcb13368-0f45-49aa-96f0-c14b2864c051"
              }
            ],
            "timeouts": null,
            "type": "Opaque",
            "wait_for_service_account_token": true
          },
          "sensitive_attributes": [
            [
              {
                "type": "get_attr",
                "value": "binary_data"
              }
            ],
            [
              {
                "type": "get_attr",
                "value": "data"
              }
            ],
            [
              {
                "type": "get_attr",
                "value": "data"
              },
              {
                "type": "index",
                "value": {
                  "value": "POSTGRES_PASSWORD",
                  "type": "string"
                }
              }
            ]
          ],
          "identity_schema_version": 1,
          "identity": {
            "api_version": "v1",
            "kind": "Secret",
            "name": "postgres-secret",
            "namespace": "mcdonalds-dev"
          },
          "private": "eyJlMmJmYjczMC1lY2FhLTExZTYtOGY4OC0zNDM2M2JjN2M0YzAiOnsiY3JlYXRlIjo2MDAwMDAwMDAwMH19",
          "dependencies": [
            "kubernetes_namespace.client_env"
          ]
        },
        {
          "index_key": "mcdonalds-prod",
          "schema_version": 0,
          "attributes": {
            "binary_data": null,
            "binary_data_wo": null,
            "binary_data_wo_revision": null,
            "data": {
              "POSTGRES_DB": "odoo",
              "POSTGRES_PASSWORD": "odoo-password-123",
              "POSTGRES_USER": "odoo"
            },
            "data_wo": null,
            "data_wo_revision": null,
            "id": "mcdonalds-prod/postgres-secret",
            "immutable": false,
            "metadata": [
              {
                "annotations": null,
                "generate_name": "",
                "generation": 0,
                "labels": null,
                "name": "postgres-secret",
                "namespace": "mcdonalds-prod",
                "resource_version": "1328",
                "uid": "6bf749a7-0d76-4178-bd2f-1db0072916c7"
              }
            ],
            "timeouts": null,
            "type": "Opaque",
            "wait_for_service_account_token": true
          },
          "sensitive_attributes": [
            [
              {
                "type": "get_attr",
                "value": "binary_data"
              }
            ],
            [
              {
                "type": "get_attr",
                "value": "data"
              }
            ],
            [
              {
                "type": "get_attr",
                "value": "data"
              },
              {
                "type": "index",
                "value": {
                  "value": "POSTGRES_PASSWORD",
                  "type": "string"
                }
              }
            ]
          ],
          "identity_schema_version": 1,
          "identity": {
            "api_version": "v1",
            "kind": "Secret",
            "name": "postgres-secret",
            "namespace": "mcdonalds-prod"
          },
          "private": "eyJlMmJmYjczMC1lY2FhLTExZTYtOGY4OC0zNDM2M2JjN2M0YzAiOnsiY3JlYXRlIjo2MDAwMDAwMDAwMH19",
          "dependencies": [
            "kubernetes_namespace.client_env"
          ]
        },
        {
          "index_key": "mcdonalds-qa",
          "schema_version": 0,
          "attributes": {
            "binary_data": null,
            "binary_data_wo": null,
            "binary_data_wo_revision": null,
            "data": {
              "POSTGRES_DB": "odoo",
              "POSTGRES_PASSWORD": "odoo-password-123",
              "POSTGRES_USER": "odoo"
            },
            "data_wo": null,
            "data_wo_revision": null,
            "id": "mcdonalds-qa/postgres-secret",
            "immutable": false,
            "metadata": [
              {
                "annotations": null,
                "generate_name": "",
                "generation": 0,
                "labels": null,
                "name": "postgres-secret",
                "namespace": "mcdonalds-qa",
                "resource_version": "1325",
                "uid": "bec6cd7c-fc60-4c81-a5b3-679d197650a8"
              }
            ],
            "timeouts": null,
            "type": "Opaque",
            "wait_for_service_account_token": true
          },
          "sensitive_attributes": [
            [
              {
                "type": "get_attr",
                "value": "binary_data"
              }
            ],
            [
              {
                "type": "get_attr",
                "value": "data"
              }
            ],
            [
              {
                "type": "get_attr",
                "value": "data"
              },
              {
                "type": "index",
                "value": {
                  "value": "POSTGRES_PASSWORD",
                  "type": "string"
                }
              }
            ]
          ],
          "identity_schema_version": 1,
          "identity": {
            "api_version": "v1",
            "kind": "Secret",
            "name": "postgres-secret",
            "namespace": "mcdonalds-qa"
          },
          "private": "eyJlMmJmYjczMC1lY2FhLTExZTYtOGY4OC0zNDM2M2JjN2M0YzAiOnsiY3JlYXRlIjo2MDAwMDAwMDAwMH19",
          "dependencies": [
            "kubernetes_namespace.client_env"
          ]
        }
      ]
    },
    {
      "mode": "managed",
      "type": "kubernetes_service",
      "name": "odoo",
      "provider": "provider[\"registry.terraform.io/hashicorp/kubernetes\"]",
      "instances": [
        {
          "index_key": "airbnb-dev",
          "schema_version": 1,
          "attributes": {
            "id": "airbnb-dev/odoo",
            "metadata": [
              {
                "annotations": null,
                "generate_name": "",
                "generation": 0,
                "labels": null,
                "name": "odoo",
                "namespace": "airbnb-dev",
                "resource_version": "1137",
                "uid": "3edf5b83-0a4b-4ee6-a2e6-5c02395b0b01"
              }
            ],
            "spec": [
              {
                "allocate_load_balancer_node_ports": true,
                "cluster_ip": "10.103.74.159",
                "cluster_ips": [
                  "10.103.74.159"
                ],
                "external_ips": null,
                "external_name": "",
                "external_traffic_policy": "",
                "health_check_node_port": 0,
                "internal_traffic_policy": "Cluster",
                "ip_families": [
                  "IPv4"
                ],
                "ip_family_policy": "SingleStack",
                "load_balancer_class": "",
                "load_balancer_ip": "",
                "load_balancer_source_ranges": null,
                "port": [
                  {
                    "app_protocol": "",
                    "name": "http",
                    "node_port": 0,
                    "port": 80,
                    "protocol": "TCP",
                    "target_port": "8069"
                  },
                  {
                    "app_protocol": "",
                    "name": "https",
                    "node_port": 0,
                    "port": 443,
                    "protocol": "TCP",
                    "target_port": "8069"
                  }
                ],
                "publish_not_ready_addresses": false,
                "selector": {
                  "app": "odoo"
                },
                "session_affinity": "None",
                "session_affinity_config": [],
                "type": "ClusterIP"
              }
            ],
            "status": [
              {
                "load_balancer": [
                  {
                    "ingress": []
                  }
                ]
              }
            ],
            "timeouts": null,
            "wait_for_load_balancer": true
          },
          "sensitive_attributes": [],
          "identity_schema_version": 1,
          "identity": {
            "api_version": "v1",
            "kind": "Service",
            "name": "odoo",
            "namespace": "airbnb-dev"
          },
          "private": "eyJlMmJmYjczMC1lY2FhLTExZTYtOGY4OC0zNDM2M2JjN2M0YzAiOnsiY3JlYXRlIjo2MDAwMDAwMDAwMDB9LCJzY2hlbWFfdmVyc2lvbiI6IjEifQ==",
          "dependencies": [
            "kubernetes_namespace.client_env"
          ]
        },
        {
          "index_key": "airbnb-prod",
          "schema_version": 1,
          "attributes": {
            "id": "airbnb-prod/odoo",
            "metadata": [
              {
                "annotations": null,
                "generate_name": "",
                "generation": 0,
                "labels": null,
                "name": "odoo",
                "namespace": "airbnb-prod",
                "resource_version": "1320",
                "uid": "4a881bcb-bd15-41df-befd-0a51a6fb9e41"
              }
            ],
            "spec": [
              {
                "allocate_load_balancer_node_ports": true,
                "cluster_ip": "10.98.9.238",
                "cluster_ips": [
                  "10.98.9.238"
                ],
                "external_ips": null,
                "external_name": "",
                "external_traffic_policy": "",
                "health_check_node_port": 0,
                "internal_traffic_policy": "Cluster",
                "ip_families": [
                  "IPv4"
                ],
                "ip_family_policy": "SingleStack",
                "load_balancer_class": "",
                "load_balancer_ip": "",
                "load_balancer_source_ranges": null,
                "port": [
                  {
                    "app_protocol": "",
                    "name": "http",
                    "node_port": 0,
                    "port": 80,
                    "protocol": "TCP",
                    "target_port": "8069"
                  },
                  {
                    "app_protocol": "",
                    "name": "https",
                    "node_port": 0,
                    "port": 443,
                    "protocol": "TCP",
                    "target_port": "8069"
                  }
                ],
                "publish_not_ready_addresses": false,
                "selector": {
                  "app": "odoo"
                },
                "session_affinity": "None",
                "session_affinity_config": [],
                "type": "ClusterIP"
              }
            ],
            "status": [
              {
                "load_balancer": [
                  {
                    "ingress": []
                  }
                ]
              }
            ],
            "timeouts": null,
            "wait_for_load_balancer": true
          },
          "sensitive_attributes": [],
          "identity_schema_version": 1,
          "identity": {
            "api_version": "v1",
            "kind": "Service",
            "name": "odoo",
            "namespace": "airbnb-prod"
          },
          "private": "eyJlMmJmYjczMC1lY2FhLTExZTYtOGY4OC0zNDM2M2JjN2M0YzAiOnsiY3JlYXRlIjo2MDAwMDAwMDAwMDB9LCJzY2hlbWFfdmVyc2lvbiI6IjEifQ==",
          "dependencies": [
            "kubernetes_namespace.client_env"
          ]
        },
        {
          "index_key": "mcdonalds-beta",
          "schema_version": 1,
          "attributes": {
            "id": "mcdonalds-beta/odoo",
            "metadata": [
              {
                "annotations": null,
                "generate_name": "",
                "generation": 0,
                "labels": null,
                "name": "odoo",
                "namespace": "mcdonalds-beta",
                "resource_version": "857",
                "uid": "aa1ec420-e1f3-472a-b619-99534031e976"
              }
            ],
            "spec": [
              {
                "allocate_load_balancer_node_ports": true,
                "cluster_ip": "10.111.220.126",
                "cluster_ips": [
                  "10.111.220.126"
                ],
                "external_ips": null,
                "external_name": "",
                "external_traffic_policy": "",
                "health_check_node_port": 0,
                "internal_traffic_policy": "Cluster",
                "ip_families": [
                  "IPv4"
                ],
                "ip_family_policy": "SingleStack",
                "load_balancer_class": "",
                "load_balancer_ip": "",
                "load_balancer_source_ranges": null,
                "port": [
                  {
                    "app_protocol": "",
                    "name": "http",
                    "node_port": 0,
                    "port": 80,
                    "protocol": "TCP",
                    "target_port": "8069"
                  },
                  {
                    "app_protocol": "",
                    "name": "https",
                    "node_port": 0,
                    "port": 443,
                    "protocol": "TCP",
                    "target_port": "8069"
                  }
                ],
                "publish_not_ready_addresses": false,
                "selector": {
                  "app": "odoo"
                },
                "session_affinity": "None",
                "session_affinity_config": [],
                "type": "ClusterIP"
              }
            ],
            "status": [
              {
                "load_balancer": [
                  {
                    "ingress": []
                  }
                ]
              }
            ],
            "timeouts": null,
            "wait_for_load_balancer": true
          },
          "sensitive_attributes": [],
          "identity_schema_version": 1,
          "identity": {
            "api_version": "v1",
            "kind": "Service",
            "name": "odoo",
            "namespace": "mcdonalds-beta"
          },
          "private": "eyJlMmJmYjczMC1lY2FhLTExZTYtOGY4OC0zNDM2M2JjN2M0YzAiOnsiY3JlYXRlIjo2MDAwMDAwMDAwMDB9LCJzY2hlbWFfdmVyc2lvbiI6IjEifQ==",
          "dependencies": [
            "kubernetes_namespace.client_env"
          ]
        },
        {
          "index_key": "mcdonalds-dev",
          "schema_version": 1,
          "attributes": {
            "id": "mcdonalds-dev/odoo",
            "metadata": [
              {
                "annotations": null,
                "generate_name": "",
                "generation": 0,
                "labels": null,
                "name": "odoo",
                "namespace": "mcdonalds-dev",
                "resource_version": "1307",
                "uid": "2c0ebba2-3102-428f-be47-7b70f1969acc"
              }
            ],
            "spec": [
              {
                "allocate_load_balancer_node_ports": true,
                "cluster_ip": "10.96.208.95",
                "cluster_ips": [
                  "10.96.208.95"
                ],
                "external_ips": null,
                "external_name": "",
                "external_traffic_policy": "",
                "health_check_node_port": 0,
                "internal_traffic_policy": "Cluster",
                "ip_families": [
                  "IPv4"
                ],
                "ip_family_policy": "SingleStack",
                "load_balancer_class": "",
                "load_balancer_ip": "",
                "load_balancer_source_ranges": null,
                "port": [
                  {
                    "app_protocol": "",
                    "name": "http",
                    "node_port": 0,
                    "port": 80,
                    "protocol": "TCP",
                    "target_port": "8069"
                  },
                  {
                    "app_protocol": "",
                    "name": "https",
                    "node_port": 0,
                    "port": 443,
                    "protocol": "TCP",
                    "target_port": "8069"
                  }
                ],
                "publish_not_ready_addresses": false,
                "selector": {
                  "app": "odoo"
                },
                "session_affinity": "None",
                "session_affinity_config": [],
                "type": "ClusterIP"
              }
            ],
            "status": [
              {
                "load_balancer": [
                  {
                    "ingress": []
                  }
                ]
              }
            ],
            "timeouts": null,
            "wait_for_load_balancer": true
          },
          "sensitive_attributes": [],
          "identity_schema_version": 1,
          "identity": {
            "api_version": "v1",
            "kind": "Service",
            "name": "odoo",
            "namespace": "mcdonalds-dev"
          },
          "private": "eyJlMmJmYjczMC1lY2FhLTExZTYtOGY4OC0zNDM2M2JjN2M0YzAiOnsiY3JlYXRlIjo2MDAwMDAwMDAwMDB9LCJzY2hlbWFfdmVyc2lvbiI6IjEifQ==",
          "dependencies": [
            "kubernetes_namespace.client_env"
          ]
        },
        {
          "index_key": "mcdonalds-prod",
          "schema_version": 1,
          "attributes": {
            "id": "mcdonalds-prod/odoo",
            "metadata": [
              {
                "annotations": null,
                "generate_name": "",
                "generation": 0,
                "labels": null,
                "name": "odoo",
                "namespace": "mcdonalds-prod",
                "resource_version": "823",
                "uid": "67114f8b-ad07-4bea-bf2b-742e16dcc1a9"
              }
            ],
            "spec": [
              {
                "allocate_load_balancer_node_ports": true,
                "cluster_ip": "10.110.138.9",
                "cluster_ips": [
                  "10.110.138.9"
                ],
                "external_ips": null,
                "external_name": "",
                "external_traffic_policy": "",
                "health_check_node_port": 0,
                "internal_traffic_policy": "Cluster",
                "ip_families": [
                  "IPv4"
                ],
                "ip_family_policy": "SingleStack",
                "load_balancer_class": "",
                "load_balancer_ip": "",
                "load_balancer_source_ranges": null,
                "port": [
                  {
                    "app_protocol": "",
                    "name": "http",
                    "node_port": 0,
                    "port": 80,
                    "protocol": "TCP",
                    "target_port": "8069"
                  },
                  {
                    "app_protocol": "",
                    "name": "https",
                    "node_port": 0,
                    "port": 443,
                    "protocol": "TCP",
                    "target_port": "8069"
                  }
                ],
                "publish_not_ready_addresses": false,
                "selector": {
                  "app": "odoo"
                },
                "session_affinity": "None",
                "session_affinity_config": [],
                "type": "ClusterIP"
              }
            ],
            "status": [
              {
                "load_balancer": [
                  {
                    "ingress": []
                  }
                ]
              }
            ],
            "timeouts": null,
            "wait_for_load_balancer": true
          },
          "sensitive_attributes": [],
          "identity_schema_version": 1,
          "identity": {
            "api_version": "v1",
            "kind": "Service",
            "name": "odoo",
            "namespace": "mcdonalds-prod"
          },
          "private": "eyJlMmJmYjczMC1lY2FhLTExZTYtOGY4OC0zNDM2M2JjN2M0YzAiOnsiY3JlYXRlIjo2MDAwMDAwMDAwMDB9LCJzY2hlbWFfdmVyc2lvbiI6IjEifQ==",
          "dependencies": [
            "kubernetes_namespace.client_env"
          ]
        },
        {
          "index_key": "mcdonalds-qa",
          "schema_version": 1,
          "attributes": {
            "id": "mcdonalds-qa/odoo",
            "metadata": [
              {
                "annotations": null,
                "generate_name": "",
                "generation": 0,
                "labels": null,
                "name": "odoo",
                "namespace": "mcdonalds-qa",
                "resource_version": "827",
                "uid": "ff3e861b-c8cb-4b7a-a48c-4e8247773969"
              }
            ],
            "spec": [
              {
                "allocate_load_balancer_node_ports": true,
                "cluster_ip": "10.98.40.92",
                "cluster_ips": [
                  "10.98.40.92"
                ],
                "external_ips": null,
                "external_name": "",
                "external_traffic_policy": "",
                "health_check_node_port": 0,
                "internal_traffic_policy": "Cluster",
                "ip_families": [
                  "IPv4"
                ],
                "ip_family_policy": "SingleStack",
                "load_balancer_class": "",
                "load_balancer_ip": "",
                "load_balancer_source_ranges": null,
                "port": [
                  {
                    "app_protocol": "",
                    "name": "http",
                    "node_port": 0,
                    "port": 80,
                    "protocol": "TCP",
                    "target_port": "8069"
                  },
                  {
                    "app_protocol": "",
                    "name": "https",
                    "node_port": 0,
                    "port": 443,
                    "protocol": "TCP",
                    "target_port": "8069"
                  }
                ],
                "publish_not_ready_addresses": false,
                "selector": {
                  "app": "odoo"
                },
                "session_affinity": "None",
                "session_affinity_config": [],
                "type": "ClusterIP"
              }
            ],
            "status": [
              {
                "load_balancer": [
                  {
                    "ingress": []
                  }
                ]
              }
            ],
            "timeouts": null,
            "wait_for_load_balancer": true
          },
          "sensitive_attributes": [],
          "identity_schema_version": 1,
          "identity": {
            "api_version": "v1",
            "kind": "Service",
            "name": "odoo",
            "namespace": "mcdonalds-qa"
          },
          "private": "eyJlMmJmYjczMC1lY2FhLTExZTYtOGY4OC0zNDM2M2JjN2M0YzAiOnsiY3JlYXRlIjo2MDAwMDAwMDAwMDB9LCJzY2hlbWFfdmVyc2lvbiI6IjEifQ==",
          "dependencies": [
            "kubernetes_namespace.client_env"
          ]
        },
        {
          "index_key": "nike-dev",
          "schema_version": 1,
          "attributes": {
            "id": "nike-dev/odoo",
            "metadata": [
              {
                "annotations": null,
                "generate_name": "",
                "generation": 0,
                "labels": null,
                "name": "odoo",
                "namespace": "nike-dev",
                "resource_version": "850",
                "uid": "b4234219-c234-4885-8e7e-7e40ea1c1359"
              }
            ],
            "spec": [
              {
                "allocate_load_balancer_node_ports": true,
                "cluster_ip": "10.101.201.226",
                "cluster_ips": [
                  "10.101.201.226"
                ],
                "external_ips": null,
                "external_name": "",
                "external_traffic_policy": "",
                "health_check_node_port": 0,
                "internal_traffic_policy": "Cluster",
                "ip_families": [
                  "IPv4"
                ],
                "ip_family_policy": "SingleStack",
                "load_balancer_class": "",
                "load_balancer_ip": "",
                "load_balancer_source_ranges": null,
                "port": [
                  {
                    "app_protocol": "",
                    "name": "http",
                    "node_port": 0,
                    "port": 80,
                    "protocol": "TCP",
                    "target_port": "8069"
                  },
                  {
                    "app_protocol": "",
                    "name": "https",
                    "node_port": 0,
                    "port": 443,
                    "protocol": "TCP",
                    "target_port": "8069"
                  }
                ],
                "publish_not_ready_addresses": false,
                "selector": {
                  "app": "odoo"
                },
                "session_affinity": "None",
                "session_affinity_config": [],
                "type": "ClusterIP"
              }
            ],
            "status": [
              {
                "load_balancer": [
                  {
                    "ingress": []
                  }
                ]
              }
            ],
            "timeouts": null,
            "wait_for_load_balancer": true
          },
          "sensitive_attributes": [],
          "identity_schema_version": 1,
          "identity": {
            "api_version": "v1",
            "kind": "Service",
            "name": "odoo",
            "namespace": "nike-dev"
          },
          "private": "eyJlMmJmYjczMC1lY2FhLTExZTYtOGY4OC0zNDM2M2JjN2M0YzAiOnsiY3JlYXRlIjo2MDAwMDAwMDAwMDB9LCJzY2hlbWFfdmVyc2lvbiI6IjEifQ==",
          "dependencies": [
            "kubernetes_namespace.client_env"
          ]
        },
        {
          "index_key": "nike-prod",
          "schema_version": 1,
          "attributes": {
            "id": "nike-prod/odoo",
            "metadata": [
              {
                "annotations": null,
                "generate_name": "",
                "generation": 0,
                "labels": null,
                "name": "odoo",
                "namespace": "nike-prod",
                "resource_version": "1183",
                "uid": "e6b5641c-e4c3-4918-8bd3-f0005df2b3d9"
              }
            ],
            "spec": [
              {
                "allocate_load_balancer_node_ports": true,
                "cluster_ip": "10.111.108.179",
                "cluster_ips": [
                  "10.111.108.179"
                ],
                "external_ips": null,
                "external_name": "",
                "external_traffic_policy": "",
                "health_check_node_port": 0,
                "internal_traffic_policy": "Cluster",
                "ip_families": [
                  "IPv4"
                ],
                "ip_family_policy": "SingleStack",
                "load_balancer_class": "",
                "load_balancer_ip": "",
                "load_balancer_source_ranges": null,
                "port": [
                  {
                    "app_protocol": "",
                    "name": "http",
                    "node_port": 0,
                    "port": 80,
                    "protocol": "TCP",
                    "target_port": "8069"
                  },
                  {
                    "app_protocol": "",
                    "name": "https",
                    "node_port": 0,
                    "port": 443,
                    "protocol": "TCP",
                    "target_port": "8069"
                  }
                ],
                "publish_not_ready_addresses": false,
                "selector": {
                  "app": "odoo"
                },
                "session_affinity": "None",
                "session_affinity_config": [],
                "type": "ClusterIP"
              }
            ],
            "status": [
              {
                "load_balancer": [
                  {
                    "ingress": []
                  }
                ]
              }
            ],
            "timeouts": null,
            "wait_for_load_balancer": true
          },
          "sensitive_attributes": [],
          "identity_schema_version": 1,
          "identity": {
            "api_version": "v1",
            "kind": "Service",
            "name": "odoo",
            "namespace": "nike-prod"
          },
          "private": "eyJlMmJmYjczMC1lY2FhLTExZTYtOGY4OC0zNDM2M2JjN2M0YzAiOnsiY3JlYXRlIjo2MDAwMDAwMDAwMDB9LCJzY2hlbWFfdmVyc2lvbiI6IjEifQ==",
          "dependencies": [
            "kubernetes_namespace.client_env"
          ]
        },
        {
          "index_key": "nike-qa",
          "schema_version": 1,
          "attributes": {
            "id": "nike-qa/odoo",
            "metadata": [
              {
                "annotations": null,
                "generate_name": "",
                "generation": 0,
                "labels": null,
                "name": "odoo",
                "namespace": "nike-qa",
                "resource_version": "939",
                "uid": "859b2b71-2348-4a05-abba-b975c7c06e19"
              }
            ],
            "spec": [
              {
                "allocate_load_balancer_node_ports": true,
                "cluster_ip": "10.106.25.1",
                "cluster_ips": [
                  "10.106.25.1"
                ],
                "external_ips": null,
                "external_name": "",
                "external_traffic_policy": "",
                "health_check_node_port": 0,
                "internal_traffic_policy": "Cluster",
                "ip_families": [
                  "IPv4"
                ],
                "ip_family_policy": "SingleStack",
                "load_balancer_class": "",
                "load_balancer_ip": "",
                "load_balancer_source_ranges": null,
                "port": [
                  {
                    "app_protocol": "",
                    "name": "http",
                    "node_port": 0,
                    "port": 80,
                    "protocol": "TCP",
                    "target_port": "8069"
                  },
                  {
                    "app_protocol": "",
                    "name": "https",
                    "node_port": 0,
                    "port": 443,
                    "protocol": "TCP",
                    "target_port": "8069"
                  }
                ],
                "publish_not_ready_addresses": false,
                "selector": {
                  "app": "odoo"
                },
                "session_affinity": "None",
                "session_affinity_config": [],
                "type": "ClusterIP"
              }
            ],
            "status": [
              {
                "load_balancer": [
                  {
                    "ingress": []
                  }
                ]
              }
            ],
            "timeouts": null,
            "wait_for_load_balancer": true
          },
          "sensitive_attributes": [],
          "identity_schema_version": 1,
          "identity": {
            "api_version": "v1",
            "kind": "Service",
            "name": "odoo",
            "namespace": "nike-qa"
          },
          "private": "eyJlMmJmYjczMC1lY2FhLTExZTYtOGY4OC0zNDM2M2JjN2M0YzAiOnsiY3JlYXRlIjo2MDAwMDAwMDAwMDB9LCJzY2hlbWFfdmVyc2lvbiI6IjEifQ==",
          "dependencies": [
            "kubernetes_namespace.client_env"
          ]
        }
      ]
    },
    {
      "mode": "managed",
      "type": "kubernetes_service",
      "name": "postgres",
      "provider": "provider[\"registry.terraform.io/hashicorp/kubernetes\"]",
      "instances": [
        {
          "index_key": "airbnb-dev",
          "schema_version": 1,
          "attributes": {
            "id": "airbnb-dev/postgres",
            "metadata": [
              {
                "annotations": null,
                "generate_name": "",
                "generation": 0,
                "labels": null,
                "name": "postgres",
                "namespace": "airbnb-dev",
                "resource_version": "1170",
                "uid": "1ead0391-635f-4e1a-9c4b-b2f1753450f6"
              }
            ],
            "spec": [
              {
                "allocate_load_balancer_node_ports": true,
                "cluster_ip": "None",
                "cluster_ips": [
                  "None"
                ],
                "external_ips": null,
                "external_name": "",
                "external_traffic_policy": "",
                "health_check_node_port": 0,
                "internal_traffic_policy": "Cluster",
                "ip_families": [
                  "IPv4"
                ],
                "ip_family_policy": "SingleStack",
                "load_balancer_class": "",
                "load_balancer_ip": "",
                "load_balancer_source_ranges": null,
                "port": [
                  {
                    "app_protocol": "",
                    "name": "",
                    "node_port": 0,
                    "port": 5432,
                    "protocol": "TCP",
                    "target_port": "5432"
                  }
                ],
                "publish_not_ready_addresses": false,
                "selector": {
                  "app": "postgres"
                },
                "session_affinity": "None",
                "session_affinity_config": [],
                "type": "ClusterIP"
              }
            ],
            "status": [
              {
                "load_balancer": [
                  {
                    "ingress": []
                  }
                ]
              }
            ],
            "timeouts": null,
            "wait_for_load_balancer": true
          },
          "sensitive_attributes": [],
          "identity_schema_version": 1,
          "identity": {
            "api_version": "v1",
            "kind": "Service",
            "name": "postgres",
            "namespace": "airbnb-dev"
          },
          "private": "eyJlMmJmYjczMC1lY2FhLTExZTYtOGY4OC0zNDM2M2JjN2M0YzAiOnsiY3JlYXRlIjo2MDAwMDAwMDAwMDB9LCJzY2hlbWFfdmVyc2lvbiI6IjEifQ==",
          "dependencies": [
            "kubernetes_namespace.client_env"
          ]
        },
        {
          "index_key": "airbnb-prod",
          "schema_version": 1,
          "attributes": {
            "id": "airbnb-prod/postgres",
            "metadata": [
              {
                "annotations": null,
                "generate_name": "",
                "generation": 0,
                "labels": null,
                "name": "postgres",
                "namespace": "airbnb-prod",
                "resource_version": "819",
                "uid": "bd1bef98-83a5-4d7c-a287-7cd52d4ed12f"
              }
            ],
            "spec": [
              {
                "allocate_load_balancer_node_ports": true,
                "cluster_ip": "None",
                "cluster_ips": [
                  "None"
                ],
                "external_ips": null,
                "external_name": "",
                "external_traffic_policy": "",
                "health_check_node_port": 0,
                "internal_traffic_policy": "Cluster",
                "ip_families": [
                  "IPv4"
                ],
                "ip_family_policy": "SingleStack",
                "load_balancer_class": "",
                "load_balancer_ip": "",
                "load_balancer_source_ranges": null,
                "port": [
                  {
                    "app_protocol": "",
                    "name": "",
                    "node_port": 0,
                    "port": 5432,
                    "protocol": "TCP",
                    "target_port": "5432"
                  }
                ],
                "publish_not_ready_addresses": false,
                "selector": {
                  "app": "postgres"
                },
                "session_affinity": "None",
                "session_affinity_config": [],
                "type": "ClusterIP"
              }
            ],
            "status": [
              {
                "load_balancer": [
                  {
                    "ingress": []
                  }
                ]
              }
            ],
            "timeouts": null,
            "wait_for_load_balancer": true
          },
          "sensitive_attributes": [],
          "identity_schema_version": 1,
          "identity": {
            "api_version": "v1",
            "kind": "Service",
            "name": "postgres",
            "namespace": "airbnb-prod"
          },
          "private": "eyJlMmJmYjczMC1lY2FhLTExZTYtOGY4OC0zNDM2M2JjN2M0YzAiOnsiY3JlYXRlIjo2MDAwMDAwMDAwMDB9LCJzY2hlbWFfdmVyc2lvbiI6IjEifQ==",
          "dependencies": [
            "kubernetes_namespace.client_env"
          ]
        },
        {
          "index_key": "mcdonalds-beta",
          "schema_version": 1,
          "attributes": {
            "id": "mcdonalds-beta/postgres",
            "metadata": [
              {
                "annotations": null,
                "generate_name": "",
                "generation": 0,
                "labels": null,
                "name": "postgres",
                "namespace": "mcdonalds-beta",
                "resource_version": "1223",
                "uid": "d696677d-0d60-47b7-89cc-fc687578d018"
              }
            ],
            "spec": [
              {
                "allocate_load_balancer_node_ports": true,
                "cluster_ip": "None",
                "cluster_ips": [
                  "None"
                ],
                "external_ips": null,
                "external_name": "",
                "external_traffic_policy": "",
                "health_check_node_port": 0,
                "internal_traffic_policy": "Cluster",
                "ip_families": [
                  "IPv4"
                ],
                "ip_family_policy": "SingleStack",
                "load_balancer_class": "",
                "load_balancer_ip": "",
                "load_balancer_source_ranges": null,
                "port": [
                  {
                    "app_protocol": "",
                    "name": "",
                    "node_port": 0,
                    "port": 5432,
                    "protocol": "TCP",
                    "target_port": "5432"
                  }
                ],
                "publish_not_ready_addresses": false,
                "selector": {
                  "app": "postgres"
                },
                "session_affinity": "None",
                "session_affinity_config": [],
                "type": "ClusterIP"
              }
            ],
            "status": [
              {
                "load_balancer": [
                  {
                    "ingress": []
                  }
                ]
              }
            ],
            "timeouts": null,
            "wait_for_load_balancer": true
          },
          "sensitive_attributes": [],
          "identity_schema_version": 1,
          "identity": {
            "api_version": "v1",
            "kind": "Service",
            "name": "postgres",
            "namespace": "mcdonalds-beta"
          },
          "private": "eyJlMmJmYjczMC1lY2FhLTExZTYtOGY4OC0zNDM2M2JjN2M0YzAiOnsiY3JlYXRlIjo2MDAwMDAwMDAwMDB9LCJzY2hlbWFfdmVyc2lvbiI6IjEifQ==",
          "dependencies": [
            "kubernetes_namespace.client_env"
          ]
        },
        {
          "index_key": "mcdonalds-dev",
          "schema_version": 1,
          "attributes": {
            "id": "mcdonalds-dev/postgres",
            "metadata": [
              {
                "annotations": null,
                "generate_name": "",
                "generation": 0,
                "labels": null,
                "name": "postgres",
                "namespace": "mcdonalds-dev",
                "resource_version": "1241",
                "uid": "01ff3aaf-034e-4eed-a43f-f8f8f86bc12f"
              }
            ],
            "spec": [
              {
                "allocate_load_balancer_node_ports": true,
                "cluster_ip": "None",
                "cluster_ips": [
                  "None"
                ],
                "external_ips": null,
                "external_name": "",
                "external_traffic_policy": "",
                "health_check_node_port": 0,
                "internal_traffic_policy": "Cluster",
                "ip_families": [
                  "IPv4"
                ],
                "ip_family_policy": "SingleStack",
                "load_balancer_class": "",
                "load_balancer_ip": "",
                "load_balancer_source_ranges": null,
                "port": [
                  {
                    "app_protocol": "",
                    "name": "",
                    "node_port": 0,
                    "port": 5432,
                    "protocol": "TCP",
                    "target_port": "5432"
                  }
                ],
                "publish_not_ready_addresses": false,
                "selector": {
                  "app": "postgres"
                },
                "session_affinity": "None",
                "session_affinity_config": [],
                "type": "ClusterIP"
              }
            ],
            "status": [
              {
                "load_balancer": [
                  {
                    "ingress": []
                  }
                ]
              }
            ],
            "timeouts": null,
            "wait_for_load_balancer": true
          },
          "sensitive_attributes": [],
          "identity_schema_version": 1,
          "identity": {
            "api_version": "v1",
            "kind": "Service",
            "name": "postgres",
            "namespace": "mcdonalds-dev"
          },
          "private": "eyJlMmJmYjczMC1lY2FhLTExZTYtOGY4OC0zNDM2M2JjN2M0YzAiOnsiY3JlYXRlIjo2MDAwMDAwMDAwMDB9LCJzY2hlbWFfdmVyc2lvbiI6IjEifQ==",
          "dependencies": [
            "kubernetes_namespace.client_env"
          ]
        },
        {
          "index_key": "mcdonalds-prod",
          "schema_version": 1,
          "attributes": {
            "id": "mcdonalds-prod/postgres",
            "metadata": [
              {
                "annotations": null,
                "generate_name": "",
                "generation": 0,
                "labels": null,
                "name": "postgres",
                "namespace": "mcdonalds-prod",
                "resource_version": "846",
                "uid": "d55ab8bc-1580-46be-97ef-b62c1bf78135"
              }
            ],
            "spec": [
              {
                "allocate_load_balancer_node_ports": true,
                "cluster_ip": "None",
                "cluster_ips": [
                  "None"
                ],
                "external_ips": null,
                "external_name": "",
                "external_traffic_policy": "",
                "health_check_node_port": 0,
                "internal_traffic_policy": "Cluster",
                "ip_families": [
                  "IPv4"
                ],
                "ip_family_policy": "SingleStack",
                "load_balancer_class": "",
                "load_balancer_ip": "",
                "load_balancer_source_ranges": null,
                "port": [
                  {
                    "app_protocol": "",
                    "name": "",
                    "node_port": 0,
                    "port": 5432,
                    "protocol": "TCP",
                    "target_port": "5432"
                  }
                ],
                "publish_not_ready_addresses": false,
                "selector": {
                  "app": "postgres"
                },
                "session_affinity": "None",
                "session_affinity_config": [],
                "type": "ClusterIP"
              }
            ],
            "status": [
              {
                "load_balancer": [
                  {
                    "ingress": []
                  }
                ]
              }
            ],
            "timeouts": null,
            "wait_for_load_balancer": true
          },
          "sensitive_attributes": [],
          "identity_schema_version": 1,
          "identity": {
            "api_version": "v1",
            "kind": "Service",
            "name": "postgres",
            "namespace": "mcdonalds-prod"
          },
          "private": "eyJlMmJmYjczMC1lY2FhLTExZTYtOGY4OC0zNDM2M2JjN2M0YzAiOnsiY3JlYXRlIjo2MDAwMDAwMDAwMDB9LCJzY2hlbWFfdmVyc2lvbiI6IjEifQ==",
          "dependencies": [
            "kubernetes_namespace.client_env"
          ]
        },
        {
          "index_key": "mcdonalds-qa",
          "schema_version": 1,
          "attributes": {
            "id": "mcdonalds-qa/postgres",
            "metadata": [
              {
                "annotations": null,
                "generate_name": "",
                "generation": 0,
                "labels": null,
                "name": "postgres",
                "namespace": "mcdonalds-qa",
                "resource_version": "1168",
                "uid": "5b287f4b-dab6-4743-b5aa-32807a286d34"
              }
            ],
            "spec": [
              {
                "allocate_load_balancer_node_ports": true,
                "cluster_ip": "None",
                "cluster_ips": [
                  "None"
                ],
                "external_ips": null,
                "external_name": "",
                "external_traffic_policy": "",
                "health_check_node_port": 0,
                "internal_traffic_policy": "Cluster",
                "ip_families": [
                  "IPv4"
                ],
                "ip_family_policy": "SingleStack",
                "load_balancer_class": "",
                "load_balancer_ip": "",
                "load_balancer_source_ranges": null,
                "port": [
                  {
                    "app_protocol": "",
                    "name": "",
                    "node_port": 0,
                    "port": 5432,
                    "protocol": "TCP",
                    "target_port": "5432"
                  }
                ],
                "publish_not_ready_addresses": false,
                "selector": {
                  "app": "postgres"
                },
                "session_affinity": "None",
                "session_affinity_config": [],
                "type": "ClusterIP"
              }
            ],
            "status": [
              {
                "load_balancer": [
                  {
                    "ingress": []
                  }
                ]
              }
            ],
            "timeouts": null,
            "wait_for_load_balancer": true
          },
          "sensitive_attributes": [],
          "identity_schema_version": 1,
          "identity": {
            "api_version": "v1",
            "kind": "Service",
            "name": "postgres",
            "namespace": "mcdonalds-qa"
          },
          "private": "eyJlMmJmYjczMC1lY2FhLTExZTYtOGY4OC0zNDM2M2JjN2M0YzAiOnsiY3JlYXRlIjo2MDAwMDAwMDAwMDB9LCJzY2hlbWFfdmVyc2lvbiI6IjEifQ==",
          "dependencies": [
            "kubernetes_namespace.client_env"
          ]
        },
        {
          "index_key": "nike-dev",
          "schema_version": 1,
          "attributes": {
            "id": "nike-dev/postgres",
            "metadata": [
              {
                "annotations": null,
                "generate_name": "",
                "generation": 0,
                "labels": null,
                "name": "postgres",
                "namespace": "nike-dev",
                "resource_version": "853",
                "uid": "9822dd50-2aa8-464a-836a-d230d5218f51"
              }
            ],
            "spec": [
              {
                "allocate_load_balancer_node_ports": true,
                "cluster_ip": "None",
                "cluster_ips": [
                  "None"
                ],
                "external_ips": null,
                "external_name": "",
                "external_traffic_policy": "",
                "health_check_node_port": 0,
                "internal_traffic_policy": "Cluster",
                "ip_families": [
                  "IPv4"
                ],
                "ip_family_policy": "SingleStack",
                "load_balancer_class": "",
                "load_balancer_ip": "",
                "load_balancer_source_ranges": null,
                "port": [
                  {
                    "app_protocol": "",
                    "name": "",
                    "node_port": 0,
                    "port": 5432,
                    "protocol": "TCP",
                    "target_port": "5432"
                  }
                ],
                "publish_not_ready_addresses": false,
                "selector": {
                  "app": "postgres"
                },
                "session_affinity": "None",
                "session_affinity_config": [],
                "type": "ClusterIP"
              }
            ],
            "status": [
              {
                "load_balancer": [
                  {
                    "ingress": []
                  }
                ]
              }
            ],
            "timeouts": null,
            "wait_for_load_balancer": true
          },
          "sensitive_attributes": [],
          "identity_schema_version": 1,
          "identity": {
            "api_version": "v1",
            "kind": "Service",
            "name": "postgres",
            "namespace": "nike-dev"
          },
          "private": "eyJlMmJmYjczMC1lY2FhLTExZTYtOGY4OC0zNDM2M2JjN2M0YzAiOnsiY3JlYXRlIjo2MDAwMDAwMDAwMDB9LCJzY2hlbWFfdmVyc2lvbiI6IjEifQ==",
          "dependencies": [
            "kubernetes_namespace.client_env"
          ]
        },
        {
          "index_key": "nike-prod",
          "schema_version": 1,
          "attributes": {
            "id": "nike-prod/postgres",
            "metadata": [
              {
                "annotations": null,
                "generate_name": "",
                "generation": 0,
                "labels": null,
                "name": "postgres",
                "namespace": "nike-prod",
                "resource_version": "830",
                "uid": "b7a52566-9563-450c-a93d-e83cc8400005"
              }
            ],
            "spec": [
              {
                "allocate_load_balancer_node_ports": true,
                "cluster_ip": "None",
                "cluster_ips": [
                  "None"
                ],
                "external_ips": null,
                "external_name": "",
                "external_traffic_policy": "",
                "health_check_node_port": 0,
                "internal_traffic_policy": "Cluster",
                "ip_families": [
                  "IPv4"
                ],
                "ip_family_policy": "SingleStack",
                "load_balancer_class": "",
                "load_balancer_ip": "",
                "load_balancer_source_ranges": null,
                "port": [
                  {
                    "app_protocol": "",
                    "name": "",
                    "node_port": 0,
                    "port": 5432,
                    "protocol": "TCP",
                    "target_port": "5432"
                  }
                ],
                "publish_not_ready_addresses": false,
                "selector": {
                  "app": "postgres"
                },
                "session_affinity": "None",
                "session_affinity_config": [],
                "type": "ClusterIP"
              }
            ],
            "status": [
              {
                "load_balancer": [
                  {
                    "ingress": []
                  }
                ]
              }
            ],
            "timeouts": null,
            "wait_for_load_balancer": true
          },
          "sensitive_attributes": [],
          "identity_schema_version": 1,
          "identity": {
            "api_version": "v1",
            "kind": "Service",
            "name": "postgres",
            "namespace": "nike-prod"
          },
          "private": "eyJlMmJmYjczMC1lY2FhLTExZTYtOGY4OC0zNDM2M2JjN2M0YzAiOnsiY3JlYXRlIjo2MDAwMDAwMDAwMDB9LCJzY2hlbWFfdmVyc2lvbiI6IjEifQ==",
          "dependencies": [
            "kubernetes_namespace.client_env"
          ]
        },
        {
          "index_key": "nike-qa",
          "schema_version": 1,
          "attributes": {
            "id": "nike-qa/postgres",
            "metadata": [
              {
                "annotations": null,
                "generate_name": "",
                "generation": 0,
                "labels": null,
                "name": "postgres",
                "namespace": "nike-qa",
                "resource_version": "1169",
                "uid": "537fb681-2212-4092-9895-98df7d07cc9f"
              }
            ],
            "spec": [
              {
                "allocate_load_balancer_node_ports": true,
                "cluster_ip": "None",
                "cluster_ips": [
                  "None"
                ],
                "external_ips": null,
                "external_name": "",
                "external_traffic_policy": "",
                "health_check_node_port": 0,
                "internal_traffic_policy": "Cluster",
                "ip_families": [
                  "IPv4"
                ],
                "ip_family_policy": "SingleStack",
                "load_balancer_class": "",
                "load_balancer_ip": "",
                "load_balancer_source_ranges": null,
                "port": [
                  {
                    "app_protocol": "",
                    "name": "",
                    "node_port": 0,
                    "port": 5432,
                    "protocol": "TCP",
                    "target_port": "5432"
                  }
                ],
                "publish_not_ready_addresses": false,
                "selector": {
                  "app": "postgres"
                },
                "session_affinity": "None",
                "session_affinity_config": [],
                "type": "ClusterIP"
              }
            ],
            "status": [
              {
                "load_balancer": [
                  {
                    "ingress": []
                  }
                ]
              }
            ],
            "timeouts": null,
            "wait_for_load_balancer": true
          },
          "sensitive_attributes": [],
          "identity_schema_version": 1,
          "identity": {
            "api_version": "v1",
            "kind": "Service",
            "name": "postgres",
            "namespace": "nike-qa"
          },
          "private": "eyJlMmJmYjczMC1lY2FhLTExZTYtOGY4OC0zNDM2M2JjN2M0YzAiOnsiY3JlYXRlIjo2MDAwMDAwMDAwMDB9LCJzY2hlbWFfdmVyc2lvbiI6IjEifQ==",
          "dependencies": [
            "kubernetes_namespace.client_env"
          ]
        }
      ]
    },
    {
      "mode": "managed",
      "type": "kubernetes_storage_class",
      "name": "postgres",
      "provider": "provider[\"registry.terraform.io/hashicorp/kubernetes\"]",
      "instances": [
        {
          "index_key": "airbnb-dev",
          "schema_version": 0,
          "attributes": {
            "allow_volume_expansion": true,
            "allowed_topologies": [],
            "id": "postgres-storage-dev",
            "metadata": [
              {
                "annotations": {},
                "generate_name": "",
                "generation": 0,
                "labels": {},
                "name": "postgres-storage-dev",
                "resource_version": "761",
                "uid": "c4a2e3ed-cb9c-4d1b-9f56-8a0fade107e7"
              }
            ],
            "mount_options": [],
            "parameters": {},
            "reclaim_policy": "Delete",
            "storage_provisioner": "k8s.io/minikube-hostpath",
            "volume_binding_mode": "Immediate"
          },
          "sensitive_attributes": [],
          "identity_schema_version": 0,
          "private": "bnVsbA=="
        },
        {
          "index_key": "airbnb-prod",
          "schema_version": 0,
          "attributes": {
            "allow_volume_expansion": true,
            "allowed_topologies": [],
            "id": "postgres-storage-prod",
            "metadata": [
              {
                "annotations": null,
                "generate_name": "",
                "generation": 0,
                "labels": null,
                "name": "postgres-storage-prod",
                "resource_version": "816",
                "uid": "96d8bfb8-8deb-4ae6-b8b5-4a9679b2c1b2"
              }
            ],
            "mount_options": null,
            "parameters": null,
            "reclaim_policy": "Delete",
            "storage_provisioner": "k8s.io/minikube-hostpath",
            "volume_binding_mode": "Immediate"
          },
          "sensitive_attributes": [],
          "identity_schema_version": 0,
          "private": "bnVsbA=="
        },
        {
          "index_key": "mcdonalds-beta",
          "schema_version": 0,
          "attributes": {
            "allow_volume_expansion": true,
            "allowed_topologies": [],
            "id": "postgres-storage-beta",
            "metadata": [
              {
                "annotations": null,
                "generate_name": "",
                "generation": 0,
                "labels": null,
                "name": "postgres-storage-beta",
                "resource_version": "818",
                "uid": "15043ffc-33fe-4b5c-9336-6c63dad18cd2"
              }
            ],
            "mount_options": null,
            "parameters": null,
            "reclaim_policy": "Delete",
            "storage_provisioner": "k8s.io/minikube-hostpath",
            "volume_binding_mode": "Immediate"
          },
          "sensitive_attributes": [],
          "identity_schema_version": 0,
          "private": "bnVsbA=="
        },
        {
          "index_key": "nike-qa",
          "schema_version": 0,
          "attributes": {
            "allow_volume_expansion": true,
            "allowed_topologies": [],
            "id": "postgres-storage-qa",
            "metadata": [
              {
                "annotations": null,
                "generate_name": "",
                "generation": 0,
                "labels": null,
                "name": "postgres-storage-qa",
                "resource_version": "817",
                "uid": "e64083d6-e360-4fe6-8675-585e53868e3c"
              }
            ],
            "mount_options": null,
            "parameters": null,
            "reclaim_policy": "Delete",
            "storage_provisioner": "k8s.io/minikube-hostpath",
            "volume_binding_mode": "Immediate"
          },
          "sensitive_attributes": [],
          "identity_schema_version": 0,
          "private": "bnVsbA=="
        }
      ]
    },
    {
      "mode": "managed",
      "type": "minikube_cluster",
      "name": "cluster",
      "provider": "provider[\"registry.terraform.io/scott-the-programmer/minikube\"]",
      "instances": [
        {
          "index_key": "airbnb-dev",
          "schema_version": 0,
          "attributes": {
            "addons": [
              "default-storageclass",
              "ingress",
              "storage-provisioner"
            ],
            "apiserver_ips": [],
            "apiserver_name": "minikubeCA",
            "apiserver_names": [],
            "apiserver_port": 8443,
            "auto_pause_interval": 1,
            "auto_update_drivers": true,
            "base_image": "gcr.io/k8s-minikube/kicbase:v0.0.44@sha256:eb04641328b06c5c4a14f4348470e1046bbcf9c2cbc551486e343d3a49db557e",
            "binary_mirror": null,
            "cache_images": true,
            "cert_expiration": 1576800,
            "client_certificate": "-----BEGIN CERTIFICATE-----\nMIIDITCCAgmgAwIBAgIBAjANBgkqhkiG9w0BAQsFADAVMRMwEQYDVQQDEwptaW5p\na3ViZUNBMB4XDTI2MDExODIxMzgyMVoXDTI5MDExODIxMzgyMVowMTEXMBUGA1UE\nChMOc3lzdGVtOm1hc3RlcnMxFjAUBgNVBAMTDW1pbmlrdWJlLXVzZXIwggEiMA0G\nCSqGSIb3DQEBAQUAA4IBDwAwggEKAoIBAQDpWymvQMe5+jQDjAwz3MrZ/1tiN733\n/k4PxNYqbDQ6bax1ynr4qfNNdOZJPPy6DIa9DpDYxc8MRnobQRLR/gtR6eIOPEd5\njzTRVGaGMkhUFaRVGROJQ9an5hLb1kj46rKxClrgt5Q890b2u4uucKBeK756zg7l\n/e2fKTxGEBxxJGw6YbI4J2+3oybtLeHXpCw822kSMIsjvvL+xrTiE5S8/ziYcQHy\nUP0LQD3sZXJYRY33Inm/NHnOSXqgigHnOCn+Ljzrr8R1TOrPXMLWyrHmw/f+816w\noVuIIpXtB39GSfFywqtilsaJVg/6g2YE8DunYyuQCBPJOZ28exMbe5hRAgMBAAGj\nYDBeMA4GA1UdDwEB/wQEAwIFoDAdBgNVHSUEFjAUBggrBgEFBQcDAQYIKwYBBQUH\nAwIwDAYDVR0TAQH/BAIwADAfBgNVHSMEGDAWgBQTfNNIn+28X9MJJVTCoAA+m6Ra\nHDANBgkqhkiG9w0BAQsFAAOCAQEASZfZohLCefYnqBu3SAT6xmTh969P382WbqPi\na7eCuA4Yup215xY22MuOadZIi9TAwcDDMlPIHkDjuPGMzeFhAXS/52q7oCfSaHmv\nUNfHm9+oKEEGUu+E9QIv84vLLoHmUWrISkmH9thEIUzg3LoKmay6QossKwvVOLfr\nDSHE7NtSQXJa0WfNntPcvlXziPPV2YQ95bg+SOtCbP6Cjdgk+6xdSygl26XuuPOy\nVCUqxZ+iUGPFJlFQbV+reFKjcVhnDgYJHMhx6jkGJqPkYNF6+A6egImzaV5QUYxv\nkJPpAcm1Xm7+3EBgrkATmf/WNo0+raCuRr/GiecHb+j8fCh5eA==\n-----END CERTIFICATE-----\n",
            "client_key": "-----BEGIN RSA PRIVATE KEY-----\nMIIEpQIBAAKCAQEA6Vspr0DHufo0A4wMM9zK2f9bYje99/5OD8TWKmw0Om2sdcp6\n+KnzTXTmSTz8ugyGvQ6Q2MXPDEZ6G0ES0f4LUeniDjxHeY800VRmhjJIVBWkVRkT\niUPWp+YS29ZI+OqysQpa4LeUPPdG9ruLrnCgXiu+es4O5f3tnyk8RhAccSRsOmGy\nOCdvt6Mm7S3h16QsPNtpEjCLI77y/sa04hOUvP84mHEB8lD9C0A97GVyWEWN9yJ5\nvzR5zkl6oIoB5zgp/i4866/EdUzqz1zC1sqx5sP3/vNesKFbiCKV7Qd/RknxcsKr\nYpbGiVYP+oNmBPA7p2MrkAgTyTmdvHsTG3uYUQIDAQABAoIBAHGACbJYC80FSS9A\net7u0Ste7I/FFPz+D/HTh2dy4aRZm7xfE5jG8LQH28pbg4Dqfs6Nux30eFQ8I0AG\nUqUYr2DUJUNPRmR1pvb52jQDWPKs5BUP8VSeTlWzrhCHFU8cuHUr2C/cmplcnIN9\njN73oMis9iS8/LoY2+7CG7LoOy074AxR5x4QQNZva4KeuveDMDodvz8kXEq22auG\nWh97uVbQSXN1VYw3BjOM3vGkZ03lVQrCoUgNU1aaaRyvIAcP462ql6vXlCIW1bNZ\nnLR7MbQ8ZGY0RjGw6zbvmpOy/OtldYSZLD53XL+exvYY5+EoNMRn4C115dBiBvip\np+BoycECgYEA66RrCXwe38ok/5BfqAkdnvutQs2XdUhLoFa2epN+ugQ7b7Qa6hgc\nUYd5MeGH4bu6sJE45z4bxMWmx+kLmQb8sqyjpTKrs2Pg9iS21hfIZ4RzCsDuV7q1\nBJCXiSRcw0hDzSoEROdvCe+4O8xGfftDfvixIuecZUW3jSccuIXKFWUCgYEA/YQu\n2W98YTqvk+UPQ+A1eL+rrlcSnelueA/8ZMr8GIp+Eo4wLZ7NkCf5JCXSuzjjHou5\nvRRuOjjvzJWRhJ0oM5ZuHqBBAcun1mNF53429QisBtManJSoSvQdhoJVeJNyrtpH\nNjNspmkEF6rJHSe14IdGBtDptjzFb1x4mGArLn0CgYEA54+xJ6bzaBNrfEDR33zl\nwN+tiaIjHjunJa9Qru/WbtHN3p1sfXKoEW5BqMTqFOe4M97hvkwIWbupg3X90alO\nFf8U6Tf8BtM1tGyrx4OjiiZcLssc7NUrIYs9fqVfCwAusKSDgXq0YV1S/GBnPVH3\nKAUXfSeBRvvVvj4bOTEwPwkCgYEA3a8kuIZAoVUMC6uVeakpmPkiS0Vgxi1FqD9y\nWUEWyO7x54/mmT3wS0ppFi7s40KPeDp+pNSkvszjBGcV5Hz4loPIr4c60TMhBNuy\nWQeJTyPSKfWXo6xqrYBiASkfTFzDQBsngkHdlHboWTnCu3fqFvizR2qPtAfYLdUS\nr0wI9pECgYEAlA+tcfsJn5P9962ols3YI/jvMa8TLlt+UloyryJzPTDg4yIEbRvF\ngw6dKAD+jPfLiTcrL8xPCJiZWlANSeBJjxbnPEJf55Fe4Z9ZOpDPvmwuJSkIMkE5\nSbansNM1XlcGj0PwvOA119wlH5wXZUpptOlCkfW0/akl6HJoizX9wz0=\n-----END RSA PRIVATE KEY-----\n",
            "cluster_ca_certificate": "-----BEGIN CERTIFICATE-----\nMIIDBjCCAe6gAwIBAgIBATANBgkqhkiG9w0BAQsFADAVMRMwEQYDVQQDEwptaW5p\na3ViZUNBMB4XDTI2MDExODIxMTU0MVoXDTM2MDExNzIxMTU0MVowFTETMBEGA1UE\nAxMKbWluaWt1YmVDQTCCASIwDQYJKoZIhvcNAQEBBQADggEPADCCAQoCggEBAOLJ\nbU2TN0pUtTOmDpgbSmL0QsBKPX2hVUS1ZXu4X8xGbkg65ug2TJ1fBDISmg5uOsyM\nTB6/f3RLT7NnHlwuWPxYsHBxx8b6VNAPtMLf91jZgyMMWnIRyHjEhLvyQOUpZv1T\nJvSriTB9aUu34Vx6jZKCqNYlaEB/2KYapL77TkQFLAG0+7x7SSlrJfVxYEiu8coX\nY1Is/YhHJvl34pO/+Ix97t+UM4WY39aRTAhYak8QcmC7cFUzNl2idhKMrx3HUl4t\ndjvQ1nz+DEJ+yi0/Dewy4T3GoXcflwkPQAhWp7zyWMxAEWB3VRmRvpgUvWLbAuWV\nUgm0hW0ZD09Qm0WQBLcCAwEAAaNhMF8wDgYDVR0PAQH/BAQDAgKkMB0GA1UdJQQW\nMBQGCCsGAQUFBwMCBggrBgEFBQcDATAPBgNVHRMBAf8EBTADAQH/MB0GA1UdDgQW\nBBQTfNNIn+28X9MJJVTCoAA+m6RaHDANBgkqhkiG9w0BAQsFAAOCAQEAZIsArfRl\nhWKC95cYaOvHQwxyJ3LAL+82TWgdEqNpznl1QupNt5pWRTRmthPuf4eSmmtdAstB\nOs1IMbyoOyqqCmU9dUtqv3vlyv2ZoGlblkaih67PyXl/+anCDwaOuYWeNf6ggcZP\nAcXAGKoFniN+ZOaRVCzpOV24MQCiNHndYixYHOROQElQyriGVTz4us1DQcRrqcxS\njltpgH0aHS7F9Xc+kF4n1ofeJ8+KB5HXuFGPcYRA8RnBsZBNlUwyziemfmoOYjJq\nFALEFtH2LieOAkjaiSs9Bxe0+EyuwX2SbgBl79mEx4BCSLcjbcQWaEJHYugei4j/\nJGSLZUuWMeklGA==\n-----END CERTIFICATE-----\n",
            "cluster_name": "airbnb-dev",
            "cni": "",
            "container_runtime": "docker",
            "cpus": 2,
            "cri_socket": "",
            "delete_on_failure": false,
            "disable_driver_mounts": false,
            "disable_metrics": false,
            "disable_optimizations": false,
            "disk_size": "20000mb",
            "dns_domain": "cluster.local",
            "dns_proxy": false,
            "docker_env": null,
            "docker_opt": null,
            "download_only": false,
            "driver": "docker",
            "dry_run": false,
            "embed_certs": false,
            "enable_default_cni": false,
            "extra_config": [],
            "extra_disks": 0,
            "feature_gates": "",
            "force": false,
            "force_systemd": false,
            "gpus": null,
            "ha": false,
            "host": "https://192.168.49.2:8443",
            "host_dns_resolver": true,
            "host_only_cidr": "192.168.59.1/24",
            "host_only_nic_type": "virtio",
            "hyperkit_vpnkit_sock": "",
            "hyperkit_vsock_ports": [],
            "hyperv_external_adapter": "",
            "hyperv_use_external_switch": false,
            "hyperv_virtual_switch": "",
            "id": "airbnb-dev",
            "image_mirror_country": null,
            "image_repository": "",
            "insecure_registry": [],
            "install_addons": true,
            "interactive": true,
            "iso_url": [
              "https://github.com/kubernetes/minikube/releases/download/v1.33.0/minikube-v1.33.0-amd64.iso"
            ],
            "keep_context": false,
            "kubernetes_version": null,
            "kvm_gpu": false,
            "kvm_hidden": false,
            "kvm_network": "default",
            "kvm_numa_count": 1,
            "kvm_qemu_uri": "qemu:///system",
            "listen_address": "",
            "memory": "2048mb",
            "mount": false,
            "mount_9p_version": "9p2000.L",
            "mount_gid": "docker",
            "mount_ip": null,
            "mount_msize": 262144,
            "mount_options": null,
            "mount_port": 0,
            "mount_string": "/home:/minikube-host",
            "mount_type": "9p",
            "mount_uid": "docker",
            "namespace": "default",
            "nat_nic_type": "virtio",
            "native_ssh": true,
            "network": "",
            "network_plugin": null,
            "nfs_share": [],
            "nfs_shares_root": "/nfsshares",
            "no_kubernetes": false,
            "no_vtx_check": false,
            "nodes": 1,
            "output": "text",
            "ports": [],
            "preload": true,
            "qemu_firmware_path": null,
            "registry_mirror": [],
            "service_cluster_ip_range": "10.96.0.0/12",
            "socket_vmnet_client_path": "/usr/local/opt/socket_vmnet/bin/socket_vmnet_client",
            "socket_vmnet_path": "/usr/local/var/run/socket_vmnet",
            "ssh_ip_address": "",
            "ssh_key": "",
            "ssh_port": 22,
            "ssh_user": "root",
            "static_ip": null,
            "subnet": null,
            "trace": null,
            "uuid": "",
            "vm": true,
            "vm_driver": null,
            "wait": null,
            "wait_timeout": 6
          },
          "sensitive_attributes": [
            [
              {
                "type": "get_attr",
                "value": "client_certificate"
              }
            ],
            [
              {
                "type": "get_attr",
                "value": "client_key"
              }
            ],
            [
              {
                "type": "get_attr",
                "value": "cluster_ca_certificate"
              }
            ]
          ],
          "identity_schema_version": 0,
          "private": "bnVsbA=="
        },
        {
          "index_key": "airbnb-prod",
          "schema_version": 0,
          "attributes": {
            "addons": [
              "default-storageclass",
              "ingress",
              "storage-provisioner"
            ],
            "apiserver_ips": [],
            "apiserver_name": "minikubeCA",
            "apiserver_names": [],
            "apiserver_port": 8443,
            "auto_pause_interval": 1,
            "auto_update_drivers": true,
            "base_image": "gcr.io/k8s-minikube/kicbase:v0.0.44@sha256:eb04641328b06c5c4a14f4348470e1046bbcf9c2cbc551486e343d3a49db557e",
            "binary_mirror": null,
            "cache_images": true,
            "cert_expiration": 1576800,
            "client_certificate": "-----BEGIN CERTIFICATE-----\nMIIDITCCAgmgAwIBAgIBAjANBgkqhkiG9w0BAQsFADAVMRMwEQYDVQQDEwptaW5p\na3ViZUNBMB4XDTI2MDExODIxNDUzNVoXDTI5MDExODIxNDUzNVowMTEXMBUGA1UE\nChMOc3lzdGVtOm1hc3RlcnMxFjAUBgNVBAMTDW1pbmlrdWJlLXVzZXIwggEiMA0G\nCSqGSIb3DQEBAQUAA4IBDwAwggEKAoIBAQC044GanTsrgKvDlZdhiVPU5QTejIqR\n0Q9lRhwM0/YtVKcG2YyQoKqbvk3G7Zy3qxtj2eHhmFiHNkwhUmuia58+FGBPhBzo\nJAnpw8prPOJJvo+qzLq2C7r6fgnXUf2KDQkKu91GoU6l4yyuu/Kl7UvYlpHin7BH\n74uMURIQQUf9ajbL3a/w9/lW3afvCx6f0gdqbgjzq+r3DAdHUNDQ/ZiphxAoHfM0\nEvxRAL4Id5XcaV2d/BIOchtbjScVRs4/GVZ0a/z3TYdBMhEOL6TBWd9UJMIVqq4E\nIkXlkEZl9mWrxjbzWk2AVAIJ/dTmfyJ9lT4wpQtev/+/HgIxVut/iuXrAgMBAAGj\nYDBeMA4GA1UdDwEB/wQEAwIFoDAdBgNVHSUEFjAUBggrBgEFBQcDAQYIKwYBBQUH\nAwIwDAYDVR0TAQH/BAIwADAfBgNVHSMEGDAWgBQTfNNIn+28X9MJJVTCoAA+m6Ra\nHDANBgkqhkiG9w0BAQsFAAOCAQEATYP26o/Madmdw+fTqKxxY+eQcZmIrB+Om5J7\nFls3sywaO+ufzmay7clI9GOnampujHBpgD2Ob9rw37pB/H7KJQSpICmYQL1GXUQe\n0l7sNtoAwlZppIclApVMcZ80+dvrbH/Adx+9z8qIaS1dF+cmot3Hn2ALO5aTfOe2\n8Py9q8Win7Yqpv7cx3AapCb/hmptQmHLGmSZB9peZfY93jJ3DIarsHQ+R9CsDphV\nCrePuzsCzP63bSzY40/xDNKxkvEaD+GwcWScv4KZYOV6NxOM2V7dpUoaUOXCGUNZ\nyjk6nU3ZyXhGUWQGtijcHRIukw2JQLSZKKxgidV/t5ro+fpmQg==\n-----END CERTIFICATE-----\n",
            "client_key": "-----BEGIN RSA PRIVATE KEY-----\nMIIEowIBAAKCAQEAtOOBmp07K4Crw5WXYYlT1OUE3oyKkdEPZUYcDNP2LVSnBtmM\nkKCqm75Nxu2ct6sbY9nh4ZhYhzZMIVJromufPhRgT4Qc6CQJ6cPKazziSb6Pqsy6\ntgu6+n4J11H9ig0JCrvdRqFOpeMsrrvype1L2JaR4p+wR++LjFESEEFH/Wo2y92v\n8Pf5Vt2n7wsen9IHam4I86vq9wwHR1DQ0P2YqYcQKB3zNBL8UQC+CHeV3GldnfwS\nDnIbW40nFUbOPxlWdGv8902HQTIRDi+kwVnfVCTCFaquBCJF5ZBGZfZlq8Y281pN\ngFQCCf3U5n8ifZU+MKULXr//vx4CMVbrf4rl6wIDAQABAoIBAGAkf9E++qEPnbux\nuakkxYLlSuZCirAgDu/ECMqkqjbDxJb2cCi6zJNE3a/6wQ46Cq/SsaUnRP5w1Jvt\nY7oLO7NSPzJkRLz50q8F2oOO87NAbrnYYPC7YWEcNnzUXk7OyNyEp4KP3+55xVkG\nGl0ot+Rhex6Zw6coYeJtgI1VNT8yHQHgsB8s5g48KRj+GqIo33St//m63urKZ1Ji\nsypLYMrrfhpd+wHp709tryPwuLpshbYv9KbYFww4PPOS2EuuEGcd29Xc97yJacei\nlxewYBU1cIjtLlJzwivDf2mkDrVF7wAzAwm6CgyqkvDUAPJ5Z9XUy4QwTL6+viHy\nggE7NEECgYEA4I/5yrzj8YZEaMG0jt/oVoxQH0S6vAhtvVI5iuTr9CNaTRFtQoQ+\nko8pL5XupvE1sCx6GzfjRvrJ6Oz1zvNdNKW7g7WyqBvx6F7QUXgFBk8zc54y4T3k\n2JP2hHLSpla9znQRRocNyAkl2bPZSYNSeBQPtZAkYl1vbAx0NoY9pAsCgYEAzjZS\nV2YPoGavfacfbe7wCUTZoAt6nIkVq8OdarSofMx2Q0UMntfn+5hXG4zl5c3zGQZ9\nJOuHDCSA01BhFB67bupblOYz2BJcl1vM1w0Kj+k3jbKjwwvpRblU8b+6Oux9rgdI\n8dThN/3ieL5u1Pu+KO3nKQrSjTo0fDmmb2vmEaECgYB+TdyEQFvA0/EULqccmSl3\nzHGgNKsG6YK3slC1I27nIR9AK6YVfIYpLqZOonjZot+8mDeRqYyGtrXr8aOL4+uv\nmevu97plvVoBhZqLyAKjetaImBksAQD/I7HK6z452p3lSfkRfxKsSSDl4rc7FsbC\nzR3M1CbywHTUA+k1Zamz4wKBgCmeZxICpEbAUszubPZ4EfQc9DtL9cwgEsKe8Wd2\n3MaLUZcUGY75jnWF8pa54jB2V4kGeT15V8FIoMOFZoJ0DWo+XIt5xp7mXc+ilH4W\nwLn43OB5XHniLouG8zDzfDemQVtdVwiP6YCuegXakW3k/SUvlsb+yy37wFoOHJxC\nT6XhAoGBANYEmWDFGhiHBzAUq81aJMQcg+krKeMlP8ZB2oph+Op2C0Xa0XTpZycL\nUTCsrEE7l4XW5DVZKt7VvcmbQMh85RDJb9DUAGSdqrZK/9F+jELgJCOU8xKorz82\nb3Oj2C6Egk7zLD+cfI/ety3pUO5LXq065S29QeyZanO0rB01Bktn\n-----END RSA PRIVATE KEY-----\n",
            "cluster_ca_certificate": "-----BEGIN CERTIFICATE-----\nMIIDBjCCAe6gAwIBAgIBATANBgkqhkiG9w0BAQsFADAVMRMwEQYDVQQDEwptaW5p\na3ViZUNBMB4XDTI2MDExODIxMTU0MVoXDTM2MDExNzIxMTU0MVowFTETMBEGA1UE\nAxMKbWluaWt1YmVDQTCCASIwDQYJKoZIhvcNAQEBBQADggEPADCCAQoCggEBAOLJ\nbU2TN0pUtTOmDpgbSmL0QsBKPX2hVUS1ZXu4X8xGbkg65ug2TJ1fBDISmg5uOsyM\nTB6/f3RLT7NnHlwuWPxYsHBxx8b6VNAPtMLf91jZgyMMWnIRyHjEhLvyQOUpZv1T\nJvSriTB9aUu34Vx6jZKCqNYlaEB/2KYapL77TkQFLAG0+7x7SSlrJfVxYEiu8coX\nY1Is/YhHJvl34pO/+Ix97t+UM4WY39aRTAhYak8QcmC7cFUzNl2idhKMrx3HUl4t\ndjvQ1nz+DEJ+yi0/Dewy4T3GoXcflwkPQAhWp7zyWMxAEWB3VRmRvpgUvWLbAuWV\nUgm0hW0ZD09Qm0WQBLcCAwEAAaNhMF8wDgYDVR0PAQH/BAQDAgKkMB0GA1UdJQQW\nMBQGCCsGAQUFBwMCBggrBgEFBQcDATAPBgNVHRMBAf8EBTADAQH/MB0GA1UdDgQW\nBBQTfNNIn+28X9MJJVTCoAA+m6RaHDANBgkqhkiG9w0BAQsFAAOCAQEAZIsArfRl\nhWKC95cYaOvHQwxyJ3LAL+82TWgdEqNpznl1QupNt5pWRTRmthPuf4eSmmtdAstB\nOs1IMbyoOyqqCmU9dUtqv3vlyv2ZoGlblkaih67PyXl/+anCDwaOuYWeNf6ggcZP\nAcXAGKoFniN+ZOaRVCzpOV24MQCiNHndYixYHOROQElQyriGVTz4us1DQcRrqcxS\njltpgH0aHS7F9Xc+kF4n1ofeJ8+KB5HXuFGPcYRA8RnBsZBNlUwyziemfmoOYjJq\nFALEFtH2LieOAkjaiSs9Bxe0+EyuwX2SbgBl79mEx4BCSLcjbcQWaEJHYugei4j/\nJGSLZUuWMeklGA==\n-----END CERTIFICATE-----\n",
            "cluster_name": "airbnb-prod",
            "cni": "",
            "container_runtime": "docker",
            "cpus": 2,
            "cri_socket": "",
            "delete_on_failure": false,
            "disable_driver_mounts": false,
            "disable_metrics": false,
            "disable_optimizations": false,
            "disk_size": "20000mb",
            "dns_domain": "cluster.local",
            "dns_proxy": false,
            "docker_env": null,
            "docker_opt": null,
            "download_only": false,
            "driver": "docker",
            "dry_run": false,
            "embed_certs": false,
            "enable_default_cni": false,
            "extra_config": null,
            "extra_disks": 0,
            "feature_gates": "",
            "force": false,
            "force_systemd": false,
            "gpus": null,
            "ha": false,
            "host": "https://192.168.76.2:8443",
            "host_dns_resolver": true,
            "host_only_cidr": "192.168.59.1/24",
            "host_only_nic_type": "virtio",
            "hyperkit_vpnkit_sock": "",
            "hyperkit_vsock_ports": [],
            "hyperv_external_adapter": "",
            "hyperv_use_external_switch": false,
            "hyperv_virtual_switch": "",
            "id": "airbnb-prod",
            "image_mirror_country": null,
            "image_repository": "",
            "insecure_registry": [],
            "install_addons": true,
            "interactive": true,
            "iso_url": [
              "https://github.com/kubernetes/minikube/releases/download/v1.33.0/minikube-v1.33.0-amd64.iso"
            ],
            "keep_context": false,
            "kubernetes_version": null,
            "kvm_gpu": false,
            "kvm_hidden": false,
            "kvm_network": "default",
            "kvm_numa_count": 1,
            "kvm_qemu_uri": "qemu:///system",
            "listen_address": "",
            "memory": "2048mb",
            "mount": false,
            "mount_9p_version": "9p2000.L",
            "mount_gid": "docker",
            "mount_ip": null,
            "mount_msize": 262144,
            "mount_options": null,
            "mount_port": 0,
            "mount_string": "/home:/minikube-host",
            "mount_type": "9p",
            "mount_uid": "docker",
            "namespace": "default",
            "nat_nic_type": "virtio",
            "native_ssh": true,
            "network": "",
            "network_plugin": null,
            "nfs_share": [],
            "nfs_shares_root": "/nfsshares",
            "no_kubernetes": false,
            "no_vtx_check": false,
            "nodes": 1,
            "output": "text",
            "ports": [],
            "preload": true,
            "qemu_firmware_path": null,
            "registry_mirror": [],
            "service_cluster_ip_range": "10.96.0.0/12",
            "socket_vmnet_client_path": "/usr/local/opt/socket_vmnet/bin/socket_vmnet_client",
            "socket_vmnet_path": "/usr/local/var/run/socket_vmnet",
            "ssh_ip_address": "",
            "ssh_key": "",
            "ssh_port": 22,
            "ssh_user": "root",
            "static_ip": null,
            "subnet": null,
            "trace": null,
            "uuid": "",
            "vm": true,
            "vm_driver": null,
            "wait": null,
            "wait_timeout": 6
          },
          "sensitive_attributes": [
            [
              {
                "type": "get_attr",
                "value": "client_certificate"
              }
            ],
            [
              {
                "type": "get_attr",
                "value": "client_key"
              }
            ],
            [
              {
                "type": "get_attr",
                "value": "cluster_ca_certificate"
              }
            ]
          ],
          "identity_schema_version": 0,
          "private": "bnVsbA=="
        },
        {
          "index_key": "mcdonalds-dev",
          "schema_version": 0,
          "attributes": {
            "addons": [
              "default-storageclass",
              "ingress",
              "storage-provisioner"
            ],
            "apiserver_ips": [],
            "apiserver_name": "minikubeCA",
            "apiserver_names": [],
            "apiserver_port": 8443,
            "auto_pause_interval": 1,
            "auto_update_drivers": true,
            "base_image": "gcr.io/k8s-minikube/kicbase:v0.0.44@sha256:eb04641328b06c5c4a14f4348470e1046bbcf9c2cbc551486e343d3a49db557e",
            "binary_mirror": null,
            "cache_images": true,
            "cert_expiration": 1576800,
            "client_certificate": "-----BEGIN CERTIFICATE-----\nMIIDITCCAgmgAwIBAgIBAjANBgkqhkiG9w0BAQsFADAVMRMwEQYDVQQDEwptaW5p\na3ViZUNBMB4XDTI2MDExODIxNDQxMFoXDTI5MDExODIxNDQxMFowMTEXMBUGA1UE\nChMOc3lzdGVtOm1hc3RlcnMxFjAUBgNVBAMTDW1pbmlrdWJlLXVzZXIwggEiMA0G\nCSqGSIb3DQEBAQUAA4IBDwAwggEKAoIBAQDFxkxKzDllXvvm+9XTVqX15isDG586\nKuG2TcilZI19pq/amltUOHvPDAGeAt0ObmTWmfCxxyrl9KyHXdBbj1D+tvioHm57\nTno87fP99aHVoRY6CZks8RZ7J4Xyrl4SGHdXSeBmNg7T82ZJUv0MCq8jQ7EgRZfI\nPoX8/IbepIFxhiQERRGQ0/WKSfiQ7Q+KEchMBHl8aEl2CmULBfqLn/4NDa0ZVy1E\nMZDOMPxIFl+uFxVmaN2+K66eBtnq3/bh4mW0SpZqclCBdqCBabF//ogdxAabYEy+\na950k8xeQx8HV7twT1wQzEexO53zCXtM8W8Xpi9tOq0/kBBWsHYpqdETAgMBAAGj\nYDBeMA4GA1UdDwEB/wQEAwIFoDAdBgNVHSUEFjAUBggrBgEFBQcDAQYIKwYBBQUH\nAwIwDAYDVR0TAQH/BAIwADAfBgNVHSMEGDAWgBQTfNNIn+28X9MJJVTCoAA+m6Ra\nHDANBgkqhkiG9w0BAQsFAAOCAQEAo4AFRKuTuWwB0tz4TF5f1CFSV2zYkVGnEOIQ\nUyfpfg7seVLDmhj7ali3p2r0idxD8roJgMmKUAHE1UD7ElR8dlSY0RlYwegBMZqK\nXz3chfMei5ZK8JCiP2LFWccdg6gghoAPxfswiJwB/dLg3zhJFnkSXSCiU5yJ16dD\n3Mupa3ISSvHM984HpsNaCWuvLQRQ+gtmTBAxeSYQpB0dDXo1CbsASmMnZ00Z2L1m\nrm/mkaoPPDw72ZFDnHg13bqq8gPzolGi5z+0sMxXX8QlWTvuW2ZWiC1n+qwRSSs8\nUnFo27wOYfDIpbwQKrr+HG+xWO4tU3xMGXOFjDlUeHKo1wo77w==\n-----END CERTIFICATE-----\n",
            "client_key": "-----BEGIN RSA PRIVATE KEY-----\nMIIEpAIBAAKCAQEAxcZMSsw5ZV775vvV01al9eYrAxufOirhtk3IpWSNfaav2ppb\nVDh7zwwBngLdDm5k1pnwsccq5fSsh13QW49Q/rb4qB5ue056PO3z/fWh1aEWOgmZ\nLPEWeyeF8q5eEhh3V0ngZjYO0/NmSVL9DAqvI0OxIEWXyD6F/PyG3qSBcYYkBEUR\nkNP1ikn4kO0PihHITAR5fGhJdgplCwX6i5/+DQ2tGVctRDGQzjD8SBZfrhcVZmjd\nviuungbZ6t/24eJltEqWanJQgXaggWmxf/6IHcQGm2BMvmvedJPMXkMfB1e7cE9c\nEMxHsTud8wl7TPFvF6YvbTqtP5AQVrB2KanREwIDAQABAoIBACjmTka1nzUAhJWL\nBPg0lhOZKtH0t2P/FDhwM4tIlR4kB3/spfBv0eLKd9cmfnKKj931bdpF9vAhPkCs\nPPeCVtymGBwkVvK3Ev5gszGUx4f3TTJpY7zwipajYMcEGj4hwyRRCc/5Y+2fC0sk\nl2ITH47qY8npum7Vxz2/N2D5oi9IkdSg9/Rteuc9ZBZ5dsFHOd84FOVvzQ6ZFfUb\ntPScorkXSodxS7W03aNaB37eChpLZqwsMew4fJLinTIXXxnUpdEabDwgMDMd90vd\nf2YltCVwlo4KYZzV6gpY5IppsoVtHnnNBQdWnYUkLLVQD7dXN316AFd4fQl1wmSB\nrxYgzykCgYEAzLNZBbERRmGpry4GZlhbV6NxSpekIywAgcx/RH+LHaj8X3bmgswA\nORDTKJQznIua/y4wnpqA/9cG6I+q+DqlmIOajAt6uUyKMRyuyTdd6i+7elvnoU5/\nQtqyYJAi2oM/2zHrV4JxwNriLQAmUgORsdf9zzhS1HvKCOqsoLPxNa0CgYEA91ac\ng3OdJVnrm+oAknAj+TKAeygl9yKdb8EhOGlmZPBV6iIhugipkEA8BNWccJWVZf6+\nWvk8F7dujdsJJnK7OyC0BQixqHv2FFpFBG9KdaMk8BURNA5MBHxW9+D4+uxAwNBy\nz5qegpxd04UvfYq/2UQ9CL4ZJ+QTxzHpXAIkeb8CgYEAh3qgDbtOcqWKt62fgLcz\n5UIAZl0MvlaOE1o0VTKQ8VV5ivlXwPOhpiMzjiTgL9jaAdAhT6d0f19ibCNCBb5T\nASkA7XVfiSpWQAD60aP6XVewHmCbYlBgu++gpXZgCv1ZEwrr9uQXw4tarGvv8NH5\n6JnKmw5tC8LOSa6ACHBv0ZUCgYA12gC3yitT35Eh4EABojLi5fD9X49skHfQxi7y\ndlhZ78307TuEorAwfRvUPaITDS57B4zwh8VisIh8kE0ctuw3AnbPhcYQlfTNF55h\nSc3fcQbw0tVtDRPWAjB5Rd1P3LJ4iKoGs3aBn4P6MsxVPClrJ6VWSvV1Lv5zZ1WU\nt86zRwKBgQCjvLbCNZ4vAk8TiQ8hdRqYINFam0rZwn8vOf9aKSh4aSsVoCqEkVlb\n4iIWr98NsJi7D4dBivXVUjbmwrLMA78U7Ho4aqU6fRQCSS8RNupgtQXyWukNdCg1\nPdUZl/F+Wcz/kqsDhPbSj5cRs+MPMhbnn32tAm453kEYWEkjFtKtsw==\n-----END RSA PRIVATE KEY-----\n",
            "cluster_ca_certificate": "-----BEGIN CERTIFICATE-----\nMIIDBjCCAe6gAwIBAgIBATANBgkqhkiG9w0BAQsFADAVMRMwEQYDVQQDEwptaW5p\na3ViZUNBMB4XDTI2MDExODIxMTU0MVoXDTM2MDExNzIxMTU0MVowFTETMBEGA1UE\nAxMKbWluaWt1YmVDQTCCASIwDQYJKoZIhvcNAQEBBQADggEPADCCAQoCggEBAOLJ\nbU2TN0pUtTOmDpgbSmL0QsBKPX2hVUS1ZXu4X8xGbkg65ug2TJ1fBDISmg5uOsyM\nTB6/f3RLT7NnHlwuWPxYsHBxx8b6VNAPtMLf91jZgyMMWnIRyHjEhLvyQOUpZv1T\nJvSriTB9aUu34Vx6jZKCqNYlaEB/2KYapL77TkQFLAG0+7x7SSlrJfVxYEiu8coX\nY1Is/YhHJvl34pO/+Ix97t+UM4WY39aRTAhYak8QcmC7cFUzNl2idhKMrx3HUl4t\ndjvQ1nz+DEJ+yi0/Dewy4T3GoXcflwkPQAhWp7zyWMxAEWB3VRmRvpgUvWLbAuWV\nUgm0hW0ZD09Qm0WQBLcCAwEAAaNhMF8wDgYDVR0PAQH/BAQDAgKkMB0GA1UdJQQW\nMBQGCCsGAQUFBwMCBggrBgEFBQcDATAPBgNVHRMBAf8EBTADAQH/MB0GA1UdDgQW\nBBQTfNNIn+28X9MJJVTCoAA+m6RaHDANBgkqhkiG9w0BAQsFAAOCAQEAZIsArfRl\nhWKC95cYaOvHQwxyJ3LAL+82TWgdEqNpznl1QupNt5pWRTRmthPuf4eSmmtdAstB\nOs1IMbyoOyqqCmU9dUtqv3vlyv2ZoGlblkaih67PyXl/+anCDwaOuYWeNf6ggcZP\nAcXAGKoFniN+ZOaRVCzpOV24MQCiNHndYixYHOROQElQyriGVTz4us1DQcRrqcxS\njltpgH0aHS7F9Xc+kF4n1ofeJ8+KB5HXuFGPcYRA8RnBsZBNlUwyziemfmoOYjJq\nFALEFtH2LieOAkjaiSs9Bxe0+EyuwX2SbgBl79mEx4BCSLcjbcQWaEJHYugei4j/\nJGSLZUuWMeklGA==\n-----END CERTIFICATE-----\n",
            "cluster_name": "mcdonalds-dev",
            "cni": "",
            "container_runtime": "docker",
            "cpus": 2,
            "cri_socket": "",
            "delete_on_failure": false,
            "disable_driver_mounts": false,
            "disable_metrics": false,
            "disable_optimizations": false,
            "disk_size": "20000mb",
            "dns_domain": "cluster.local",
            "dns_proxy": false,
            "docker_env": null,
            "docker_opt": null,
            "download_only": false,
            "driver": "docker",
            "dry_run": false,
            "embed_certs": false,
            "enable_default_cni": false,
            "extra_config": null,
            "extra_disks": 0,
            "feature_gates": "",
            "force": false,
            "force_systemd": false,
            "gpus": null,
            "ha": false,
            "host": "https://192.168.58.2:8443",
            "host_dns_resolver": true,
            "host_only_cidr": "192.168.59.1/24",
            "host_only_nic_type": "virtio",
            "hyperkit_vpnkit_sock": "",
            "hyperkit_vsock_ports": [],
            "hyperv_external_adapter": "",
            "hyperv_use_external_switch": false,
            "hyperv_virtual_switch": "",
            "id": "mcdonalds-dev",
            "image_mirror_country": null,
            "image_repository": "",
            "insecure_registry": [],
            "install_addons": true,
            "interactive": true,
            "iso_url": [
              "https://github.com/kubernetes/minikube/releases/download/v1.33.0/minikube-v1.33.0-amd64.iso"
            ],
            "keep_context": false,
            "kubernetes_version": null,
            "kvm_gpu": false,
            "kvm_hidden": false,
            "kvm_network": "default",
            "kvm_numa_count": 1,
            "kvm_qemu_uri": "qemu:///system",
            "listen_address": "",
            "memory": "2048mb",
            "mount": false,
            "mount_9p_version": "9p2000.L",
            "mount_gid": "docker",
            "mount_ip": null,
            "mount_msize": 262144,
            "mount_options": null,
            "mount_port": 0,
            "mount_string": "/home:/minikube-host",
            "mount_type": "9p",
            "mount_uid": "docker",
            "namespace": "default",
            "nat_nic_type": "virtio",
            "native_ssh": true,
            "network": "",
            "network_plugin": null,
            "nfs_share": [],
            "nfs_shares_root": "/nfsshares",
            "no_kubernetes": false,
            "no_vtx_check": false,
            "nodes": 1,
            "output": "text",
            "ports": [],
            "preload": true,
            "qemu_firmware_path": null,
            "registry_mirror": [],
            "service_cluster_ip_range": "10.96.0.0/12",
            "socket_vmnet_client_path": "/usr/local/opt/socket_vmnet/bin/socket_vmnet_client",
            "socket_vmnet_path": "/usr/local/var/run/socket_vmnet",
            "ssh_ip_address": "",
            "ssh_key": "",
            "ssh_port": 22,
            "ssh_user": "root",
            "static_ip": null,
            "subnet": null,
            "trace": null,
            "uuid": "",
            "vm": true,
            "vm_driver": null,
            "wait": null,
            "wait_timeout": 6
          },
          "sensitive_attributes": [
            [
              {
                "type": "get_attr",
                "value": "client_certificate"
              }
            ],
            [
              {
                "type": "get_attr",
                "value": "client_key"
              }
            ],
            [
              {
                "type": "get_attr",
                "value": "cluster_ca_certificate"
              }
            ]
          ],
          "identity_schema_version": 0,
          "private": "bnVsbA=="
        },
        {
          "index_key": "mcdonalds-prod",
          "schema_version": 0,
          "attributes": {
            "addons": [
              "default-storageclass",
              "ingress",
              "storage-provisioner"
            ],
            "apiserver_ips": [],
            "apiserver_name": "minikubeCA",
            "apiserver_names": [],
            "apiserver_port": 8443,
            "auto_pause_interval": 1,
            "auto_update_drivers": true,
            "base_image": "gcr.io/k8s-minikube/kicbase:v0.0.44@sha256:eb04641328b06c5c4a14f4348470e1046bbcf9c2cbc551486e343d3a49db557e",
            "binary_mirror": null,
            "cache_images": true,
            "cert_expiration": 1576800,
            "client_certificate": "-----BEGIN CERTIFICATE-----\nMIIDITCCAgmgAwIBAgIBAjANBgkqhkiG9w0BAQsFADAVMRMwEQYDVQQDEwptaW5p\na3ViZUNBMB4XDTI2MDExODIxNDQ1MVoXDTI5MDExODIxNDQ1MVowMTEXMBUGA1UE\nChMOc3lzdGVtOm1hc3RlcnMxFjAUBgNVBAMTDW1pbmlrdWJlLXVzZXIwggEiMA0G\nCSqGSIb3DQEBAQUAA4IBDwAwggEKAoIBAQC61nnMnuhUOnwwfuWee9KEUvaD4DX8\ngnwfjgqryeT+1OD9Vl6slOvhr9yrj9gY5uspyMc70bQXarHZk5s7u2i7Hct2Wc1y\nk6vbj8chjOqtR4WI79s94SAC0qd/yzQW8C2U8kYkukC87vJYnOVhdht3ovMMwcfP\nwYZBZ9kjYyCYobNeYyFEWf960/MTPSWcVL7rDKKcUsMTfQlcwmfwx6vOrCEP6F1r\nRdRMfK5hqN08DQQYM1JajxPMT4v6+AzHoQzWzzfteVmLJvPvqQmXlf9j1g2VkVhR\nmuKIenQMj57gk7YUUwnN+YRdv36G1GYFm57dp7G4E2oflUICP1rRjYxNAgMBAAGj\nYDBeMA4GA1UdDwEB/wQEAwIFoDAdBgNVHSUEFjAUBggrBgEFBQcDAQYIKwYBBQUH\nAwIwDAYDVR0TAQH/BAIwADAfBgNVHSMEGDAWgBQTfNNIn+28X9MJJVTCoAA+m6Ra\nHDANBgkqhkiG9w0BAQsFAAOCAQEAF6jGaCju4jp0CNGPOwgln0tAnH8D6zihfp9P\ncMLiHkcZQPXvB6OBDtqWlo96OEOVkQ53dlUaRV/X9zHI40K9a/5VyHLFn+bTB35y\n/aLg/0Rp9QApnwqyne9wvbv1A6e10oC3XYVO+RdcrV8Qo83NEPhcAgLtGWEMmfHd\ntnnURgx/TWWJ437q4Fj5mmlFI1A+NNUk25ckkV7Iq7ygcpY4ujNWa8wjccwtY/gN\nPMoCLNyiaroFnP1+ZEI40B5x9hzfr6Hq0WFBW/syQPuEYn142ROVkHuwUUOM/M7b\nf5lEGEe++oQdX8mNbGzBO06MbRUoT9MzK6Rc3C3IXz3vwkHnOQ==\n-----END CERTIFICATE-----\n",
            "client_key": "-----BEGIN RSA PRIVATE KEY-----\nMIIEogIBAAKCAQEAutZ5zJ7oVDp8MH7lnnvShFL2g+A1/IJ8H44Kq8nk/tTg/VZe\nrJTr4a/cq4/YGObrKcjHO9G0F2qx2ZObO7toux3LdlnNcpOr24/HIYzqrUeFiO/b\nPeEgAtKnf8s0FvAtlPJGJLpAvO7yWJzlYXYbd6LzDMHHz8GGQWfZI2MgmKGzXmMh\nRFn/etPzEz0lnFS+6wyinFLDE30JXMJn8MerzqwhD+hda0XUTHyuYajdPA0EGDNS\nWo8TzE+L+vgMx6EM1s837XlZiybz76kJl5X/Y9YNlZFYUZriiHp0DI+e4JO2FFMJ\nzfmEXb9+htRmBZue3aexuBNqH5VCAj9a0Y2MTQIDAQABAoIBAHipEjfHWBstOg7H\npNrY9HdobLN2FOdiDW8DeHjBBhZcvIBfSv0Bn+Q8grJ5TwGl/7EYbTKAl2GYEguF\ne/bzbQuKjl98V2XrYE2HaP6N1vDZA7AP1vL7dITeLjYlsRovOgC7BfmqHyzk07XO\nfYSXld2JapWOf8/4FxAeVOi5l895Y3j20ZRwzJAMb8UDM4xIBom9+MFjR7a2+281\nCzAECHJRh7E5b5ecDmZGyzpMMgtzCDxVMni9eSwTw5hWg8EebCR778IC1ZAca5+a\nXdQMZRB9j+xMUZMTuX20Gc/nrgZxpevwvDkHW7mMjWw65Mf0NmApe+5ulMxawS6S\nRHUJRgECgYEA4+NciRuYlQ4aBw4GuiJtHNpmrVKj13A+qkaB8VwDeO60DLiH92td\nFtE7UfuZec1aSsUHetkw8eS6f3P5KvlM+zB28fnYOWDq6GXFF4Ls1OhwOb8jKqjl\n/eFE0ubCN3AFmqHm6syJj7nLq9RqCwKpbH+daoGZTBYWH80o4yBnBKECgYEA0eLB\n0ZnZe6Vb7ZvBfD74VZN87wZ+1vaynLJTj+4rSbM4yX3c5b1BhWi9TJ4Mmp8tUYLN\nGqgzLQx/QHjOFOHjb9IWcGaiKyfTyxvqTNGnP3QAqyfd8dq1WXRkTaD9osaE+9bv\nAufFCt6ZBytu+HNrXzipKWG4o9y9ZoYqjgDcPC0CgYBSy/F78yXNyhDUzVjOWeGw\n4Pz7LhJPHP33maRuj9LHJlsOYCEuWLi6qIxX7gTGB0Et90YPcUfiKwtDcVxvK6K3\nhNVCd1cDCd5vT0J7l1r6w/S6VmKthi4Bvs3lnmekArRWiUo/ts6oBIYmSQe6Nl5e\nCEOmRa3vwfqJ1V1soAIt4QKBgBZJXMlT69sMSQGnC1mVGiuEGL0M1IUg9wBakzLy\nWFhgFoSWv9EJUp7G62rqUW5NvrMsD3loKN78t7px2XgwMEVcapOO4mNwvDWSBkQX\n8wly2OtTtWaMEbuo90mi8avKJq7TONf3Il4wGtG/E+5/2wPmcVf6j2+e7eGoF3ay\nsrAVAoGAYI9naSq0kO6jWRzl5Hu1OYTibZo1UtNUZAk+H9n6jiXABnBhIwMrMKAH\nGfUnwUlsxgKc75BQUnN/kRdIMeFCsCGKRG9UvUbpfx7c1cnx8gXHORvYHDDKckSL\n9It9t7sH0DtsUvE5sUUwRQfsONOdm7NGuWflDUk05IKDpWld9s8=\n-----END RSA PRIVATE KEY-----\n",
            "cluster_ca_certificate": "-----BEGIN CERTIFICATE-----\nMIIDBjCCAe6gAwIBAgIBATANBgkqhkiG9w0BAQsFADAVMRMwEQYDVQQDEwptaW5p\na3ViZUNBMB4XDTI2MDExODIxMTU0MVoXDTM2MDExNzIxMTU0MVowFTETMBEGA1UE\nAxMKbWluaWt1YmVDQTCCASIwDQYJKoZIhvcNAQEBBQADggEPADCCAQoCggEBAOLJ\nbU2TN0pUtTOmDpgbSmL0QsBKPX2hVUS1ZXu4X8xGbkg65ug2TJ1fBDISmg5uOsyM\nTB6/f3RLT7NnHlwuWPxYsHBxx8b6VNAPtMLf91jZgyMMWnIRyHjEhLvyQOUpZv1T\nJvSriTB9aUu34Vx6jZKCqNYlaEB/2KYapL77TkQFLAG0+7x7SSlrJfVxYEiu8coX\nY1Is/YhHJvl34pO/+Ix97t+UM4WY39aRTAhYak8QcmC7cFUzNl2idhKMrx3HUl4t\ndjvQ1nz+DEJ+yi0/Dewy4T3GoXcflwkPQAhWp7zyWMxAEWB3VRmRvpgUvWLbAuWV\nUgm0hW0ZD09Qm0WQBLcCAwEAAaNhMF8wDgYDVR0PAQH/BAQDAgKkMB0GA1UdJQQW\nMBQGCCsGAQUFBwMCBggrBgEFBQcDATAPBgNVHRMBAf8EBTADAQH/MB0GA1UdDgQW\nBBQTfNNIn+28X9MJJVTCoAA+m6RaHDANBgkqhkiG9w0BAQsFAAOCAQEAZIsArfRl\nhWKC95cYaOvHQwxyJ3LAL+82TWgdEqNpznl1QupNt5pWRTRmthPuf4eSmmtdAstB\nOs1IMbyoOyqqCmU9dUtqv3vlyv2ZoGlblkaih67PyXl/+anCDwaOuYWeNf6ggcZP\nAcXAGKoFniN+ZOaRVCzpOV24MQCiNHndYixYHOROQElQyriGVTz4us1DQcRrqcxS\njltpgH0aHS7F9Xc+kF4n1ofeJ8+KB5HXuFGPcYRA8RnBsZBNlUwyziemfmoOYjJq\nFALEFtH2LieOAkjaiSs9Bxe0+EyuwX2SbgBl79mEx4BCSLcjbcQWaEJHYugei4j/\nJGSLZUuWMeklGA==\n-----END CERTIFICATE-----\n",
            "cluster_name": "mcdonalds-prod",
            "cni": "",
            "container_runtime": "docker",
            "cpus": 2,
            "cri_socket": "",
            "delete_on_failure": false,
            "disable_driver_mounts": false,
            "disable_metrics": false,
            "disable_optimizations": false,
            "disk_size": "20000mb",
            "dns_domain": "cluster.local",
            "dns_proxy": false,
            "docker_env": null,
            "docker_opt": null,
            "download_only": false,
            "driver": "docker",
            "dry_run": false,
            "embed_certs": false,
            "enable_default_cni": false,
            "extra_config": null,
            "extra_disks": 0,
            "feature_gates": "",
            "force": false,
            "force_systemd": false,
            "gpus": null,
            "ha": false,
            "host": "https://192.168.67.2:8443",
            "host_dns_resolver": true,
            "host_only_cidr": "192.168.59.1/24",
            "host_only_nic_type": "virtio",
            "hyperkit_vpnkit_sock": "",
            "hyperkit_vsock_ports": [],
            "hyperv_external_adapter": "",
            "hyperv_use_external_switch": false,
            "hyperv_virtual_switch": "",
            "id": "mcdonalds-prod",
            "image_mirror_country": null,
            "image_repository": "",
            "insecure_registry": [],
            "install_addons": true,
            "interactive": true,
            "iso_url": [
              "https://github.com/kubernetes/minikube/releases/download/v1.33.0/minikube-v1.33.0-amd64.iso"
            ],
            "keep_context": false,
            "kubernetes_version": null,
            "kvm_gpu": false,
            "kvm_hidden": false,
            "kvm_network": "default",
            "kvm_numa_count": 1,
            "kvm_qemu_uri": "qemu:///system",
            "listen_address": "",
            "memory": "2048mb",
            "mount": false,
            "mount_9p_version": "9p2000.L",
            "mount_gid": "docker",
            "mount_ip": null,
            "mount_msize": 262144,
            "mount_options": null,
            "mount_port": 0,
            "mount_string": "/home:/minikube-host",
            "mount_type": "9p",
            "mount_uid": "docker",
            "namespace": "default",
            "nat_nic_type": "virtio",
            "native_ssh": true,
            "network": "",
            "network_plugin": null,
            "nfs_share": [],
            "nfs_shares_root": "/nfsshares",
            "no_kubernetes": false,
            "no_vtx_check": false,
            "nodes": 1,
            "output": "text",
            "ports": [],
            "preload": true,
            "qemu_firmware_path": null,
            "registry_mirror": [],
            "service_cluster_ip_range": "10.96.0.0/12",
            "socket_vmnet_client_path": "/usr/local/opt/socket_vmnet/bin/socket_vmnet_client",
            "socket_vmnet_path": "/usr/local/var/run/socket_vmnet",
            "ssh_ip_address": "",
            "ssh_key": "",
            "ssh_port": 22,
            "ssh_user": "root",
            "static_ip": null,
            "subnet": null,
            "trace": null,
            "uuid": "",
            "vm": true,
            "vm_driver": null,
            "wait": null,
            "wait_timeout": 6
          },
          "sensitive_attributes": [
            [
              {
                "type": "get_attr",
                "value": "client_certificate"
              }
            ],
            [
              {
                "type": "get_attr",
                "value": "client_key"
              }
            ],
            [
              {
                "type": "get_attr",
                "value": "cluster_ca_certificate"
              }
            ]
          ],
          "identity_schema_version": 0,
          "private": "bnVsbA=="
        }
      ]
    },
    {
      "mode": "managed",
      "type": "tls_private_key",
      "name": "odoo_key",
      "provider": "provider[\"registry.terraform.io/hashicorp/tls\"]",
      "instances": [
        {
          "index_key": "airbnb-dev",
          "schema_version": 1,
          "attributes": {
            "algorithm": "RSA",
            "ecdsa_curve": "P224",
            "id": "98cb6eea4394293f0c3b27cd46cd4e162d6809c5",
            "private_key_openssh": "-----BEGIN OPENSSH PRIVATE KEY-----\nb3BlbnNzaC1rZXktdjEAAAAABG5vbmUAAAAEbm9uZQAAAAAAAAABAAABFwAAAAdz\nc2gtcnNhAAAAAwEAAQAAAQEAyoujbfz8fUnOjIan8O7XILJv4HTnaeTEEZ8sZNTz\nNEAmXn2Lk3aeIRg4nVz+1YSvBerZVvQLOiNTgBFhaNST34H/Va518c/T6qDXC/0B\nxbF1BVnWQsynMrSnJT9xRancabQf6djbHNfJp4MN6/F9Qxxb548KtivwclmVkALP\nCXO48LlgO9J27TmUdtvPmZhUe2HMV6hPoqB0763OrlFzkJSN0Z6zz1R0BD2zj7pJ\nfTRG0Rr+jnuw+BaghmCYE8nGnDJ9TgADfOFh4+aNqx0or2Io7jxZEutJWc4wAWEG\nYySdrWF5vBSE0yWd1h1IwgE9l+oFIImS6BjWj29IeI7/owAAA7j3uHZP97h2TwAA\nAAdzc2gtcnNhAAABAQDKi6Nt/Px9Sc6Mhqfw7tcgsm/gdOdp5MQRnyxk1PM0QCZe\nfYuTdp4hGDidXP7VhK8F6tlW9As6I1OAEWFo1JPfgf9VrnXxz9PqoNcL/QHFsXUF\nWdZCzKcytKclP3FFqdxptB/p2Nsc18mngw3r8X1DHFvnjwq2K/ByWZWQAs8Jc7jw\nuWA70nbtOZR228+ZmFR7YcxXqE+ioHTvrc6uUXOQlI3RnrPPVHQEPbOPukl9NEbR\nGv6Oe7D4FqCGYJgTycacMn1OAAN84WHj5o2rHSivYijuPFkS60lZzjABYQZjJJ2t\nYXm8FITTJZ3WHUjCAT2X6gUgiZLoGNaPb0h4jv+jAAAAAwEAAQAAAQBJGJ7o7UGj\n55SCs3/9W/zIYI0umJIBbd1yrJqlYxLIOxR9yloqZEcKE4cvB2YyYXmWrZw1HMrG\ndwRF9j/MyNb69RvUbKtFEudcSCKDwZG3qmTcgwDnx5rZmkeuEhjLdtNEVIyl5Kyi\n2p98dDf8fADkTOJADafkebQDWKA4wkK8mmDwXWVPKPkEKIj1Nyq2CERuniOUQwz9\nJO9jQ39CE3ZF3E0C6YitS/Xe47SIAWT4TH9Rb55H2EvH1i/8y1R00lwggUFdqNe0\nn0FFAU0XiRQc24a6hoKmldZ0uOZ0iEi0SrDcT1oR+/c2JSvasHt6YImzavOhqNhY\ncMgid7GhwuuFAAAAgHjfsFW2nuVyY3bwFGaLZJNeH9dzFguKwDW8ZFrZNSJWKLAf\npRxyIU0MWXDdjQtQ6UiNyLPPyL61X+uHbtTkf4EeKIY8Wvw7FWgEXpnemy/2G5F9\nfMui35Vzghu4Y0gQXM3ZVFopVSxMXJNErmoFVsb3cxSJgXfKQiNQmGcGSmDXAAAA\ngQDLepXBWzt0noHSDRPqiXljyHVR1nghXF8EFzRo0BZW5FsXzHIz5s+6UsdTVLCT\nQ31tIzT0DS+ThXmXNFTlL/1wsuKrRoy2khUbJTmBVjDVCQ2MNt+fimj3GnVJkb9x\n5LZCZ5KAo41FLqVKj5LGYdM7qbqZtStQimYkN5OoHCqYFQAAAIEA/tNgofjp1MPI\nUC/AvbMupWCILAF+GU56JuaAzn2SV8tir1twd4sUh3CT/aOwY2vGXXGqJR2pvsq0\nHV8xd0J57cmayahkqEKKtOr4xUvxZAV/YxWMdLmd8BdAfY8ojmCpR6TGSGSdNULm\nCXKZ661LQhQPxSn/dWcY33RJ4H9/rtcAAAAAAQID\n-----END OPENSSH PRIVATE KEY-----\n",
            "private_key_pem": "-----BEGIN RSA PRIVATE KEY-----\nMIIEpAIBAAKCAQEAyoujbfz8fUnOjIan8O7XILJv4HTnaeTEEZ8sZNTzNEAmXn2L\nk3aeIRg4nVz+1YSvBerZVvQLOiNTgBFhaNST34H/Va518c/T6qDXC/0BxbF1BVnW\nQsynMrSnJT9xRancabQf6djbHNfJp4MN6/F9Qxxb548KtivwclmVkALPCXO48Llg\nO9J27TmUdtvPmZhUe2HMV6hPoqB0763OrlFzkJSN0Z6zz1R0BD2zj7pJfTRG0Rr+\njnuw+BaghmCYE8nGnDJ9TgADfOFh4+aNqx0or2Io7jxZEutJWc4wAWEGYySdrWF5\nvBSE0yWd1h1IwgE9l+oFIImS6BjWj29IeI7/owIDAQABAoIBAEkYnujtQaPnlIKz\nf/1b/MhgjS6YkgFt3XKsmqVjEsg7FH3KWipkRwoThy8HZjJheZatnDUcysZ3BEX2\nP8zI1vr1G9Rsq0US51xIIoPBkbeqZNyDAOfHmtmaR64SGMt200RUjKXkrKLan3x0\nN/x8AORM4kANp+R5tANYoDjCQryaYPBdZU8o+QQoiPU3KrYIRG6eI5RDDP0k72ND\nf0ITdkXcTQLpiK1L9d7jtIgBZPhMf1FvnkfYS8fWL/zLVHTSXCCBQV2o17SfQUUB\nTReJFBzbhrqGgqaV1nS45nSISLRKsNxPWhH79zYlK9qwe3pgibNq86Go2FhwyCJ3\nsaHC64UCgYEAy3qVwVs7dJ6B0g0T6ol5Y8h1UdZ4IVxfBBc0aNAWVuRbF8xyM+bP\nulLHU1Swk0N9bSM09A0vk4V5lzRU5S/9cLLiq0aMtpIVGyU5gVYw1QkNjDbfn4po\n9xp1SZG/ceS2QmeSgKONRS6lSo+SxmHTO6m6mbUrUIpmJDeTqBwqmBUCgYEA/tNg\nofjp1MPIUC/AvbMupWCILAF+GU56JuaAzn2SV8tir1twd4sUh3CT/aOwY2vGXXGq\nJR2pvsq0HV8xd0J57cmayahkqEKKtOr4xUvxZAV/YxWMdLmd8BdAfY8ojmCpR6TG\nSGSdNULmCXKZ661LQhQPxSn/dWcY33RJ4H9/rtcCgYEAuVpiXm8v2syk72XQVZ6D\nQH0TOchHSARv3TcSG8QqBV8hB63J/jNr2IudXPBRpOQetjMTApmcVCKLH0yhZODx\nWh7p0iGC/rBVn5OqLYIJG5aSi75UuG0JrsagPrMQlLxFtnnIf3v8rR+PnDrq9eGY\n3MmA3JGm8kgQQT+LNuDpf/0CgYEA4iRULWnomZjlu8OlGLRbQQhZ0DPC5FJwtPT6\nekWWCbPE8DoFpREYNtoBe6Y4cwLCF0s345hfe6IIFcjU7TFhY1T2uN9n9KqYzdV4\n0B6FKm52jkghTbUsJFV+Ne9F3pSJpbrk/HnNyeaEnv3E+xHfJ9UF6cNLobTMrgFV\nTpXXiiECgYB437BVtp7lcmN28BRmi2STXh/XcxYLisA1vGRa2TUiViiwH6UcciFN\nDFlw3Y0LUOlIjcizz8i+tV/rh27U5H+BHiiGPFr8OxVoBF6Z3psv9huRfXzLot+V\nc4IbuGNIEFzN2VRaKVUsTFyTRK5qBVbG93MUiYF3ykIjUJhnBkpg1w==\n-----END RSA PRIVATE KEY-----\n",
            "private_key_pem_pkcs8": "-----BEGIN PRIVATE KEY-----\nMIIEvgIBADANBgkqhkiG9w0BAQEFAASCBKgwggSkAgEAAoIBAQDKi6Nt/Px9Sc6M\nhqfw7tcgsm/gdOdp5MQRnyxk1PM0QCZefYuTdp4hGDidXP7VhK8F6tlW9As6I1OA\nEWFo1JPfgf9VrnXxz9PqoNcL/QHFsXUFWdZCzKcytKclP3FFqdxptB/p2Nsc18mn\ngw3r8X1DHFvnjwq2K/ByWZWQAs8Jc7jwuWA70nbtOZR228+ZmFR7YcxXqE+ioHTv\nrc6uUXOQlI3RnrPPVHQEPbOPukl9NEbRGv6Oe7D4FqCGYJgTycacMn1OAAN84WHj\n5o2rHSivYijuPFkS60lZzjABYQZjJJ2tYXm8FITTJZ3WHUjCAT2X6gUgiZLoGNaP\nb0h4jv+jAgMBAAECggEASRie6O1Bo+eUgrN//Vv8yGCNLpiSAW3dcqyapWMSyDsU\nfcpaKmRHChOHLwdmMmF5lq2cNRzKxncERfY/zMjW+vUb1GyrRRLnXEgig8GRt6pk\n3IMA58ea2ZpHrhIYy3bTRFSMpeSsotqffHQ3/HwA5EziQA2n5Hm0A1igOMJCvJpg\n8F1lTyj5BCiI9TcqtghEbp4jlEMM/STvY0N/QhN2RdxNAumIrUv13uO0iAFk+Ex/\nUW+eR9hLx9Yv/MtUdNJcIIFBXajXtJ9BRQFNF4kUHNuGuoaCppXWdLjmdIhItEqw\n3E9aEfv3NiUr2rB7emCJs2rzoajYWHDIInexocLrhQKBgQDLepXBWzt0noHSDRPq\niXljyHVR1nghXF8EFzRo0BZW5FsXzHIz5s+6UsdTVLCTQ31tIzT0DS+ThXmXNFTl\nL/1wsuKrRoy2khUbJTmBVjDVCQ2MNt+fimj3GnVJkb9x5LZCZ5KAo41FLqVKj5LG\nYdM7qbqZtStQimYkN5OoHCqYFQKBgQD+02Ch+OnUw8hQL8C9sy6lYIgsAX4ZTnom\n5oDOfZJXy2KvW3B3ixSHcJP9o7Bja8ZdcaolHam+yrQdXzF3QnntyZrJqGSoQoq0\n6vjFS/FkBX9jFYx0uZ3wF0B9jyiOYKlHpMZIZJ01QuYJcpnrrUtCFA/FKf91Zxjf\ndEngf3+u1wKBgQC5WmJeby/azKTvZdBVnoNAfRM5yEdIBG/dNxIbxCoFXyEHrcn+\nM2vYi51c8FGk5B62MxMCmZxUIosfTKFk4PFaHunSIYL+sFWfk6otggkblpKLvlS4\nbQmuxqA+sxCUvEW2ech/e/ytH4+cOur14ZjcyYDckabySBBBP4s24Ol//QKBgQDi\nJFQtaeiZmOW7w6UYtFtBCFnQM8LkUnC09Pp6RZYJs8TwOgWlERg22gF7pjhzAsIX\nSzfjmF97oggVyNTtMWFjVPa432f0qpjN1XjQHoUqbnaOSCFNtSwkVX4170XelIml\nuuT8ec3J5oSe/cT7Ed8n1QXpw0uhtMyuAVVOldeKIQKBgHjfsFW2nuVyY3bwFGaL\nZJNeH9dzFguKwDW8ZFrZNSJWKLAfpRxyIU0MWXDdjQtQ6UiNyLPPyL61X+uHbtTk\nf4EeKIY8Wvw7FWgEXpnemy/2G5F9fMui35Vzghu4Y0gQXM3ZVFopVSxMXJNErmoF\nVsb3cxSJgXfKQiNQmGcGSmDX\n-----END PRIVATE KEY-----\n",
            "public_key_fingerprint_md5": "4f:24:dd:8c:cf:95:21:d8:44:d7:0c:71:8f:2c:5d:52",
            "public_key_fingerprint_sha256": "SHA256:k8tnP1uRBia2J/NHlyBu6a+EVTTdfFxNWkQ0uD/mHMw",
            "public_key_openssh": "ssh-rsa AAAAB3NzaC1yc2EAAAADAQABAAABAQDKi6Nt/Px9Sc6Mhqfw7tcgsm/gdOdp5MQRnyxk1PM0QCZefYuTdp4hGDidXP7VhK8F6tlW9As6I1OAEWFo1JPfgf9VrnXxz9PqoNcL/QHFsXUFWdZCzKcytKclP3FFqdxptB/p2Nsc18mngw3r8X1DHFvnjwq2K/ByWZWQAs8Jc7jwuWA70nbtOZR228+ZmFR7YcxXqE+ioHTvrc6uUXOQlI3RnrPPVHQEPbOPukl9NEbRGv6Oe7D4FqCGYJgTycacMn1OAAN84WHj5o2rHSivYijuPFkS60lZzjABYQZjJJ2tYXm8FITTJZ3WHUjCAT2X6gUgiZLoGNaPb0h4jv+j\n",
            "public_key_pem": "-----BEGIN PUBLIC KEY-----\nMIIBIjANBgkqhkiG9w0BAQEFAAOCAQ8AMIIBCgKCAQEAyoujbfz8fUnOjIan8O7X\nILJv4HTnaeTEEZ8sZNTzNEAmXn2Lk3aeIRg4nVz+1YSvBerZVvQLOiNTgBFhaNST\n34H/Va518c/T6qDXC/0BxbF1BVnWQsynMrSnJT9xRancabQf6djbHNfJp4MN6/F9\nQxxb548KtivwclmVkALPCXO48LlgO9J27TmUdtvPmZhUe2HMV6hPoqB0763OrlFz\nkJSN0Z6zz1R0BD2zj7pJfTRG0Rr+jnuw+BaghmCYE8nGnDJ9TgADfOFh4+aNqx0o\nr2Io7jxZEutJWc4wAWEGYySdrWF5vBSE0yWd1h1IwgE9l+oFIImS6BjWj29IeI7/\nowIDAQAB\n-----END PUBLIC KEY-----\n",
            "rsa_bits": 2048
          },
          "sensitive_attributes": [
            [
              {
                "type": "get_attr",
                "value": "private_key_openssh"
              }
            ],
            [
              {
                "type": "get_attr",
                "value": "private_key_pem"
              }
            ],
            [
              {
                "type": "get_attr",
                "value": "private_key_pem_pkcs8"
              }
            ]
          ],
          "identity_schema_version": 0
        },
        {
          "index_key": "airbnb-prod",
          "schema_version": 1,
          "attributes": {
            "algorithm": "RSA",
            "ecdsa_curve": "P224",
            "id": "930ed6e5caad540d994f944cd8c9b2ed2cd164d0",
            "private_key_openssh": "-----BEGIN OPENSSH PRIVATE KEY-----\nb3BlbnNzaC1rZXktdjEAAAAABG5vbmUAAAAEbm9uZQAAAAAAAAABAAABFwAAAAdz\nc2gtcnNhAAAAAwEAAQAAAQEAuegYhzra7jyKVHcP1qccPZHLz2HnsoSuiqrd+u+a\nhJLWFGPi5tahdHfsGCNn+s8ZSdGLo0YwcbwBQglB1AcwhCfuy+tYKBK/JwuhiTU3\nqFiSfQP2sc3UYwSgySDRrRyI64IpC5HZmu1pLW9ROmfXUZexOusnpRhwah+kexys\nD7yTGU0yPCfyAt4XSFAPqwhwtUKJdBDlK0lF40FQh63anflVvrnsMu717YdCN8C4\n+MUApjnR9SxKi2F0Imu7l7YmkMN4NjxcgBauDcRFS7332aw1efLErawrWd9bZzMg\n3/55vLgXF/1/ypXJ1HJVCrwSnUwP6ue2ONcO9MFYB7INcwAAA7ib/go2m/4KNgAA\nAAdzc2gtcnNhAAABAQC56BiHOtruPIpUdw/Wpxw9kcvPYeeyhK6Kqt3675qEktYU\nY+Lm1qF0d+wYI2f6zxlJ0YujRjBxvAFCCUHUBzCEJ+7L61goEr8nC6GJNTeoWJJ9\nA/axzdRjBKDJINGtHIjrgikLkdma7Wktb1E6Z9dRl7E66yelGHBqH6R7HKwPvJMZ\nTTI8J/IC3hdIUA+rCHC1Qol0EOUrSUXjQVCHrdqd+VW+uewy7vXth0I3wLj4xQCm\nOdH1LEqLYXQia7uXtiaQw3g2PFyAFq4NxEVLvffZrDV58sStrCtZ31tnMyDf/nm8\nuBcX/X/KlcnUclUKvBKdTA/q57Y41w70wVgHsg1zAAAAAwEAAQAAAQBJ2kUcO6pL\naCt/4IifOmXCo8+2g+tahNEd70Ed9d+JeReopAG4uF0NerKE6FPfVDR0mdUCONj3\n5bsOM8U96NlCNubrhYPQ75mWdk1mx4hjzUPsfA2dluofp/AD1pDVV3ehL2UE3pz2\nqgfVb9px/FySYlOa1145fNrznbxm1/4WhaLwC6zy6lrVhalRSexZVZMzdi/t6Pks\n7Y69RKyVgfm1JqQGoprSfcCC9VquO786hDyCi130ydySjPBpyB8cS4h19o2kYBPl\nX/3lyAmIpcEDmtnkxo9j6gDHoRXNx0Hj+tKYLahg6d653RH42yhAQ2SrA5kd0cj0\nhwFtQgXFH8VpAAAAgGnY8MbyTC2cg631yqnIsO6KrYrHruOPK5+IYdbBf/ypBq0Q\ng6gVEkOVD1I+C1Nv5xQn3cJmB440gPGKjL/CY+O6lsUh37Y00Y6oH6QKP9YDOZYo\nzt6aF1BkWHspSHDLA0bl7JqGV9oJeZq2lcwVa6CDeHiFH2ognLPeOL9/Num/AAAA\ngQDhrzOJ7EfYTeYAtUfvFoSSA+l8KAGTPw28Bs0rhEmEw7N1IybMI3dj8bBQZYol\nw7lXUNA6r6sD5nhcZkm+qaQcBuBz12Z/xIO9C81VGPu/JB0GyjEDkz7pR3ejlZJc\nt/8+qbyg8/3son/G+/0rty/91AgXaBvTRIm7hY/JgF5b5wAAAIEA0uEF+NZ5p1nu\nWuxmmH1ypa5f30StIK41izC3vM1dSHV98WPJT1iRtMP/85DM5+zO8WQzz0xFlis0\nFrcLPFaeGAPBfZ7wXn5G1Pxwa739bcildXex5up8yYsqHtHsIQQXCloe9nHaWdfX\nb6C5Mb/Ail09DA39/08yq1kOJeyy8JUAAAAAAQID\n-----END OPENSSH PRIVATE KEY-----\n",
            "private_key_pem": "-----BEGIN RSA PRIVATE KEY-----\nMIIEogIBAAKCAQEAuegYhzra7jyKVHcP1qccPZHLz2HnsoSuiqrd+u+ahJLWFGPi\n5tahdHfsGCNn+s8ZSdGLo0YwcbwBQglB1AcwhCfuy+tYKBK/JwuhiTU3qFiSfQP2\nsc3UYwSgySDRrRyI64IpC5HZmu1pLW9ROmfXUZexOusnpRhwah+kexysD7yTGU0y\nPCfyAt4XSFAPqwhwtUKJdBDlK0lF40FQh63anflVvrnsMu717YdCN8C4+MUApjnR\n9SxKi2F0Imu7l7YmkMN4NjxcgBauDcRFS7332aw1efLErawrWd9bZzMg3/55vLgX\nF/1/ypXJ1HJVCrwSnUwP6ue2ONcO9MFYB7INcwIDAQABAoIBAEnaRRw7qktoK3/g\niJ86ZcKjz7aD61qE0R3vQR3134l5F6ikAbi4XQ16soToU99UNHSZ1QI42Pfluw4z\nxT3o2UI25uuFg9DvmZZ2TWbHiGPNQ+x8DZ2W6h+n8APWkNVXd6EvZQTenPaqB9Vv\n2nH8XJJiU5rXXjl82vOdvGbX/haFovALrPLqWtWFqVFJ7FlVkzN2L+3o+Sztjr1E\nrJWB+bUmpAaimtJ9wIL1Wq47vzqEPIKLXfTJ3JKM8GnIHxxLiHX2jaRgE+Vf/eXI\nCYilwQOa2eTGj2PqAMehFc3HQeP60pgtqGDp3rndEfjbKEBDZKsDmR3RyPSHAW1C\nBcUfxWkCgYEA4a8ziexH2E3mALVH7xaEkgPpfCgBkz8NvAbNK4RJhMOzdSMmzCN3\nY/GwUGWKJcO5V1DQOq+rA+Z4XGZJvqmkHAbgc9dmf8SDvQvNVRj7vyQdBsoxA5M+\n6Ud3o5WSXLf/Pqm8oPP97KJ/xvv9K7cv/dQIF2gb00SJu4WPyYBeW+cCgYEA0uEF\n+NZ5p1nuWuxmmH1ypa5f30StIK41izC3vM1dSHV98WPJT1iRtMP/85DM5+zO8WQz\nz0xFlis0FrcLPFaeGAPBfZ7wXn5G1Pxwa739bcildXex5up8yYsqHtHsIQQXCloe\n9nHaWdfXb6C5Mb/Ail09DA39/08yq1kOJeyy8JUCgYBLnW4BOh9gQ8laV2LAoqTM\nX28tYCIW+btaUlUPzYTsbL2F878eCowH+oR+i2bb/FXvAW6jGxSLe/67xrHSpfgM\nQ+mUJol7KZaSEpA7gOFoS2tGSRxe/EjJ1F4rewPM+QEWN7yxmM5tKIzzWJ6ctQXp\nX89OOF2KTZ5wK/HfK5lx5QKBgDvzzYbZMuzpHGKtIt3njFieIpOPKslHveE8kIAU\nwph/Drc571mnjIUf0/yjBh5JrOvj2PbucDopPj3W/FLDLV8WckQMk7nJnMmgmzWG\nZi54BNJInUNRFvkVn3vzonYge4xt4q+d3r38JzuNLhl+snaj2185+yRCl90vDF6r\n1JOhAoGAadjwxvJMLZyDrfXKqciw7oqtiseu448rn4hh1sF//KkGrRCDqBUSQ5UP\nUj4LU2/nFCfdwmYHjjSA8YqMv8Jj47qWxSHftjTRjqgfpAo/1gM5lijO3poXUGRY\neylIcMsDRuXsmoZX2gl5mraVzBVroIN4eIUfaiCcs944v3826b8=\n-----END RSA PRIVATE KEY-----\n",
            "private_key_pem_pkcs8": "-----BEGIN PRIVATE KEY-----\nMIIEvAIBADANBgkqhkiG9w0BAQEFAASCBKYwggSiAgEAAoIBAQC56BiHOtruPIpU\ndw/Wpxw9kcvPYeeyhK6Kqt3675qEktYUY+Lm1qF0d+wYI2f6zxlJ0YujRjBxvAFC\nCUHUBzCEJ+7L61goEr8nC6GJNTeoWJJ9A/axzdRjBKDJINGtHIjrgikLkdma7Wkt\nb1E6Z9dRl7E66yelGHBqH6R7HKwPvJMZTTI8J/IC3hdIUA+rCHC1Qol0EOUrSUXj\nQVCHrdqd+VW+uewy7vXth0I3wLj4xQCmOdH1LEqLYXQia7uXtiaQw3g2PFyAFq4N\nxEVLvffZrDV58sStrCtZ31tnMyDf/nm8uBcX/X/KlcnUclUKvBKdTA/q57Y41w70\nwVgHsg1zAgMBAAECggEASdpFHDuqS2grf+CInzplwqPPtoPrWoTRHe9BHfXfiXkX\nqKQBuLhdDXqyhOhT31Q0dJnVAjjY9+W7DjPFPejZQjbm64WD0O+ZlnZNZseIY81D\n7HwNnZbqH6fwA9aQ1Vd3oS9lBN6c9qoH1W/acfxckmJTmtdeOXza8528Ztf+FoWi\n8Aus8upa1YWpUUnsWVWTM3Yv7ej5LO2OvUSslYH5tSakBqKa0n3AgvVarju/OoQ8\ngotd9MnckozwacgfHEuIdfaNpGAT5V/95cgJiKXBA5rZ5MaPY+oAx6EVzcdB4/rS\nmC2oYOneud0R+NsoQENkqwOZHdHI9IcBbUIFxR/FaQKBgQDhrzOJ7EfYTeYAtUfv\nFoSSA+l8KAGTPw28Bs0rhEmEw7N1IybMI3dj8bBQZYolw7lXUNA6r6sD5nhcZkm+\nqaQcBuBz12Z/xIO9C81VGPu/JB0GyjEDkz7pR3ejlZJct/8+qbyg8/3son/G+/0r\nty/91AgXaBvTRIm7hY/JgF5b5wKBgQDS4QX41nmnWe5a7GaYfXKlrl/fRK0grjWL\nMLe8zV1IdX3xY8lPWJG0w//zkMzn7M7xZDPPTEWWKzQWtws8Vp4YA8F9nvBefkbU\n/HBrvf1tyKV1d7Hm6nzJiyoe0ewhBBcKWh72cdpZ19dvoLkxv8CKXT0MDf3/TzKr\nWQ4l7LLwlQKBgEudbgE6H2BDyVpXYsCipMxfby1gIhb5u1pSVQ/NhOxsvYXzvx4K\njAf6hH6LZtv8Ve8BbqMbFIt7/rvGsdKl+AxD6ZQmiXsplpISkDuA4WhLa0ZJHF78\nSMnUXit7A8z5ARY3vLGYzm0ojPNYnpy1Belfz044XYpNnnAr8d8rmXHlAoGAO/PN\nhtky7OkcYq0i3eeMWJ4ik48qyUe94TyQgBTCmH8OtznvWaeMhR/T/KMGHkms6+PY\n9u5wOik+Pdb8UsMtXxZyRAyTucmcyaCbNYZmLngE0kidQ1EW+RWfe/OidiB7jG3i\nr53evfwnO40uGX6ydqPbXzn7JEKX3S8MXqvUk6ECgYBp2PDG8kwtnIOt9cqpyLDu\niq2Kx67jjyufiGHWwX/8qQatEIOoFRJDlQ9SPgtTb+cUJ93CZgeONIDxioy/wmPj\nupbFId+2NNGOqB+kCj/WAzmWKM7emhdQZFh7KUhwywNG5eyahlfaCXmatpXMFWug\ng3h4hR9qIJyz3ji/fzbpvw==\n-----END PRIVATE KEY-----\n",
            "public_key_fingerprint_md5": "2e:a1:f6:d9:34:ed:12:d2:e7:73:ea:a4:b2:d4:bd:03",
            "public_key_fingerprint_sha256": "SHA256:Xrbi/O40Lm4NG7qkmT506a0z1sCqji97VQ+6BAT1jXU",
            "public_key_openssh": "ssh-rsa AAAAB3NzaC1yc2EAAAADAQABAAABAQC56BiHOtruPIpUdw/Wpxw9kcvPYeeyhK6Kqt3675qEktYUY+Lm1qF0d+wYI2f6zxlJ0YujRjBxvAFCCUHUBzCEJ+7L61goEr8nC6GJNTeoWJJ9A/axzdRjBKDJINGtHIjrgikLkdma7Wktb1E6Z9dRl7E66yelGHBqH6R7HKwPvJMZTTI8J/IC3hdIUA+rCHC1Qol0EOUrSUXjQVCHrdqd+VW+uewy7vXth0I3wLj4xQCmOdH1LEqLYXQia7uXtiaQw3g2PFyAFq4NxEVLvffZrDV58sStrCtZ31tnMyDf/nm8uBcX/X/KlcnUclUKvBKdTA/q57Y41w70wVgHsg1z\n",
            "public_key_pem": "-----BEGIN PUBLIC KEY-----\nMIIBIjANBgkqhkiG9w0BAQEFAAOCAQ8AMIIBCgKCAQEAuegYhzra7jyKVHcP1qcc\nPZHLz2HnsoSuiqrd+u+ahJLWFGPi5tahdHfsGCNn+s8ZSdGLo0YwcbwBQglB1Acw\nhCfuy+tYKBK/JwuhiTU3qFiSfQP2sc3UYwSgySDRrRyI64IpC5HZmu1pLW9ROmfX\nUZexOusnpRhwah+kexysD7yTGU0yPCfyAt4XSFAPqwhwtUKJdBDlK0lF40FQh63a\nnflVvrnsMu717YdCN8C4+MUApjnR9SxKi2F0Imu7l7YmkMN4NjxcgBauDcRFS733\n2aw1efLErawrWd9bZzMg3/55vLgXF/1/ypXJ1HJVCrwSnUwP6ue2ONcO9MFYB7IN\ncwIDAQAB\n-----END PUBLIC KEY-----\n",
            "rsa_bits": 2048
          },
          "sensitive_attributes": [
            [
              {
                "type": "get_attr",
                "value": "private_key_openssh"
              }
            ],
            [
              {
                "type": "get_attr",
                "value": "private_key_pem"
              }
            ],
            [
              {
                "type": "get_attr",
                "value": "private_key_pem_pkcs8"
              }
            ]
          ],
          "identity_schema_version": 0
        },
        {
          "index_key": "mcdonalds-beta",
          "schema_version": 1,
          "attributes": {
            "algorithm": "RSA",
            "ecdsa_curve": "P224",
            "id": "42236c288dd060580e05b97cccc6b57a5b0b4405",
            "private_key_openssh": "-----BEGIN OPENSSH PRIVATE KEY-----\nb3BlbnNzaC1rZXktdjEAAAAABG5vbmUAAAAEbm9uZQAAAAAAAAABAAABFwAAAAdz\nc2gtcnNhAAAAAwEAAQAAAQEAw8bgu1mYucqzt/qlKCWPyeGHjw6awE4d4j7QTNbw\n0eqAnVcbBxn3qq2nFCRGoM01yGfpdFqTkGKPsCCMenS3kstmbnV9/s0i9eL/H7+w\njMK9e/UI/keyufcTaF4TCGyrmAsTgWAxSCQYNS7pvU/dx4M3WJDygKFey03qMbjy\nzEwrk4fTOM+bg8yKK6w2KsDaep5vPetfpR/QusCdiuDXy0eu6lTJTn26YRoHUhM6\nMHRhI6g5erwS7hDCZH04CNjqRW15O5dUy+Vwgx4VRUGapkKxK+Yxeio5XxVzLVuT\nl9MFJfs6fSTRJjxFmazjMRX+fRgeIVLvbeYnPFT9YviiPQAAA7it6bWorem1qAAA\nAAdzc2gtcnNhAAABAQDDxuC7WZi5yrO3+qUoJY/J4YePDprATh3iPtBM1vDR6oCd\nVxsHGfeqracUJEagzTXIZ+l0WpOQYo+wIIx6dLeSy2ZudX3+zSL14v8fv7CMwr17\n9Qj+R7K59xNoXhMIbKuYCxOBYDFIJBg1Lum9T93HgzdYkPKAoV7LTeoxuPLMTCuT\nh9M4z5uDzIorrDYqwNp6nm8961+lH9C6wJ2K4NfLR67qVMlOfbphGgdSEzowdGEj\nqDl6vBLuEMJkfTgI2OpFbXk7l1TL5XCDHhVFQZqmQrEr5jF6KjlfFXMtW5OX0wUl\n+zp9JNEmPEWZrOMxFf59GB4hUu9t5ic8VP1i+KI9AAAAAwEAAQAAAQANuBOKfWpS\n5q32YAWPzSYI1xmJQFQ+0pqMfqtZHxzMEPtHS1HVCxBMcRPKuQoL/aVdsE5vPWOm\n1AlOpdFCSYiNrFw2tFwKbXScN3Z6UpP8IS9nDtI9A2g2WOaOwzzhM8BIjMomoEeD\nzye1Hl75ya14bC0GM04TDnvWklStfFDjWPmYjvKTyaRoOXnG+8PlxdGVZgRXDlHn\noTvNqj4EmcKAfvRDX/EMF8XL1KsyKUs0glYtUTv43O8JqihAN9HmhF4DSmZNcnQT\n1YJ6qK+mixe2E6TKxY+vFjEflX/50LSnieEv0U7npyCDak8NnM02LCYl4rJd2seF\nffGdqW2HqLpvAAAAgDBx9zD6qaSHDyNbw2M+YBHfbC0QdGpeM28Ynxl1Wn8AnJLg\nrIOLk7WrbAYCUOayUx7w8BLcBMfDvcrZpcVib4oa7k4uWLfXemKwF8RQdB3WiMU1\nPVHJcIJvJNaYtNEkpT19+XYPKAOragUGHXImyRQv9IIGhXfDJn9RkqdgkZ6/AAAA\ngQD1aHIKmzLQQvQbsxe73AYpm6hLepk1oq03YOKJflNGEV/AunBsSxA9gxlxGoBh\nGwJSlK2U9ODm/f6lTu1JLXL1s9xh3naNANHDRCL19ysfBqR7BwuSzmFQMudW793J\nrlL88xrFfMSkZocZfxPU75IbafHigbYYdTOW8YMAnkD6iwAAAIEAzDoMt8Sl8+zg\nAzIeTyHmWIGO8izq0ZN0nAhI9JdBDmGchgNJQzr1M073sbxaqprkYCFA+WoEidv+\nDQJh913u/3xHHXLFHA+NZvHSxmHOq/F8GqO0mwL5T90hLLHYSg1B5NGa/SDQ/U8k\n/p83/SwP1whJwUrgBFvsDn0ZGtZDF1cAAAAAAQID\n-----END OPENSSH PRIVATE KEY-----\n",
            "private_key_pem": "-----BEGIN RSA PRIVATE KEY-----\nMIIEowIBAAKCAQEAw8bgu1mYucqzt/qlKCWPyeGHjw6awE4d4j7QTNbw0eqAnVcb\nBxn3qq2nFCRGoM01yGfpdFqTkGKPsCCMenS3kstmbnV9/s0i9eL/H7+wjMK9e/UI\n/keyufcTaF4TCGyrmAsTgWAxSCQYNS7pvU/dx4M3WJDygKFey03qMbjyzEwrk4fT\nOM+bg8yKK6w2KsDaep5vPetfpR/QusCdiuDXy0eu6lTJTn26YRoHUhM6MHRhI6g5\nerwS7hDCZH04CNjqRW15O5dUy+Vwgx4VRUGapkKxK+Yxeio5XxVzLVuTl9MFJfs6\nfSTRJjxFmazjMRX+fRgeIVLvbeYnPFT9YviiPQIDAQABAoIBAA24E4p9alLmrfZg\nBY/NJgjXGYlAVD7Smox+q1kfHMwQ+0dLUdULEExxE8q5Cgv9pV2wTm89Y6bUCU6l\n0UJJiI2sXDa0XAptdJw3dnpSk/whL2cO0j0DaDZY5o7DPOEzwEiMyiagR4PPJ7Ue\nXvnJrXhsLQYzThMOe9aSVK18UONY+ZiO8pPJpGg5ecb7w+XF0ZVmBFcOUeehO82q\nPgSZwoB+9ENf8QwXxcvUqzIpSzSCVi1RO/jc7wmqKEA30eaEXgNKZk1ydBPVgnqo\nr6aLF7YTpMrFj68WMR+Vf/nQtKeJ4S/RTuenIINqTw2czTYsJiXisl3ax4V98Z2p\nbYeoum8CgYEA9WhyCpsy0EL0G7MXu9wGKZuoS3qZNaKtN2DiiX5TRhFfwLpwbEsQ\nPYMZcRqAYRsCUpStlPTg5v3+pU7tSS1y9bPcYd52jQDRw0Qi9fcrHwakewcLks5h\nUDLnVu/dya5S/PMaxXzEpGaHGX8T1O+SG2nx4oG2GHUzlvGDAJ5A+osCgYEAzDoM\nt8Sl8+zgAzIeTyHmWIGO8izq0ZN0nAhI9JdBDmGchgNJQzr1M073sbxaqprkYCFA\n+WoEidv+DQJh913u/3xHHXLFHA+NZvHSxmHOq/F8GqO0mwL5T90hLLHYSg1B5NGa\n/SDQ/U8k/p83/SwP1whJwUrgBFvsDn0ZGtZDF1cCgYAFUi9u1XCjnWAHnbl9BEdJ\n7asXf+AEjrNsyPgAfTG3CjdmSWSYpIQEoWwSzL1N3bUOL1UYLrsVpxo3YV+5v3eH\npk+3+4fchNEHh9muNZ7EvHMii8OPelQX1hK4CtlnPxVjkK3a7FqjKenx/pRigJNN\nbt2kyKU3IItu0WvCvquwAwKBgQCNMf0k+GI7+KMP0pC96RQWUMyBhqh6aNYQInI+\nGGy0AqxywsbeIl7wMEJzsWOF3DzUcWk4hyHIJj7Iw8LzgRABtux74aOBOQdsCvjM\ni0aV/gjtag0ttqqjmqCbBAIjgHL0Pi5Hn26eEx/iojXVZac15dcIOjoTCXJ0ueyn\nb0dHVQKBgDBx9zD6qaSHDyNbw2M+YBHfbC0QdGpeM28Ynxl1Wn8AnJLgrIOLk7Wr\nbAYCUOayUx7w8BLcBMfDvcrZpcVib4oa7k4uWLfXemKwF8RQdB3WiMU1PVHJcIJv\nJNaYtNEkpT19+XYPKAOragUGHXImyRQv9IIGhXfDJn9RkqdgkZ6/\n-----END RSA PRIVATE KEY-----\n",
            "private_key_pem_pkcs8": "-----BEGIN PRIVATE KEY-----\nMIIEvQIBADANBgkqhkiG9w0BAQEFAASCBKcwggSjAgEAAoIBAQDDxuC7WZi5yrO3\n+qUoJY/J4YePDprATh3iPtBM1vDR6oCdVxsHGfeqracUJEagzTXIZ+l0WpOQYo+w\nIIx6dLeSy2ZudX3+zSL14v8fv7CMwr179Qj+R7K59xNoXhMIbKuYCxOBYDFIJBg1\nLum9T93HgzdYkPKAoV7LTeoxuPLMTCuTh9M4z5uDzIorrDYqwNp6nm8961+lH9C6\nwJ2K4NfLR67qVMlOfbphGgdSEzowdGEjqDl6vBLuEMJkfTgI2OpFbXk7l1TL5XCD\nHhVFQZqmQrEr5jF6KjlfFXMtW5OX0wUl+zp9JNEmPEWZrOMxFf59GB4hUu9t5ic8\nVP1i+KI9AgMBAAECggEADbgTin1qUuat9mAFj80mCNcZiUBUPtKajH6rWR8czBD7\nR0tR1QsQTHETyrkKC/2lXbBObz1jptQJTqXRQkmIjaxcNrRcCm10nDd2elKT/CEv\nZw7SPQNoNljmjsM84TPASIzKJqBHg88ntR5e+cmteGwtBjNOEw571pJUrXxQ41j5\nmI7yk8mkaDl5xvvD5cXRlWYEVw5R56E7zao+BJnCgH70Q1/xDBfFy9SrMilLNIJW\nLVE7+NzvCaooQDfR5oReA0pmTXJ0E9WCeqivposXthOkysWPrxYxH5V/+dC0p4nh\nL9FO56cgg2pPDZzNNiwmJeKyXdrHhX3xnalth6i6bwKBgQD1aHIKmzLQQvQbsxe7\n3AYpm6hLepk1oq03YOKJflNGEV/AunBsSxA9gxlxGoBhGwJSlK2U9ODm/f6lTu1J\nLXL1s9xh3naNANHDRCL19ysfBqR7BwuSzmFQMudW793JrlL88xrFfMSkZocZfxPU\n75IbafHigbYYdTOW8YMAnkD6iwKBgQDMOgy3xKXz7OADMh5PIeZYgY7yLOrRk3Sc\nCEj0l0EOYZyGA0lDOvUzTvexvFqqmuRgIUD5agSJ2/4NAmH3Xe7/fEcdcsUcD41m\n8dLGYc6r8Xwao7SbAvlP3SEssdhKDUHk0Zr9IND9TyT+nzf9LA/XCEnBSuAEW+wO\nfRka1kMXVwKBgAVSL27VcKOdYAeduX0ER0ntqxd/4ASOs2zI+AB9MbcKN2ZJZJik\nhAShbBLMvU3dtQ4vVRguuxWnGjdhX7m/d4emT7f7h9yE0QeH2a41nsS8cyKLw496\nVBfWErgK2Wc/FWOQrdrsWqMp6fH+lGKAk01u3aTIpTcgi27Ra8K+q7ADAoGBAI0x\n/ST4Yjv4ow/SkL3pFBZQzIGGqHpo1hAicj4YbLQCrHLCxt4iXvAwQnOxY4XcPNRx\naTiHIcgmPsjDwvOBEAG27Hvho4E5B2wK+MyLRpX+CO1qDS22qqOaoJsEAiOAcvQ+\nLkefbp4TH+KiNdVlpzXl1wg6OhMJcnS57KdvR0dVAoGAMHH3MPqppIcPI1vDYz5g\nEd9sLRB0al4zbxifGXVafwCckuCsg4uTtatsBgJQ5rJTHvDwEtwEx8O9ytmlxWJv\nihruTi5Yt9d6YrAXxFB0HdaIxTU9Uclwgm8k1pi00SSlPX35dg8oA6tqBQYdcibJ\nFC/0ggaFd8Mmf1GSp2CRnr8=\n-----END PRIVATE KEY-----\n",
            "public_key_fingerprint_md5": "75:62:c0:8f:ad:d5:e6:75:a5:dc:8c:12:dd:cb:52:4e",
            "public_key_fingerprint_sha256": "SHA256:NCte6S9x7sP1nfndXoKi8e6Mr2OHSCrSDAKg0UnfRBA",
            "public_key_openssh": "ssh-rsa AAAAB3NzaC1yc2EAAAADAQABAAABAQDDxuC7WZi5yrO3+qUoJY/J4YePDprATh3iPtBM1vDR6oCdVxsHGfeqracUJEagzTXIZ+l0WpOQYo+wIIx6dLeSy2ZudX3+zSL14v8fv7CMwr179Qj+R7K59xNoXhMIbKuYCxOBYDFIJBg1Lum9T93HgzdYkPKAoV7LTeoxuPLMTCuTh9M4z5uDzIorrDYqwNp6nm8961+lH9C6wJ2K4NfLR67qVMlOfbphGgdSEzowdGEjqDl6vBLuEMJkfTgI2OpFbXk7l1TL5XCDHhVFQZqmQrEr5jF6KjlfFXMtW5OX0wUl+zp9JNEmPEWZrOMxFf59GB4hUu9t5ic8VP1i+KI9\n",
            "public_key_pem": "-----BEGIN PUBLIC KEY-----\nMIIBIjANBgkqhkiG9w0BAQEFAAOCAQ8AMIIBCgKCAQEAw8bgu1mYucqzt/qlKCWP\nyeGHjw6awE4d4j7QTNbw0eqAnVcbBxn3qq2nFCRGoM01yGfpdFqTkGKPsCCMenS3\nkstmbnV9/s0i9eL/H7+wjMK9e/UI/keyufcTaF4TCGyrmAsTgWAxSCQYNS7pvU/d\nx4M3WJDygKFey03qMbjyzEwrk4fTOM+bg8yKK6w2KsDaep5vPetfpR/QusCdiuDX\ny0eu6lTJTn26YRoHUhM6MHRhI6g5erwS7hDCZH04CNjqRW15O5dUy+Vwgx4VRUGa\npkKxK+Yxeio5XxVzLVuTl9MFJfs6fSTRJjxFmazjMRX+fRgeIVLvbeYnPFT9Yvii\nPQIDAQAB\n-----END PUBLIC KEY-----\n",
            "rsa_bits": 2048
          },
          "sensitive_attributes": [
            [
              {
                "type": "get_attr",
                "value": "private_key_openssh"
              }
            ],
            [
              {
                "type": "get_attr",
                "value": "private_key_pem"
              }
            ],
            [
              {
                "type": "get_attr",
                "value": "private_key_pem_pkcs8"
              }
            ]
          ],
          "identity_schema_version": 0
        },
        {
          "index_key": "mcdonalds-dev",
          "schema_version": 1,
          "attributes": {
            "algorithm": "RSA",
            "ecdsa_curve": "P224",
            "id": "bc43dc84b10420326e8550f4b2e526a268d0b39d",
            "private_key_openssh": "-----BEGIN OPENSSH PRIVATE KEY-----\nb3BlbnNzaC1rZXktdjEAAAAABG5vbmUAAAAEbm9uZQAAAAAAAAABAAABFwAAAAdz\nc2gtcnNhAAAAAwEAAQAAAQEAvjJ9njUCvosd+0JVwRWjmjakx2anjHH8cPpvE8PQ\n4DBxvMgBDiPbF7ZioxmxelPPvZiI+CGFWfisiURXZdAhlwe1VKBzAPDHtsLG4nj/\n/TzIiDIwlXZMTlfifaOJQddQRI4k9a5GAI5a+xoB3HR9hmELVAgxZA+CXpaBi40k\n9v9fNE1l4k/PPysnUZEnHIJD9Lrz2czTKe4iFosG5GQu2yVzhZ+CvFODEdlkkaX6\nDxwO/WR9Nhu7XkRENMq5jr4c3vnfXJKEh9Dt7y+VRQJ0sGUohGO0+xOLHCzJd6X6\nrJkiwP/gAcBPK1tdly9loINLcunXWTAMOrehbNtLfJemIQAAA7iw4Vl1sOFZdQAA\nAAdzc2gtcnNhAAABAQC+Mn2eNQK+ix37QlXBFaOaNqTHZqeMcfxw+m8Tw9DgMHG8\nyAEOI9sXtmKjGbF6U8+9mIj4IYVZ+KyJRFdl0CGXB7VUoHMA8Me2wsbieP/9PMiI\nMjCVdkxOV+J9o4lB11BEjiT1rkYAjlr7GgHcdH2GYQtUCDFkD4JeloGLjST2/180\nTWXiT88/KydRkSccgkP0uvPZzNMp7iIWiwbkZC7bJXOFn4K8U4MR2WSRpfoPHA79\nZH02G7teREQ0yrmOvhze+d9ckoSH0O3vL5VFAnSwZSiEY7T7E4scLMl3pfqsmSLA\n/+ABwE8rW12XL2Wgg0ty6ddZMAw6t6Fs20t8l6YhAAAAAwEAAQAAAQAMQ7E5/G0a\n4FmklBh3hO+xyAhEG2h+c/M1TdDP03aqnjUXWUZIJSPBma8umT+KhdEFhsp+RZsV\nvCVUDKYeGJex53tX46jGzL/0FwdAH1FSgRLlRWdAnAo7mwst0tfM+Rdh9FCJzx0Q\neB2Bx6GLF6/odGWIm6ajryRW+RmNaCKUErMVNNVUl7d6Q1AjKbNBusFh2faZr+Ik\njnG7gwl1PO401i8SrVFzAkmW0X/lFdd1SWSxpA7nSJMZj+mzk6wv898/BbVSH3LR\nB4TwsaNQTc+rpJvKB1DspQ5B7eLOr1CsqHh/SiJozxwYLIkZV0g/+V7AmJBseNvr\nyFUeZxYpzfWBAAAAgBLH6xhSygzGL71qdRc3TsmRqj21HK7E4pdXVXInhRHf7r0h\nfp9zjFTSd0iG2UFJb/uByj2ODvuNkvt5cnHXGINMAyrnqCd3lVo8roLDIma/xbKv\nznNztVwrg77XZhbXXvGjI5xHxoEu/WZ8l5f5wr16rU0diXa9sT8iLRFBixD2AAAA\ngQDkjwBMeJrA3jA4RpQRfKbh7JV9UFt7bwAdTmNdTIL4HuGK/s+U4yoJrXp8ymP1\nfx5kWdXDosPf6F8tDDKAY5osHd24Ksa4ruGUc02PLJL6+89p3D9kE5Lopr7U/7b7\nmhYFBi832jhPAWZ153J4U50Hc6fuH8bDbgFr4wMfTAeoWQAAAIEA1QhpLLYXrACd\nQcNGW5C2PgMY9OwnkdubIZ6NX6wWzEEl/RId0u6fUlAxbdx51lWK7yZb7ZdAc4Bf\nvmIPVS2PVQQsAOt6ztjqJEi4d574Yb/04rjqWKkb5nzusqWZ/AuJd6Qe8OlJbhg6\n2vkDdrwkfsJbp7zoWhX+ueqDc37xMwkAAAAAAQID\n-----END OPENSSH PRIVATE KEY-----\n",
            "private_key_pem": "-----BEGIN RSA PRIVATE KEY-----\nMIIEpAIBAAKCAQEAvjJ9njUCvosd+0JVwRWjmjakx2anjHH8cPpvE8PQ4DBxvMgB\nDiPbF7ZioxmxelPPvZiI+CGFWfisiURXZdAhlwe1VKBzAPDHtsLG4nj//TzIiDIw\nlXZMTlfifaOJQddQRI4k9a5GAI5a+xoB3HR9hmELVAgxZA+CXpaBi40k9v9fNE1l\n4k/PPysnUZEnHIJD9Lrz2czTKe4iFosG5GQu2yVzhZ+CvFODEdlkkaX6DxwO/WR9\nNhu7XkRENMq5jr4c3vnfXJKEh9Dt7y+VRQJ0sGUohGO0+xOLHCzJd6X6rJkiwP/g\nAcBPK1tdly9loINLcunXWTAMOrehbNtLfJemIQIDAQABAoIBAAxDsTn8bRrgWaSU\nGHeE77HICEQbaH5z8zVN0M/TdqqeNRdZRkglI8GZry6ZP4qF0QWGyn5FmxW8JVQM\nph4Yl7Hne1fjqMbMv/QXB0AfUVKBEuVFZ0CcCjubCy3S18z5F2H0UInPHRB4HYHH\noYsXr+h0ZYibpqOvJFb5GY1oIpQSsxU01VSXt3pDUCMps0G6wWHZ9pmv4iSOcbuD\nCXU87jTWLxKtUXMCSZbRf+UV13VJZLGkDudIkxmP6bOTrC/z3z8FtVIfctEHhPCx\no1BNz6ukm8oHUOylDkHt4s6vUKyoeH9KImjPHBgsiRlXSD/5XsCYkGx42+vIVR5n\nFinN9YECgYEA5I8ATHiawN4wOEaUEXym4eyVfVBbe28AHU5jXUyC+B7hiv7PlOMq\nCa16fMpj9X8eZFnVw6LD3+hfLQwygGOaLB3duCrGuK7hlHNNjyyS+vvPadw/ZBOS\n6Ka+1P+2+5oWBQYvN9o4TwFmdedyeFOdB3On7h/Gw24Ba+MDH0wHqFkCgYEA1Qhp\nLLYXrACdQcNGW5C2PgMY9OwnkdubIZ6NX6wWzEEl/RId0u6fUlAxbdx51lWK7yZb\n7ZdAc4BfvmIPVS2PVQQsAOt6ztjqJEi4d574Yb/04rjqWKkb5nzusqWZ/AuJd6Qe\n8OlJbhg62vkDdrwkfsJbp7zoWhX+ueqDc37xMwkCgYEAirCbpcupXE93Qy7QuqvB\nOGavb5NLb+MzVpUyhnLfJmDWy9lDbT1LTQQPx5moflfcwVgh9szVvxDqcBNusam+\n6/ZTjGWooHi+Oa6d6btKlTIn8jzL2pZmFvbX5bgl+RbPNc1C6clpUcevvOvs8kcK\ninML+9scaYpfInBmfJ9OJkECgYEAzywMzFSRlM5MIIY9SBLliE0O2jFHEgvVQ86j\ngeUjjqPUw9X4dwdknXIrf8GoIw6xvH07bUVogmrXsZg/fQB/oZgbCxH2Lm641Wx7\nKKnKt5UsG8jk7jAXWAErSUTPCVRW7akIBhV5Ob4KjqUX/0Jc44E0DV4jQGiffkJY\nb9uFybECgYASx+sYUsoMxi+9anUXN07Jkao9tRyuxOKXV1VyJ4UR3+69IX6fc4xU\n0ndIhtlBSW/7gco9jg77jZL7eXJx1xiDTAMq56gnd5VaPK6CwyJmv8Wyr85zc7Vc\nK4O+12YW117xoyOcR8aBLv1mfJeX+cK9eq1NHYl2vbE/Ii0RQYsQ9g==\n-----END RSA PRIVATE KEY-----\n",
            "private_key_pem_pkcs8": "-----BEGIN PRIVATE KEY-----\nMIIEvgIBADANBgkqhkiG9w0BAQEFAASCBKgwggSkAgEAAoIBAQC+Mn2eNQK+ix37\nQlXBFaOaNqTHZqeMcfxw+m8Tw9DgMHG8yAEOI9sXtmKjGbF6U8+9mIj4IYVZ+KyJ\nRFdl0CGXB7VUoHMA8Me2wsbieP/9PMiIMjCVdkxOV+J9o4lB11BEjiT1rkYAjlr7\nGgHcdH2GYQtUCDFkD4JeloGLjST2/180TWXiT88/KydRkSccgkP0uvPZzNMp7iIW\niwbkZC7bJXOFn4K8U4MR2WSRpfoPHA79ZH02G7teREQ0yrmOvhze+d9ckoSH0O3v\nL5VFAnSwZSiEY7T7E4scLMl3pfqsmSLA/+ABwE8rW12XL2Wgg0ty6ddZMAw6t6Fs\n20t8l6YhAgMBAAECggEADEOxOfxtGuBZpJQYd4TvscgIRBtofnPzNU3Qz9N2qp41\nF1lGSCUjwZmvLpk/ioXRBYbKfkWbFbwlVAymHhiXsed7V+Ooxsy/9BcHQB9RUoES\n5UVnQJwKO5sLLdLXzPkXYfRQic8dEHgdgcehixev6HRliJumo68kVvkZjWgilBKz\nFTTVVJe3ekNQIymzQbrBYdn2ma/iJI5xu4MJdTzuNNYvEq1RcwJJltF/5RXXdUlk\nsaQO50iTGY/ps5OsL/PfPwW1Uh9y0QeE8LGjUE3Pq6SbygdQ7KUOQe3izq9QrKh4\nf0oiaM8cGCyJGVdIP/lewJiQbHjb68hVHmcWKc31gQKBgQDkjwBMeJrA3jA4RpQR\nfKbh7JV9UFt7bwAdTmNdTIL4HuGK/s+U4yoJrXp8ymP1fx5kWdXDosPf6F8tDDKA\nY5osHd24Ksa4ruGUc02PLJL6+89p3D9kE5Lopr7U/7b7mhYFBi832jhPAWZ153J4\nU50Hc6fuH8bDbgFr4wMfTAeoWQKBgQDVCGksthesAJ1Bw0ZbkLY+Axj07CeR25sh\nno1frBbMQSX9Eh3S7p9SUDFt3HnWVYrvJlvtl0BzgF++Yg9VLY9VBCwA63rO2Ook\nSLh3nvhhv/TiuOpYqRvmfO6ypZn8C4l3pB7w6UluGDra+QN2vCR+wlunvOhaFf65\n6oNzfvEzCQKBgQCKsJuly6lcT3dDLtC6q8E4Zq9vk0tv4zNWlTKGct8mYNbL2UNt\nPUtNBA/Hmah+V9zBWCH2zNW/EOpwE26xqb7r9lOMZaigeL45rp3pu0qVMifyPMva\nlmYW9tfluCX5Fs81zULpyWlRx6+86+zyRwqKcwv72xxpil8icGZ8n04mQQKBgQDP\nLAzMVJGUzkwghj1IEuWITQ7aMUcSC9VDzqOB5SOOo9TD1fh3B2Sdcit/wagjDrG8\nfTttRWiCatexmD99AH+hmBsLEfYubrjVbHsoqcq3lSwbyOTuMBdYAStJRM8JVFbt\nqQgGFXk5vgqOpRf/QlzjgTQNXiNAaJ9+Qlhv24XJsQKBgBLH6xhSygzGL71qdRc3\nTsmRqj21HK7E4pdXVXInhRHf7r0hfp9zjFTSd0iG2UFJb/uByj2ODvuNkvt5cnHX\nGINMAyrnqCd3lVo8roLDIma/xbKvznNztVwrg77XZhbXXvGjI5xHxoEu/WZ8l5f5\nwr16rU0diXa9sT8iLRFBixD2\n-----END PRIVATE KEY-----\n",
            "public_key_fingerprint_md5": "af:93:c0:6a:50:38:c3:a8:0d:8a:1d:1b:ed:ae:a2:ad",
            "public_key_fingerprint_sha256": "SHA256:etmj/50Aaq+XTIOjScbHp8qz6TCzM8U7W7AITsmbFV0",
            "public_key_openssh": "ssh-rsa AAAAB3NzaC1yc2EAAAADAQABAAABAQC+Mn2eNQK+ix37QlXBFaOaNqTHZqeMcfxw+m8Tw9DgMHG8yAEOI9sXtmKjGbF6U8+9mIj4IYVZ+KyJRFdl0CGXB7VUoHMA8Me2wsbieP/9PMiIMjCVdkxOV+J9o4lB11BEjiT1rkYAjlr7GgHcdH2GYQtUCDFkD4JeloGLjST2/180TWXiT88/KydRkSccgkP0uvPZzNMp7iIWiwbkZC7bJXOFn4K8U4MR2WSRpfoPHA79ZH02G7teREQ0yrmOvhze+d9ckoSH0O3vL5VFAnSwZSiEY7T7E4scLMl3pfqsmSLA/+ABwE8rW12XL2Wgg0ty6ddZMAw6t6Fs20t8l6Yh\n",
            "public_key_pem": "-----BEGIN PUBLIC KEY-----\nMIIBIjANBgkqhkiG9w0BAQEFAAOCAQ8AMIIBCgKCAQEAvjJ9njUCvosd+0JVwRWj\nmjakx2anjHH8cPpvE8PQ4DBxvMgBDiPbF7ZioxmxelPPvZiI+CGFWfisiURXZdAh\nlwe1VKBzAPDHtsLG4nj//TzIiDIwlXZMTlfifaOJQddQRI4k9a5GAI5a+xoB3HR9\nhmELVAgxZA+CXpaBi40k9v9fNE1l4k/PPysnUZEnHIJD9Lrz2czTKe4iFosG5GQu\n2yVzhZ+CvFODEdlkkaX6DxwO/WR9Nhu7XkRENMq5jr4c3vnfXJKEh9Dt7y+VRQJ0\nsGUohGO0+xOLHCzJd6X6rJkiwP/gAcBPK1tdly9loINLcunXWTAMOrehbNtLfJem\nIQIDAQAB\n-----END PUBLIC KEY-----\n",
            "rsa_bits": 2048
          },
          "sensitive_attributes": [
            [
              {
                "type": "get_attr",
                "value": "private_key_openssh"
              }
            ],
            [
              {
                "type": "get_attr",
                "value": "private_key_pem"
              }
            ],
            [
              {
                "type": "get_attr",
                "value": "private_key_pem_pkcs8"
              }
            ]
          ],
          "identity_schema_version": 0
        },
        {
          "index_key": "mcdonalds-prod",
          "schema_version": 1,
          "attributes": {
            "algorithm": "RSA",
            "ecdsa_curve": "P224",
            "id": "b5aab389c3891f375eb5e0b480018050363c007e",
            "private_key_openssh": "-----BEGIN OPENSSH PRIVATE KEY-----\nb3BlbnNzaC1rZXktdjEAAAAABG5vbmUAAAAEbm9uZQAAAAAAAAABAAABFwAAAAdz\nc2gtcnNhAAAAAwEAAQAAAQEAycRf+arw206hCwRwPp02nODjkKGT1XilqIloJOxk\nxMOKAgUlbqoTVAQsk46U3Lm+iKhlypStj6gF3PVjh8CMx8JJu8GVK2Hosg+oyRvJ\nU/JTFNJGajJZeXwrGT9AVJYv0W+umjFiqw9NcKBBL7IAPGENfKXmxdeyvumUNvth\nWg602Wof/oTmFLgdQG6rQvh74sCojSttuFen2w4m/KaUlAtcDJ+y1qGcTMX+U9lE\nFeSfZtfcWPEp7rr0B7Ue7l1x5iHxsx/fB1h9t9RjL3Zf+N4S6k1/3znrksvmvhJt\ncr5KhQbsdTHPS8kE9b8jlFZ7rgHOy2RExntodEM+MZTkiwAAA7g5RHajOUR2owAA\nAAdzc2gtcnNhAAABAQDJxF/5qvDbTqELBHA+nTac4OOQoZPVeKWoiWgk7GTEw4oC\nBSVuqhNUBCyTjpTcub6IqGXKlK2PqAXc9WOHwIzHwkm7wZUrYeiyD6jJG8lT8lMU\n0kZqMll5fCsZP0BUli/Rb66aMWKrD01woEEvsgA8YQ18pebF17K+6ZQ2+2FaDrTZ\nah/+hOYUuB1AbqtC+HviwKiNK224V6fbDib8ppSUC1wMn7LWoZxMxf5T2UQV5J9m\n19xY8SnuuvQHtR7uXXHmIfGzH98HWH231GMvdl/43hLqTX/fOeuSy+a+Em1yvkqF\nBux1Mc9LyQT1vyOUVnuuAc7LZETGe2h0Qz4xlOSLAAAAAwEAAQAAAQAThGrySD5X\nQIJkge/npqaHQ1vP/ElEH5EKvgv0cmeG/xFFA8FstIf9GxBCz8qHlXIgXwXFtF8b\no9m5V4VittYHZrxiLKYk1apAOzKNDaKKe8jcnUCRekBcd43ludAbvpFulXqS0M8m\nE+teRyo3FmVecdbvpU6u+aABRq//J47xuolvopuQv0npso0qw1NbXGh3URQvSDLM\nd1bquAf2kWocCve6Ndez6YiDYqmhJeiKqlqNV5ShgaIBPQJTJfwzlj/8Ez5Sjo99\nU0pPmAJ9pdksKvT+udaONw9P5AP4wuj5i504gks/txkb9+kCyHBW8gdjvzGAvni/\nfCRD3EjJMH19AAAAgFOcoJT4sRlgFXD2D8TNCZJUzBrgL0qxFZICC5X9YU3txmuI\nNYKqelkSliBve1eJHmvafrDYp0TY/AAjX7klg1siTToIUaTloq8ZBhVSEPTYLe6y\nmyZKL/wN6UxqwJKeNAi3XncbghdYhtFeUCKSBi7N9jYbXIeuIAB/NQwQMgjJAAAA\ngQDuiAD1IJLcfpmdiWvcKcjQS2TuZoqlnhxAzgfEhk7QG9ZXBU2HLohWi0yRsilF\nhTKhxgOyZ719UxcYfnXW+ozkgIrSN8O4yTMXQwdl6DCz+B30o3GooJDFknHrKges\nfuXb49QUFfL+vpqI2Tf59+ezmlZl6NIeFflxtJCZYOe27QAAAIEA2IsdUoxCVH69\nU2Ib0hQ/up/WL0iiWnBxA5abjCHZWGO6/s14qGfcrsWQ4rH63+mZkjmgvSFOWI8A\nAZHBViTHi1gso/ZTuljtllAzsmeA1qANGXbHRm8IjJfZvGPPkJO2j7KFk7PZ7ZAm\nGz+AJr+motqbWQ7Ujyil1TtdaYkrYlcAAAAAAQID\n-----END OPENSSH PRIVATE KEY-----\n",
            "private_key_pem": "-----BEGIN RSA PRIVATE KEY-----\nMIIEowIBAAKCAQEAycRf+arw206hCwRwPp02nODjkKGT1XilqIloJOxkxMOKAgUl\nbqoTVAQsk46U3Lm+iKhlypStj6gF3PVjh8CMx8JJu8GVK2Hosg+oyRvJU/JTFNJG\najJZeXwrGT9AVJYv0W+umjFiqw9NcKBBL7IAPGENfKXmxdeyvumUNvthWg602Wof\n/oTmFLgdQG6rQvh74sCojSttuFen2w4m/KaUlAtcDJ+y1qGcTMX+U9lEFeSfZtfc\nWPEp7rr0B7Ue7l1x5iHxsx/fB1h9t9RjL3Zf+N4S6k1/3znrksvmvhJtcr5KhQbs\ndTHPS8kE9b8jlFZ7rgHOy2RExntodEM+MZTkiwIDAQABAoIBABOEavJIPldAgmSB\n7+empodDW8/8SUQfkQq+C/RyZ4b/EUUDwWy0h/0bEELPyoeVciBfBcW0Xxuj2blX\nhWK21gdmvGIspiTVqkA7Mo0Noop7yNydQJF6QFx3jeW50Bu+kW6VepLQzyYT615H\nKjcWZV5x1u+lTq75oAFGr/8njvG6iW+im5C/SemyjSrDU1tcaHdRFC9IMsx3Vuq4\nB/aRahwK97o117PpiINiqaEl6IqqWo1XlKGBogE9AlMl/DOWP/wTPlKOj31TSk+Y\nAn2l2Swq9P651o43D0/kA/jC6PmLnTiCSz+3GRv36QLIcFbyB2O/MYC+eL98JEPc\nSMkwfX0CgYEA7ogA9SCS3H6ZnYlr3CnI0Etk7maKpZ4cQM4HxIZO0BvWVwVNhy6I\nVotMkbIpRYUyocYDsme9fVMXGH511vqM5ICK0jfDuMkzF0MHZegws/gd9KNxqKCQ\nxZJx6yoHrH7l2+PUFBXy/r6aiNk3+ffns5pWZejSHhX5cbSQmWDntu0CgYEA2Isd\nUoxCVH69U2Ib0hQ/up/WL0iiWnBxA5abjCHZWGO6/s14qGfcrsWQ4rH63+mZkjmg\nvSFOWI8AAZHBViTHi1gso/ZTuljtllAzsmeA1qANGXbHRm8IjJfZvGPPkJO2j7KF\nk7PZ7ZAmGz+AJr+motqbWQ7Ujyil1TtdaYkrYlcCgYEAzB5SQ3HWex1TMz5vsH2J\nPMXn3yKcrtE4eDRW7VPJicjoiJsfFvk47mZR5bPCIZ20ED+01ix0ORSrhOhiys6p\nVrixEudpc22pbNSNNiWV18wRRlG/Z3/Po2KIXacf3frRlHPH/lAyGtDcyRKpFh2Q\nh18hZB/x/pDrXuQXgUktwJkCgYAdd2C4GOn1wYFV1WXfwm2hoZptuL6O+/oE+PuV\nqA2BX6DUh3VBxVBcX/oFPx7aVVlWco0S73NPzbW8gO8EH+EfbxI0BZMDKpK5/5Pp\nVPhNPF5L9sPLK9TH/OneHt7h15fiGfLfVHv1PcZRsuRnYXD1fDXjeocmK+vVBk0B\nzW6f5QKBgFOcoJT4sRlgFXD2D8TNCZJUzBrgL0qxFZICC5X9YU3txmuINYKqelkS\nliBve1eJHmvafrDYp0TY/AAjX7klg1siTToIUaTloq8ZBhVSEPTYLe6ymyZKL/wN\n6UxqwJKeNAi3XncbghdYhtFeUCKSBi7N9jYbXIeuIAB/NQwQMgjJ\n-----END RSA PRIVATE KEY-----\n",
            "private_key_pem_pkcs8": "-----BEGIN PRIVATE KEY-----\nMIIEvQIBADANBgkqhkiG9w0BAQEFAASCBKcwggSjAgEAAoIBAQDJxF/5qvDbTqEL\nBHA+nTac4OOQoZPVeKWoiWgk7GTEw4oCBSVuqhNUBCyTjpTcub6IqGXKlK2PqAXc\n9WOHwIzHwkm7wZUrYeiyD6jJG8lT8lMU0kZqMll5fCsZP0BUli/Rb66aMWKrD01w\noEEvsgA8YQ18pebF17K+6ZQ2+2FaDrTZah/+hOYUuB1AbqtC+HviwKiNK224V6fb\nDib8ppSUC1wMn7LWoZxMxf5T2UQV5J9m19xY8SnuuvQHtR7uXXHmIfGzH98HWH23\n1GMvdl/43hLqTX/fOeuSy+a+Em1yvkqFBux1Mc9LyQT1vyOUVnuuAc7LZETGe2h0\nQz4xlOSLAgMBAAECggEAE4Rq8kg+V0CCZIHv56amh0Nbz/xJRB+RCr4L9HJnhv8R\nRQPBbLSH/RsQQs/Kh5VyIF8FxbRfG6PZuVeFYrbWB2a8YiymJNWqQDsyjQ2iinvI\n3J1AkXpAXHeN5bnQG76RbpV6ktDPJhPrXkcqNxZlXnHW76VOrvmgAUav/yeO8bqJ\nb6KbkL9J6bKNKsNTW1xod1EUL0gyzHdW6rgH9pFqHAr3ujXXs+mIg2KpoSXoiqpa\njVeUoYGiAT0CUyX8M5Y//BM+Uo6PfVNKT5gCfaXZLCr0/rnWjjcPT+QD+MLo+Yud\nOIJLP7cZG/fpAshwVvIHY78xgL54v3wkQ9xIyTB9fQKBgQDuiAD1IJLcfpmdiWvc\nKcjQS2TuZoqlnhxAzgfEhk7QG9ZXBU2HLohWi0yRsilFhTKhxgOyZ719UxcYfnXW\n+ozkgIrSN8O4yTMXQwdl6DCz+B30o3GooJDFknHrKgesfuXb49QUFfL+vpqI2Tf5\n9+ezmlZl6NIeFflxtJCZYOe27QKBgQDYix1SjEJUfr1TYhvSFD+6n9YvSKJacHED\nlpuMIdlYY7r+zXioZ9yuxZDisfrf6ZmSOaC9IU5YjwABkcFWJMeLWCyj9lO6WO2W\nUDOyZ4DWoA0ZdsdGbwiMl9m8Y8+Qk7aPsoWTs9ntkCYbP4Amv6ai2ptZDtSPKKXV\nO11piStiVwKBgQDMHlJDcdZ7HVMzPm+wfYk8xeffIpyu0Th4NFbtU8mJyOiImx8W\n+TjuZlHls8IhnbQQP7TWLHQ5FKuE6GLKzqlWuLES52lzbals1I02JZXXzBFGUb9n\nf8+jYohdpx/d+tGUc8f+UDIa0NzJEqkWHZCHXyFkH/H+kOte5BeBSS3AmQKBgB13\nYLgY6fXBgVXVZd/CbaGhmm24vo77+gT4+5WoDYFfoNSHdUHFUFxf+gU/HtpVWVZy\njRLvc0/NtbyA7wQf4R9vEjQFkwMqkrn/k+lU+E08Xkv2w8sr1Mf86d4e3uHXl+IZ\n8t9Ue/U9xlGy5GdhcPV8NeN6hyYr69UGTQHNbp/lAoGAU5yglPixGWAVcPYPxM0J\nklTMGuAvSrEVkgILlf1hTe3Ga4g1gqp6WRKWIG97V4kea9p+sNinRNj8ACNfuSWD\nWyJNOghRpOWirxkGFVIQ9Ngt7rKbJkov/A3pTGrAkp40CLdedxuCF1iG0V5QIpIG\nLs32Nhtch64gAH81DBAyCMk=\n-----END PRIVATE KEY-----\n",
            "public_key_fingerprint_md5": "e3:00:06:79:86:20:0e:7d:c7:b1:b1:fc:a1:f5:d3:72",
            "public_key_fingerprint_sha256": "SHA256:4GL3OJMffiVBab46q6fSdpHLpVhK3tcfzbaU3MmFXwk",
            "public_key_openssh": "ssh-rsa AAAAB3NzaC1yc2EAAAADAQABAAABAQDJxF/5qvDbTqELBHA+nTac4OOQoZPVeKWoiWgk7GTEw4oCBSVuqhNUBCyTjpTcub6IqGXKlK2PqAXc9WOHwIzHwkm7wZUrYeiyD6jJG8lT8lMU0kZqMll5fCsZP0BUli/Rb66aMWKrD01woEEvsgA8YQ18pebF17K+6ZQ2+2FaDrTZah/+hOYUuB1AbqtC+HviwKiNK224V6fbDib8ppSUC1wMn7LWoZxMxf5T2UQV5J9m19xY8SnuuvQHtR7uXXHmIfGzH98HWH231GMvdl/43hLqTX/fOeuSy+a+Em1yvkqFBux1Mc9LyQT1vyOUVnuuAc7LZETGe2h0Qz4xlOSL\n",
            "public_key_pem": "-----BEGIN PUBLIC KEY-----\nMIIBIjANBgkqhkiG9w0BAQEFAAOCAQ8AMIIBCgKCAQEAycRf+arw206hCwRwPp02\nnODjkKGT1XilqIloJOxkxMOKAgUlbqoTVAQsk46U3Lm+iKhlypStj6gF3PVjh8CM\nx8JJu8GVK2Hosg+oyRvJU/JTFNJGajJZeXwrGT9AVJYv0W+umjFiqw9NcKBBL7IA\nPGENfKXmxdeyvumUNvthWg602Wof/oTmFLgdQG6rQvh74sCojSttuFen2w4m/KaU\nlAtcDJ+y1qGcTMX+U9lEFeSfZtfcWPEp7rr0B7Ue7l1x5iHxsx/fB1h9t9RjL3Zf\n+N4S6k1/3znrksvmvhJtcr5KhQbsdTHPS8kE9b8jlFZ7rgHOy2RExntodEM+MZTk\niwIDAQAB\n-----END PUBLIC KEY-----\n",
            "rsa_bits": 2048
          },
          "sensitive_attributes": [
            [
              {
                "type": "get_attr",
                "value": "private_key_openssh"
              }
            ],
            [
              {
                "type": "get_attr",
                "value": "private_key_pem"
              }
            ],
            [
              {
                "type": "get_attr",
                "value": "private_key_pem_pkcs8"
              }
            ]
          ],
          "identity_schema_version": 0
        },
        {
          "index_key": "mcdonalds-qa",
          "schema_version": 1,
          "attributes": {
            "algorithm": "RSA",
            "ecdsa_curve": "P224",
            "id": "7bbb645afac7d13503be4455ba8656e2396e0734",
            "private_key_openssh": "-----BEGIN OPENSSH PRIVATE KEY-----\nb3BlbnNzaC1rZXktdjEAAAAABG5vbmUAAAAEbm9uZQAAAAAAAAABAAABFwAAAAdz\nc2gtcnNhAAAAAwEAAQAAAQEA3VSBin8l4wLm/5XgJIKo6fafWlA82hW0WHj91dj2\nufGeQXFk7rz0v+GwgITGj5E9+vw5Mh7NB75B8nXt6ApCwhl3H540OIAK5y7fVjFx\nmvLSKy9RmiTieORyLls7mgRe/AvcJwz3AzXjDmAd4zWU3BnchjrKphTZKJgLZ5Ow\n45n2xhxcSZTcmNvOYwiSZwqRjGyeQwgb7B5ODwi+wt95bRpspvpBgDWhIBmtSFnY\n3ENL+/xep5HjqIvo88RTzj1QQjiiKOSuwNV/8wDl59+Cd9CZl1jl6G71Brs6UNg3\nF+LCFxld/ftUhwYm8ks3KPtJrgPBCtBOk60urheH2pojwwAAA7h/zDvzf8w78wAA\nAAdzc2gtcnNhAAABAQDdVIGKfyXjAub/leAkgqjp9p9aUDzaFbRYeP3V2Pa58Z5B\ncWTuvPS/4bCAhMaPkT36/DkyHs0HvkHyde3oCkLCGXcfnjQ4gArnLt9WMXGa8tIr\nL1GaJOJ45HIuWzuaBF78C9wnDPcDNeMOYB3jNZTcGdyGOsqmFNkomAtnk7DjmfbG\nHFxJlNyY285jCJJnCpGMbJ5DCBvsHk4PCL7C33ltGmym+kGANaEgGa1IWdjcQ0v7\n/F6nkeOoi+jzxFPOPVBCOKIo5K7A1X/zAOXn34J30JmXWOXobvUGuzpQ2DcX4sIX\nGV39+1SHBibySzco+0muA8EK0E6TrS6uF4famiPDAAAAAwEAAQAAAQA3P0virWBg\nrS3KKLg9hNvzItueKJ839OkCmJkME09rFNPjFBIUwdf6ObTcL8h8t82X4/PG/gdB\n4o0Fn8hV/pGxb7fbjZsNa3DNSlb3ZfosqmYp33LoHkLl2GhkB+P1yxeGpNM8cDEM\nfRwDT5zGRW62DkKMwwoosNWQG3vlS+mAtkvglJiyrgAuxrWZouUgejwGLGPJ15N0\nQNtQQtBg3kN6rfgtEk9KTlI/vAbsGXTF+wP/Ycv6IzlA1nZNqBX8ml6yM1Jz6z6C\n+pCQUmiukUbBnrBhlUukMWZKltVLwqsiHYhQfp83Qnc7rdqZ6CMfRE9rju65XwZ4\nJSKwpmb5r5IZAAAAgFYTaYwl+YveBb6z1qfVHi/stvo3+SVwDOyb3AxSuDSuztqr\ne+z54im+a7rHZLeTtkVOAh7tKVhdS8szCIdToIlvWLyEEdj6WTzYMGS+oNRsC4Cc\naC/LCLbH68XuR/l5ZFG8NkOpkWzNzOgDsH6IieznjVEXzbml3htwsz+zW0EHAAAA\ngQD9aKylq0tIRnx8WPpVZFgRWZDR5n62/JFfS/jVGIomPZ7fKuKG2C/O7Rgk8n1X\ntaqNfUUbMVvMz3xl96krlI1NGWlyrzz832End/4N8xqmjLj8EwJvMlEImb6dWCmm\nShCguohoqaFQgvEb44T/N4SwXnA1gdZjuWY6jlNOdXk7zQAAAIEA35fcpA3uZUDg\n6yh8JOPI+vkvnUE1QuLuwrViDzJD2vjAYPKIDRXCPZS6mgBBjSGHm+Obfy3NADv7\nSoWTTJUiTpwAG/kSrfMG549a5lZ7MdkSy6FDDjtZzeEZeLQj7xOCsJxqJ1RbSosN\navUxRaUzFDAZ1t0v0ItRsPplQcwO7c8AAAAAAQID\n-----END OPENSSH PRIVATE KEY-----\n",
            "private_key_pem": "-----BEGIN RSA PRIVATE KEY-----\nMIIEpAIBAAKCAQEA3VSBin8l4wLm/5XgJIKo6fafWlA82hW0WHj91dj2ufGeQXFk\n7rz0v+GwgITGj5E9+vw5Mh7NB75B8nXt6ApCwhl3H540OIAK5y7fVjFxmvLSKy9R\nmiTieORyLls7mgRe/AvcJwz3AzXjDmAd4zWU3BnchjrKphTZKJgLZ5Ow45n2xhxc\nSZTcmNvOYwiSZwqRjGyeQwgb7B5ODwi+wt95bRpspvpBgDWhIBmtSFnY3ENL+/xe\np5HjqIvo88RTzj1QQjiiKOSuwNV/8wDl59+Cd9CZl1jl6G71Brs6UNg3F+LCFxld\n/ftUhwYm8ks3KPtJrgPBCtBOk60urheH2pojwwIDAQABAoIBADc/S+KtYGCtLcoo\nuD2E2/Mi254onzf06QKYmQwTT2sU0+MUEhTB1/o5tNwvyHy3zZfj88b+B0HijQWf\nyFX+kbFvt9uNmw1rcM1KVvdl+iyqZinfcugeQuXYaGQH4/XLF4ak0zxwMQx9HANP\nnMZFbrYOQozDCiiw1ZAbe+VL6YC2S+CUmLKuAC7GtZmi5SB6PAYsY8nXk3RA21BC\n0GDeQ3qt+C0ST0pOUj+8BuwZdMX7A/9hy/ojOUDWdk2oFfyaXrIzUnPrPoL6kJBS\naK6RRsGesGGVS6QxZkqW1UvCqyIdiFB+nzdCdzut2pnoIx9ET2uO7rlfBnglIrCm\nZvmvkhkCgYEA/WispatLSEZ8fFj6VWRYEVmQ0eZ+tvyRX0v41RiKJj2e3yrihtgv\nzu0YJPJ9V7WqjX1FGzFbzM98ZfepK5SNTRlpcq88/N9hJ3f+DfMapoy4/BMCbzJR\nCJm+nVgppkoQoLqIaKmhUILxG+OE/zeEsF5wNYHWY7lmOo5TTnV5O80CgYEA35fc\npA3uZUDg6yh8JOPI+vkvnUE1QuLuwrViDzJD2vjAYPKIDRXCPZS6mgBBjSGHm+Ob\nfy3NADv7SoWTTJUiTpwAG/kSrfMG549a5lZ7MdkSy6FDDjtZzeEZeLQj7xOCsJxq\nJ1RbSosNavUxRaUzFDAZ1t0v0ItRsPplQcwO7c8CgYEAmSGO6tH3PSazBSVzqPRp\nL5rTI7RIsGUxp8euB3+7w94KyksM9nVfdojZxUHvsnfqJ3QitYr/MWXUg33Ecbxk\nIsoPaakxjpGiEQq2sFFOsoRpKJKILw/V3f+iK0ziZkVthOMTmUOgYpmt/69eaCdx\nfG6lGgBqwHqBpzLobooYh6UCgYEAri9RLODJeknbrnbAl8B4PsRHSpuVEYFWfYru\nVGZVJE4rGJt4T7FGu9CUugo/BuI7Eb9z0NTuYiNYNYrv4HZB3rl7AE++NJMiKtyr\n9MskeAXitY3wfjLQWCnnPPghEkvBwTJpJDB8WgsPreZLtzTmIPEEADYZ3L3cKyI2\nJdcBPlMCgYBWE2mMJfmL3gW+s9an1R4v7Lb6N/klcAzsm9wMUrg0rs7aq3vs+eIp\nvmu6x2S3k7ZFTgIe7SlYXUvLMwiHU6CJb1i8hBHY+lk82DBkvqDUbAuAnGgvywi2\nx+vF7kf5eWRRvDZDqZFszczoA7B+iIns541RF825pd4bcLM/s1tBBw==\n-----END RSA PRIVATE KEY-----\n",
            "private_key_pem_pkcs8": "-----BEGIN PRIVATE KEY-----\nMIIEvgIBADANBgkqhkiG9w0BAQEFAASCBKgwggSkAgEAAoIBAQDdVIGKfyXjAub/\nleAkgqjp9p9aUDzaFbRYeP3V2Pa58Z5BcWTuvPS/4bCAhMaPkT36/DkyHs0HvkHy\nde3oCkLCGXcfnjQ4gArnLt9WMXGa8tIrL1GaJOJ45HIuWzuaBF78C9wnDPcDNeMO\nYB3jNZTcGdyGOsqmFNkomAtnk7DjmfbGHFxJlNyY285jCJJnCpGMbJ5DCBvsHk4P\nCL7C33ltGmym+kGANaEgGa1IWdjcQ0v7/F6nkeOoi+jzxFPOPVBCOKIo5K7A1X/z\nAOXn34J30JmXWOXobvUGuzpQ2DcX4sIXGV39+1SHBibySzco+0muA8EK0E6TrS6u\nF4famiPDAgMBAAECggEANz9L4q1gYK0tyii4PYTb8yLbniifN/TpApiZDBNPaxTT\n4xQSFMHX+jm03C/IfLfNl+Pzxv4HQeKNBZ/IVf6RsW+3242bDWtwzUpW92X6LKpm\nKd9y6B5C5dhoZAfj9csXhqTTPHAxDH0cA0+cxkVutg5CjMMKKLDVkBt75UvpgLZL\n4JSYsq4ALsa1maLlIHo8BixjydeTdEDbUELQYN5Deq34LRJPSk5SP7wG7Bl0xfsD\n/2HL+iM5QNZ2TagV/JpesjNSc+s+gvqQkFJorpFGwZ6wYZVLpDFmSpbVS8KrIh2I\nUH6fN0J3O63amegjH0RPa47uuV8GeCUisKZm+a+SGQKBgQD9aKylq0tIRnx8WPpV\nZFgRWZDR5n62/JFfS/jVGIomPZ7fKuKG2C/O7Rgk8n1XtaqNfUUbMVvMz3xl96kr\nlI1NGWlyrzz832End/4N8xqmjLj8EwJvMlEImb6dWCmmShCguohoqaFQgvEb44T/\nN4SwXnA1gdZjuWY6jlNOdXk7zQKBgQDfl9ykDe5lQODrKHwk48j6+S+dQTVC4u7C\ntWIPMkPa+MBg8ogNFcI9lLqaAEGNIYeb45t/Lc0AO/tKhZNMlSJOnAAb+RKt8wbn\nj1rmVnsx2RLLoUMOO1nN4Rl4tCPvE4KwnGonVFtKiw1q9TFFpTMUMBnW3S/Qi1Gw\n+mVBzA7tzwKBgQCZIY7q0fc9JrMFJXOo9GkvmtMjtEiwZTGnx64Hf7vD3grKSwz2\ndV92iNnFQe+yd+ondCK1iv8xZdSDfcRxvGQiyg9pqTGOkaIRCrawUU6yhGkokogv\nD9Xd/6IrTOJmRW2E4xOZQ6Bima3/r15oJ3F8bqUaAGrAeoGnMuhuihiHpQKBgQCu\nL1Es4Ml6SduudsCXwHg+xEdKm5URgVZ9iu5UZlUkTisYm3hPsUa70JS6Cj8G4jsR\nv3PQ1O5iI1g1iu/gdkHeuXsAT740kyIq3Kv0yyR4BeK1jfB+MtBYKec8+CESS8HB\nMmkkMHxaCw+t5ku3NOYg8QQANhncvdwrIjYl1wE+UwKBgFYTaYwl+YveBb6z1qfV\nHi/stvo3+SVwDOyb3AxSuDSuztqre+z54im+a7rHZLeTtkVOAh7tKVhdS8szCIdT\noIlvWLyEEdj6WTzYMGS+oNRsC4CcaC/LCLbH68XuR/l5ZFG8NkOpkWzNzOgDsH6I\nieznjVEXzbml3htwsz+zW0EH\n-----END PRIVATE KEY-----\n",
            "public_key_fingerprint_md5": "4b:75:53:3b:6d:9d:3b:7a:f7:59:d7:24:6b:57:42:1a",
            "public_key_fingerprint_sha256": "SHA256:En/RQkrlbOr3mmwou9mu1yiP0mmnbBcb+5yBPa89fvU",
            "public_key_openssh": "ssh-rsa AAAAB3NzaC1yc2EAAAADAQABAAABAQDdVIGKfyXjAub/leAkgqjp9p9aUDzaFbRYeP3V2Pa58Z5BcWTuvPS/4bCAhMaPkT36/DkyHs0HvkHyde3oCkLCGXcfnjQ4gArnLt9WMXGa8tIrL1GaJOJ45HIuWzuaBF78C9wnDPcDNeMOYB3jNZTcGdyGOsqmFNkomAtnk7DjmfbGHFxJlNyY285jCJJnCpGMbJ5DCBvsHk4PCL7C33ltGmym+kGANaEgGa1IWdjcQ0v7/F6nkeOoi+jzxFPOPVBCOKIo5K7A1X/zAOXn34J30JmXWOXobvUGuzpQ2DcX4sIXGV39+1SHBibySzco+0muA8EK0E6TrS6uF4famiPD\n",
            "public_key_pem": "-----BEGIN PUBLIC KEY-----\nMIIBIjANBgkqhkiG9w0BAQEFAAOCAQ8AMIIBCgKCAQEA3VSBin8l4wLm/5XgJIKo\n6fafWlA82hW0WHj91dj2ufGeQXFk7rz0v+GwgITGj5E9+vw5Mh7NB75B8nXt6ApC\nwhl3H540OIAK5y7fVjFxmvLSKy9RmiTieORyLls7mgRe/AvcJwz3AzXjDmAd4zWU\n3BnchjrKphTZKJgLZ5Ow45n2xhxcSZTcmNvOYwiSZwqRjGyeQwgb7B5ODwi+wt95\nbRpspvpBgDWhIBmtSFnY3ENL+/xep5HjqIvo88RTzj1QQjiiKOSuwNV/8wDl59+C\nd9CZl1jl6G71Brs6UNg3F+LCFxld/ftUhwYm8ks3KPtJrgPBCtBOk60urheH2poj\nwwIDAQAB\n-----END PUBLIC KEY-----\n",
            "rsa_bits": 2048
          },
          "sensitive_attributes": [
            [
              {
                "type": "get_attr",
                "value": "private_key_openssh"
              }
            ],
            [
              {
                "type": "get_attr",
                "value": "private_key_pem"
              }
            ],
            [
              {
                "type": "get_attr",
                "value": "private_key_pem_pkcs8"
              }
            ]
          ],
          "identity_schema_version": 0
        },
        {
          "index_key": "nike-dev",
          "schema_version": 1,
          "attributes": {
            "algorithm": "RSA",
            "ecdsa_curve": "P224",
            "id": "fc8a091982a4fb1ee0a27626f79cfb13cbc243fd",
            "private_key_openssh": "-----BEGIN OPENSSH PRIVATE KEY-----\nb3BlbnNzaC1rZXktdjEAAAAABG5vbmUAAAAEbm9uZQAAAAAAAAABAAABFwAAAAdz\nc2gtcnNhAAAAAwEAAQAAAQEAyRD0d3QeDdAohvSbrf1zNY53dmjs/uwJpv2rseFH\nGFepTeKumkemnXm7M6d5/u30FVQLBLDGiFTDYOvOz6YEree60WvYjyDxWLlmrH7P\nLHWo0jKeQLikTPS7CCXEUgmUhgZ5LLEAl1Hhn7nOMrWIuzDUmPAE8k7jF+NnG7uX\nJioEx4Xv7ajA4LuvELYUIESWguQsTdz+efxVGBqoSSC+TaxdgZ2iEp3XePzubGVB\nQFViOoVJWSFh0+Cj6RY3MbOOyPsLFjgGtJVlnufAmhk5YG5LhLkZlpTKETB7E8is\nxrjljr0l4GKipHdxDUIke6B1aqJKPHoM0kYWQHaBKo3G4QAAA7gzSSOJM0kjiQAA\nAAdzc2gtcnNhAAABAQDJEPR3dB4N0CiG9Jut/XM1jnd2aOz+7Amm/aux4UcYV6lN\n4q6aR6adebszp3n+7fQVVAsEsMaIVMNg687PpgSt57rRa9iPIPFYuWasfs8sdajS\nMp5AuKRM9LsIJcRSCZSGBnkssQCXUeGfuc4ytYi7MNSY8ATyTuMX42cbu5cmKgTH\nhe/tqMDgu68QthQgRJaC5CxN3P55/FUYGqhJIL5NrF2BnaISndd4/O5sZUFAVWI6\nhUlZIWHT4KPpFjcxs47I+wsWOAa0lWWe58CaGTlgbkuEuRmWlMoRMHsTyKzGuOWO\nvSXgYqKkd3ENQiR7oHVqoko8egzSRhZAdoEqjcbhAAAAAwEAAQAAAQApGdjrWTZy\niuhZ7AMt3icwnbqQXzMBClWPx/+SuVML6BGBDRM1kOt/edyZWsUeplw0hu1IrG0s\n/azBsXphapW+yeWfvRyz519GjIGvRa3KcBPOQhAk+UmGvKlF6Vh4D6LHgee/yb/t\n7sxBFx2OMpssbrcquze7o4IbBj5zxhVH9MajYfhLNT1yrqt1CGi6xJI3vpnVScQM\ntsuku2n1ecFa+ds7B174kNUkOE16lQVpFjig5BtqWO6P51F3wR+Z6MLKOkXO3cA/\n1nCMus9d02ablpGhwtwc7GMSUXQT6EC/Qnu8f4r5zwWKpyEau7ExcagOWCXlW7hG\nNwYN7UMi76nlAAAAgQDJfCWx5AilsFmVnMQtWcx15F8287sfZEWp/j1h0sStVAH3\nQX9ffm8Y3inCYcQm1ShCVcPWluasSZFA+dmd/AzooKZGVI8P1t17/yxdtE/x+dPr\nTZmKjWC6eSF6arane9qj9JswzJD6XqE52V12KVYPjvLN8woohWDUItk5C8pgRQAA\nAIEA6N8hjPGH6jWI8Zd6R79uu0WYiOPcaOd+Y6ZGVHES97gEUFK60D0ja0/7ahlA\nnF5BRog+90Wqs5ng7fYigM7feNGZcJSr9QBEcv2tjQDv8rnNzQMkIdhvAs7uCEq6\nzihOR0nsKe3S8SQXiT7XuaNY5yAJqmWc56AI8f74apmBVB0AAACBAN0JKEypexBj\nqTbGO0XKFl+yoP4TGNAdBsRhS01OVJGThsnDfHAVGxLZFA75H/jXeuMgYbUplJ3h\nwVnBd5s2Vx4yoy44uxISDWYyztqyALQuBDJP1NyJGIzX1ycXkTQeFbduW+cz3xvi\nIjJ/NSDT72B3vNE1JCb4SOXsQBK2WnqVAAAAAAEC\n-----END OPENSSH PRIVATE KEY-----\n",
            "private_key_pem": "-----BEGIN RSA PRIVATE KEY-----\nMIIEpAIBAAKCAQEAyRD0d3QeDdAohvSbrf1zNY53dmjs/uwJpv2rseFHGFepTeKu\nmkemnXm7M6d5/u30FVQLBLDGiFTDYOvOz6YEree60WvYjyDxWLlmrH7PLHWo0jKe\nQLikTPS7CCXEUgmUhgZ5LLEAl1Hhn7nOMrWIuzDUmPAE8k7jF+NnG7uXJioEx4Xv\n7ajA4LuvELYUIESWguQsTdz+efxVGBqoSSC+TaxdgZ2iEp3XePzubGVBQFViOoVJ\nWSFh0+Cj6RY3MbOOyPsLFjgGtJVlnufAmhk5YG5LhLkZlpTKETB7E8isxrjljr0l\n4GKipHdxDUIke6B1aqJKPHoM0kYWQHaBKo3G4QIDAQABAoIBACkZ2OtZNnKK6Fns\nAy3eJzCdupBfMwEKVY/H/5K5UwvoEYENEzWQ63953JlaxR6mXDSG7UisbSz9rMGx\nemFqlb7J5Z+9HLPnX0aMga9FrcpwE85CECT5SYa8qUXpWHgPoseB57/Jv+3uzEEX\nHY4ymyxutyq7N7ujghsGPnPGFUf0xqNh+Es1PXKuq3UIaLrEkje+mdVJxAy2y6S7\nafV5wVr52zsHXviQ1SQ4TXqVBWkWOKDkG2pY7o/nUXfBH5nowso6Rc7dwD/WcIy6\nz13TZpuWkaHC3BzsYxJRdBPoQL9Ce7x/ivnPBYqnIRq7sTFxqA5YJeVbuEY3Bg3t\nQyLvqeUCgYEA6N8hjPGH6jWI8Zd6R79uu0WYiOPcaOd+Y6ZGVHES97gEUFK60D0j\na0/7ahlAnF5BRog+90Wqs5ng7fYigM7feNGZcJSr9QBEcv2tjQDv8rnNzQMkIdhv\nAs7uCEq6zihOR0nsKe3S8SQXiT7XuaNY5yAJqmWc56AI8f74apmBVB0CgYEA3Qko\nTKl7EGOpNsY7RcoWX7Kg/hMY0B0GxGFLTU5UkZOGycN8cBUbEtkUDvkf+Nd64yBh\ntSmUneHBWcF3mzZXHjKjLji7EhINZjLO2rIAtC4EMk/U3IkYjNfXJxeRNB4Vt25b\n5zPfG+IiMn81INPvYHe80TUkJvhI5exAErZaepUCgYEA4vV9HIHWZnSwuE1a9wxj\nHo/w3xG9IlzkOLi4eNoPk3E8exB2VDgSCifUsA5Wg0/1rIljXNoASbTinOmzrPhy\noq0dL7Umds1A6RXGjNNqCJYANxwlnfr0DrehFGHI+N4dlKs+SYspeK4lZjTiSWIj\nZnc6FGGeb7zwmvJWKIbdnh0CgYBayTYaNsprMuP/sXAK/DQwXkgt014vrJxo8KVj\nPTcTDAsit/5WcvTJywuoEr8FEExTGavIIyn9pwopeYNM5wblSlsn0vlTNML4JQo9\nXTtYxkXG/G8rncvNnaGrVsy3IVw+GT/6OJ387+an4wPJVgNOFiAhtbgBoZ0fgufW\nR7vl+QKBgQDJfCWx5AilsFmVnMQtWcx15F8287sfZEWp/j1h0sStVAH3QX9ffm8Y\n3inCYcQm1ShCVcPWluasSZFA+dmd/AzooKZGVI8P1t17/yxdtE/x+dPrTZmKjWC6\neSF6arane9qj9JswzJD6XqE52V12KVYPjvLN8woohWDUItk5C8pgRQ==\n-----END RSA PRIVATE KEY-----\n",
            "private_key_pem_pkcs8": "-----BEGIN PRIVATE KEY-----\nMIIEvgIBADANBgkqhkiG9w0BAQEFAASCBKgwggSkAgEAAoIBAQDJEPR3dB4N0CiG\n9Jut/XM1jnd2aOz+7Amm/aux4UcYV6lN4q6aR6adebszp3n+7fQVVAsEsMaIVMNg\n687PpgSt57rRa9iPIPFYuWasfs8sdajSMp5AuKRM9LsIJcRSCZSGBnkssQCXUeGf\nuc4ytYi7MNSY8ATyTuMX42cbu5cmKgTHhe/tqMDgu68QthQgRJaC5CxN3P55/FUY\nGqhJIL5NrF2BnaISndd4/O5sZUFAVWI6hUlZIWHT4KPpFjcxs47I+wsWOAa0lWWe\n58CaGTlgbkuEuRmWlMoRMHsTyKzGuOWOvSXgYqKkd3ENQiR7oHVqoko8egzSRhZA\ndoEqjcbhAgMBAAECggEAKRnY61k2coroWewDLd4nMJ26kF8zAQpVj8f/krlTC+gR\ngQ0TNZDrf3ncmVrFHqZcNIbtSKxtLP2swbF6YWqVvsnln70cs+dfRoyBr0WtynAT\nzkIQJPlJhrypRelYeA+ix4Hnv8m/7e7MQRcdjjKbLG63Krs3u6OCGwY+c8YVR/TG\no2H4SzU9cq6rdQhousSSN76Z1UnEDLbLpLtp9XnBWvnbOwde+JDVJDhNepUFaRY4\noOQbaljuj+dRd8EfmejCyjpFzt3AP9ZwjLrPXdNmm5aRocLcHOxjElF0E+hAv0J7\nvH+K+c8FiqchGruxMXGoDlgl5Vu4RjcGDe1DIu+p5QKBgQDo3yGM8YfqNYjxl3pH\nv267RZiI49xo535jpkZUcRL3uARQUrrQPSNrT/tqGUCcXkFGiD73RaqzmeDt9iKA\nzt940ZlwlKv1AERy/a2NAO/yuc3NAyQh2G8Czu4ISrrOKE5HSewp7dLxJBeJPte5\no1jnIAmqZZznoAjx/vhqmYFUHQKBgQDdCShMqXsQY6k2xjtFyhZfsqD+ExjQHQbE\nYUtNTlSRk4bJw3xwFRsS2RQO+R/413rjIGG1KZSd4cFZwXebNlceMqMuOLsSEg1m\nMs7asgC0LgQyT9TciRiM19cnF5E0HhW3blvnM98b4iIyfzUg0+9gd7zRNSQm+Ejl\n7EAStlp6lQKBgQDi9X0cgdZmdLC4TVr3DGMej/DfEb0iXOQ4uLh42g+TcTx7EHZU\nOBIKJ9SwDlaDT/WsiWNc2gBJtOKc6bOs+HKirR0vtSZ2zUDpFcaM02oIlgA3HCWd\n+vQOt6EUYcj43h2Uqz5Jiyl4riVmNOJJYiNmdzoUYZ5vvPCa8lYoht2eHQKBgFrJ\nNho2ymsy4/+xcAr8NDBeSC3TXi+snGjwpWM9NxMMCyK3/lZy9MnLC6gSvwUQTFMZ\nq8gjKf2nCil5g0znBuVKWyfS+VM0wvglCj1dO1jGRcb8byudy82doatWzLchXD4Z\nP/o4nfzv5qfjA8lWA04WICG1uAGhnR+C59ZHu+X5AoGBAMl8JbHkCKWwWZWcxC1Z\nzHXkXzbzux9kRan+PWHSxK1UAfdBf19+bxjeKcJhxCbVKEJVw9aW5qxJkUD52Z38\nDOigpkZUjw/W3Xv/LF20T/H50+tNmYqNYLp5IXpqtqd72qP0mzDMkPpeoTnZXXYp\nVg+O8s3zCiiFYNQi2TkLymBF\n-----END PRIVATE KEY-----\n",
            "public_key_fingerprint_md5": "ff:32:2c:14:a5:e0:32:68:3c:6f:89:7e:23:b0:8d:56",
            "public_key_fingerprint_sha256": "SHA256:rNy9DK6tCStJIF4f0Z0xURzn/kjk8ueYgfC2QUrEXMI",
            "public_key_openssh": "ssh-rsa AAAAB3NzaC1yc2EAAAADAQABAAABAQDJEPR3dB4N0CiG9Jut/XM1jnd2aOz+7Amm/aux4UcYV6lN4q6aR6adebszp3n+7fQVVAsEsMaIVMNg687PpgSt57rRa9iPIPFYuWasfs8sdajSMp5AuKRM9LsIJcRSCZSGBnkssQCXUeGfuc4ytYi7MNSY8ATyTuMX42cbu5cmKgTHhe/tqMDgu68QthQgRJaC5CxN3P55/FUYGqhJIL5NrF2BnaISndd4/O5sZUFAVWI6hUlZIWHT4KPpFjcxs47I+wsWOAa0lWWe58CaGTlgbkuEuRmWlMoRMHsTyKzGuOWOvSXgYqKkd3ENQiR7oHVqoko8egzSRhZAdoEqjcbh\n",
            "public_key_pem": "-----BEGIN PUBLIC KEY-----\nMIIBIjANBgkqhkiG9w0BAQEFAAOCAQ8AMIIBCgKCAQEAyRD0d3QeDdAohvSbrf1z\nNY53dmjs/uwJpv2rseFHGFepTeKumkemnXm7M6d5/u30FVQLBLDGiFTDYOvOz6YE\nree60WvYjyDxWLlmrH7PLHWo0jKeQLikTPS7CCXEUgmUhgZ5LLEAl1Hhn7nOMrWI\nuzDUmPAE8k7jF+NnG7uXJioEx4Xv7ajA4LuvELYUIESWguQsTdz+efxVGBqoSSC+\nTaxdgZ2iEp3XePzubGVBQFViOoVJWSFh0+Cj6RY3MbOOyPsLFjgGtJVlnufAmhk5\nYG5LhLkZlpTKETB7E8isxrjljr0l4GKipHdxDUIke6B1aqJKPHoM0kYWQHaBKo3G\n4QIDAQAB\n-----END PUBLIC KEY-----\n",
            "rsa_bits": 2048
          },
          "sensitive_attributes": [
            [
              {
                "type": "get_attr",
                "value": "private_key_openssh"
              }
            ],
            [
              {
                "type": "get_attr",
                "value": "private_key_pem"
              }
            ],
            [
              {
                "type": "get_attr",
                "value": "private_key_pem_pkcs8"
              }
            ]
          ],
          "identity_schema_version": 0
        },
        {
          "index_key": "nike-prod",
          "schema_version": 1,
          "attributes": {
            "algorithm": "RSA",
            "ecdsa_curve": "P224",
            "id": "bdad05a0e8bd47b23139fca6a6e73045932a0ccf",
            "private_key_openssh": "-----BEGIN OPENSSH PRIVATE KEY-----\nb3BlbnNzaC1rZXktdjEAAAAABG5vbmUAAAAEbm9uZQAAAAAAAAABAAABFwAAAAdz\nc2gtcnNhAAAAAwEAAQAAAQEArvlniD/0nM/3qcJr2kBCH7waDe6VRtfDeJBxBwF6\nsOZaku2nw16iJ8MByOrBvrk2S6umlqLwp29ujrXcgrOes9rB01pjDcaVUsWH3kH/\nEuZDndR3ILgQuFieBYkjzg1R03os3FYOLIaUbwtAAR6XUFXj8Pc3cFT6/5epD26D\nQ3kO5DP8FpZcW4CKZP2B+GaWFU3MUCsTYDu0Jfgy3iaQkzKlXw3FUhLFyRfAH1r9\nBiwAxS1eJS4Gn2uabP+d+K3LwHUInMadiaZjv1Uz1a2Im8PF1KaJ/jT27FuDLYlU\nt3IBs3jzcgv00GP1raaKCtttMdhXQujel4BBi8IVcSmf9QAAA7iRAidEkQInRAAA\nAAdzc2gtcnNhAAABAQCu+WeIP/Scz/epwmvaQEIfvBoN7pVG18N4kHEHAXqw5lqS\n7afDXqInwwHI6sG+uTZLq6aWovCnb26OtdyCs56z2sHTWmMNxpVSxYfeQf8S5kOd\n1HcguBC4WJ4FiSPODVHTeizcVg4shpRvC0ABHpdQVePw9zdwVPr/l6kPboNDeQ7k\nM/wWllxbgIpk/YH4ZpYVTcxQKxNgO7Ql+DLeJpCTMqVfDcVSEsXJF8AfWv0GLADF\nLV4lLgafa5ps/534rcvAdQicxp2JpmO/VTPVrYibw8XUpon+NPbsW4MtiVS3cgGz\nePNyC/TQY/WtpooK220x2FdC6N6XgEGLwhVxKZ/1AAAAAwEAAQAAAQAdMTMawkDX\nYMMbKXrBAPOHQ+S86k8xcJIGLWMOHisQFH6MAOZ6a/F13M0RbklAvrnWSh8TBsBL\nzwWM/b56d+lEbHzl/DCGfdkv5BDU/gHGb3BchrQRW2Q+vVov5j95AzPhqoKNiDX5\nK8Lb++6DwUzRdGMBMt2m+iaeOflUv8VanjMuAM1QtxpQGjNMPix4cSwAHDKvWb69\nDzApkiz0T/7E5cuoJj4CADvF+HyEbVnwgejndpEffwsesoBQmReRXQyx7M772ejQ\n5fyFdfB55ph6IvqlFXLwI0JTBVnsvruDREde2aeO6XWSNwU6JwCUOwBtuNBop4iE\nVRCFxCaWfG4JAAAAgQCXITJYcgT4zMXoUZ25ey1b/C3YFOHUvQGe9j5xlcvS3Jo/\nmLBGbe210LYVT+yrA/pcphQnU3gQXjLsbjEwuRVyRK19nq0oF0mwBjKSSI99rISo\niSxaQEzhAitrnQNqpEmIijunLlbYbyr5MjDc8qH+qwEfok/+9le7eDlxrvLMsAAA\nAIEAyUom4S4WLF/d4E+gc4voHohVjZcAq3bqrR+WUg/WPpSI8dbJ7oskPzX2CSUH\n9PzfoPbFNgo2iyiJ0NTDdOOweBYTN+2M8MdKJkp0uxRRrVmCXIb/7jSeU28d7Iy0\nF7uZpO4CoSJlTzwSvh5Vnpb0mptRJtI8K6FAibWZu/S3fWcAAACBAN6INfQlsWy8\nRGq3iSZubBnGL9suULUz9aP4I6IwBKuZgS73ztDrB31MXvPIsQDgDDxflMS8+3K2\nwxes5jrphSs7Rk6J1j8qn7sC1/9ijpuCy4ftI65vHXzlz8Igs1RxnlRc6/CeM604\nPh/6iw+e5erfvEmNMXiqilbi7Osl7wJDAAAAAAEC\n-----END OPENSSH PRIVATE KEY-----\n",
            "private_key_pem": "-----BEGIN RSA PRIVATE KEY-----\nMIIEpAIBAAKCAQEArvlniD/0nM/3qcJr2kBCH7waDe6VRtfDeJBxBwF6sOZaku2n\nw16iJ8MByOrBvrk2S6umlqLwp29ujrXcgrOes9rB01pjDcaVUsWH3kH/EuZDndR3\nILgQuFieBYkjzg1R03os3FYOLIaUbwtAAR6XUFXj8Pc3cFT6/5epD26DQ3kO5DP8\nFpZcW4CKZP2B+GaWFU3MUCsTYDu0Jfgy3iaQkzKlXw3FUhLFyRfAH1r9BiwAxS1e\nJS4Gn2uabP+d+K3LwHUInMadiaZjv1Uz1a2Im8PF1KaJ/jT27FuDLYlUt3IBs3jz\ncgv00GP1raaKCtttMdhXQujel4BBi8IVcSmf9QIDAQABAoIBAB0xMxrCQNdgwxsp\nesEA84dD5LzqTzFwkgYtYw4eKxAUfowA5npr8XXczRFuSUC+udZKHxMGwEvPBYz9\nvnp36URsfOX8MIZ92S/kENT+AcZvcFyGtBFbZD69Wi/mP3kDM+Gqgo2INfkrwtv7\n7oPBTNF0YwEy3ab6Jp45+VS/xVqeMy4AzVC3GlAaM0w+LHhxLAAcMq9Zvr0PMCmS\nLPRP/sTly6gmPgIAO8X4fIRtWfCB6Od2kR9/Cx6ygFCZF5FdDLHszvvZ6NDl/IV1\n8HnmmHoi+qUVcvAjQlMFWey+u4NER17Zp47pdZI3BTonAJQ7AG240GiniIRVEIXE\nJpZ8bgkCgYEAyUom4S4WLF/d4E+gc4voHohVjZcAq3bqrR+WUg/WPpSI8dbJ7osk\nPzX2CSUH9PzfoPbFNgo2iyiJ0NTDdOOweBYTN+2M8MdKJkp0uxRRrVmCXIb/7jSe\nU28d7Iy0F7uZpO4CoSJlTzwSvh5Vnpb0mptRJtI8K6FAibWZu/S3fWcCgYEA3og1\n9CWxbLxEareJJm5sGcYv2y5QtTP1o/gjojAEq5mBLvfO0OsHfUxe88ixAOAMPF+U\nxLz7crbDF6zmOumFKztGTonWPyqfuwLX/2KOm4LLh+0jrm8dfOXPwiCzVHGeVFzr\n8J4zrTg+H/qLD57l6t+8SY0xeKqKVuLs6yXvAkMCgYA1YXjWFsbCldnddsByZBP2\npOkrV3RSBINPziSrNo/2oKWAnRmILVY7fS/2VN+7VKRpp4e9QRAd724892+uPAO8\nlP4bwt+xqug7J1u1kTnn4ujzaMnOfh3OupUQ+m94K8QfPQ9tdBWx4ZiG2rySBi5w\nIehvhyl12Jmo64QNmGRg2QKBgQDTi08nClIRWSP9Av7ZTu1qzxGdXfkRWRSxzGkr\nfFRkQKgi2yZ7SoIzJc+6FlXVzCc1mXNWV4T9tyndLtsqs+WJhG7AqJ3ILJ/t6rUl\nLS7+PKd5TwC1iSHSIrGPDQENTHlEH5WXhvz/NVExmz5pGhfdYNWgYh3eZNjf4hdx\nLv13+wKBgQCXITJYcgT4zMXoUZ25ey1b/C3YFOHUvQGe9j5xlcvS3Jo/mLBGbe21\n0LYVT+yrA/pcphQnU3gQXjLsbjEwuRVyRK19nq0oF0mwBjKSSI99rISoiSxaQEzh\nAitrnQNqpEmIijunLlbYbyr5MjDc8qH+qwEfok/+9le7eDlxrvLMsA==\n-----END RSA PRIVATE KEY-----\n",
            "private_key_pem_pkcs8": "-----BEGIN PRIVATE KEY-----\nMIIEvgIBADANBgkqhkiG9w0BAQEFAASCBKgwggSkAgEAAoIBAQCu+WeIP/Scz/ep\nwmvaQEIfvBoN7pVG18N4kHEHAXqw5lqS7afDXqInwwHI6sG+uTZLq6aWovCnb26O\ntdyCs56z2sHTWmMNxpVSxYfeQf8S5kOd1HcguBC4WJ4FiSPODVHTeizcVg4shpRv\nC0ABHpdQVePw9zdwVPr/l6kPboNDeQ7kM/wWllxbgIpk/YH4ZpYVTcxQKxNgO7Ql\n+DLeJpCTMqVfDcVSEsXJF8AfWv0GLADFLV4lLgafa5ps/534rcvAdQicxp2JpmO/\nVTPVrYibw8XUpon+NPbsW4MtiVS3cgGzePNyC/TQY/WtpooK220x2FdC6N6XgEGL\nwhVxKZ/1AgMBAAECggEAHTEzGsJA12DDGyl6wQDzh0PkvOpPMXCSBi1jDh4rEBR+\njADmemvxddzNEW5JQL651kofEwbAS88FjP2+enfpRGx85fwwhn3ZL+QQ1P4Bxm9w\nXIa0EVtkPr1aL+Y/eQMz4aqCjYg1+SvC2/vug8FM0XRjATLdpvomnjn5VL/FWp4z\nLgDNULcaUBozTD4seHEsABwyr1m+vQ8wKZIs9E/+xOXLqCY+AgA7xfh8hG1Z8IHo\n53aRH38LHrKAUJkXkV0MsezO+9no0OX8hXXweeaYeiL6pRVy8CNCUwVZ7L67g0RH\nXtmnjul1kjcFOicAlDsAbbjQaKeIhFUQhcQmlnxuCQKBgQDJSibhLhYsX93gT6Bz\ni+geiFWNlwCrduqtH5ZSD9Y+lIjx1snuiyQ/NfYJJQf0/N+g9sU2CjaLKInQ1MN0\n47B4FhM37Yzwx0omSnS7FFGtWYJchv/uNJ5Tbx3sjLQXu5mk7gKhImVPPBK+HlWe\nlvSam1Em0jwroUCJtZm79Ld9ZwKBgQDeiDX0JbFsvERqt4kmbmwZxi/bLlC1M/Wj\n+COiMASrmYEu987Q6wd9TF7zyLEA4Aw8X5TEvPtytsMXrOY66YUrO0ZOidY/Kp+7\nAtf/Yo6bgsuH7SOubx185c/CILNUcZ5UXOvwnjOtOD4f+osPnuXq37xJjTF4qopW\n4uzrJe8CQwKBgDVheNYWxsKV2d12wHJkE/ak6StXdFIEg0/OJKs2j/agpYCdGYgt\nVjt9L/ZU37tUpGmnh71BEB3vbjz3b648A7yU/hvC37Gq6DsnW7WROefi6PNoyc5+\nHc66lRD6b3grxB89D210FbHhmIbavJIGLnAh6G+HKXXYmajrhA2YZGDZAoGBANOL\nTycKUhFZI/0C/tlO7WrPEZ1d+RFZFLHMaSt8VGRAqCLbJntKgjMlz7oWVdXMJzWZ\nc1ZXhP23Kd0u2yqz5YmEbsConcgsn+3qtSUtLv48p3lPALWJIdIisY8NAQ1MeUQf\nlZeG/P81UTGbPmkaF91g1aBiHd5k2N/iF3Eu/Xf7AoGBAJchMlhyBPjMxehRnbl7\nLVv8LdgU4dS9AZ72PnGVy9Lcmj+YsEZt7bXQthVP7KsD+lymFCdTeBBeMuxuMTC5\nFXJErX2erSgXSbAGMpJIj32shKiJLFpATOECK2udA2qkSYiKO6cuVthvKvkyMNzy\nof6rAR+iT/72V7t4OXGu8syw\n-----END PRIVATE KEY-----\n",
            "public_key_fingerprint_md5": "81:f8:16:f6:67:30:35:9a:c6:35:0c:d5:c1:cb:d2:aa",
            "public_key_fingerprint_sha256": "SHA256:jt0i/ZcEzPuAzu84CTi2sYf/uqblSXUGUz3An0cqX3g",
            "public_key_openssh": "ssh-rsa AAAAB3NzaC1yc2EAAAADAQABAAABAQCu+WeIP/Scz/epwmvaQEIfvBoN7pVG18N4kHEHAXqw5lqS7afDXqInwwHI6sG+uTZLq6aWovCnb26OtdyCs56z2sHTWmMNxpVSxYfeQf8S5kOd1HcguBC4WJ4FiSPODVHTeizcVg4shpRvC0ABHpdQVePw9zdwVPr/l6kPboNDeQ7kM/wWllxbgIpk/YH4ZpYVTcxQKxNgO7Ql+DLeJpCTMqVfDcVSEsXJF8AfWv0GLADFLV4lLgafa5ps/534rcvAdQicxp2JpmO/VTPVrYibw8XUpon+NPbsW4MtiVS3cgGzePNyC/TQY/WtpooK220x2FdC6N6XgEGLwhVxKZ/1\n",
            "public_key_pem": "-----BEGIN PUBLIC KEY-----\nMIIBIjANBgkqhkiG9w0BAQEFAAOCAQ8AMIIBCgKCAQEArvlniD/0nM/3qcJr2kBC\nH7waDe6VRtfDeJBxBwF6sOZaku2nw16iJ8MByOrBvrk2S6umlqLwp29ujrXcgrOe\ns9rB01pjDcaVUsWH3kH/EuZDndR3ILgQuFieBYkjzg1R03os3FYOLIaUbwtAAR6X\nUFXj8Pc3cFT6/5epD26DQ3kO5DP8FpZcW4CKZP2B+GaWFU3MUCsTYDu0Jfgy3iaQ\nkzKlXw3FUhLFyRfAH1r9BiwAxS1eJS4Gn2uabP+d+K3LwHUInMadiaZjv1Uz1a2I\nm8PF1KaJ/jT27FuDLYlUt3IBs3jzcgv00GP1raaKCtttMdhXQujel4BBi8IVcSmf\n9QIDAQAB\n-----END PUBLIC KEY-----\n",
            "rsa_bits": 2048
          },
          "sensitive_attributes": [
            [
              {
                "type": "get_attr",
                "value": "private_key_openssh"
              }
            ],
            [
              {
                "type": "get_attr",
                "value": "private_key_pem"
              }
            ],
            [
              {
                "type": "get_attr",
                "value": "private_key_pem_pkcs8"
              }
            ]
          ],
          "identity_schema_version": 0
        },
        {
          "index_key": "nike-qa",
          "schema_version": 1,
          "attributes": {
            "algorithm": "RSA",
            "ecdsa_curve": "P224",
            "id": "a6b18ace19fff34e7c5cd2e4ede1797bc45a0d5a",
            "private_key_openssh": "-----BEGIN OPENSSH PRIVATE KEY-----\nb3BlbnNzaC1rZXktdjEAAAAABG5vbmUAAAAEbm9uZQAAAAAAAAABAAABFwAAAAdz\nc2gtcnNhAAAAAwEAAQAAAQEAyzLmEwFwiR0823hq/pcDRh39a5eqceVh4HvY2JWK\nufvjdseeWcPh/9tXGM2s3yKrAK1Y9wDxcLXBKCNhCPHJeivV9XAvoKnpmAoqmR4C\nnStj4KU28kxlVATK4nBvSl1HaVDiEH0/ZwEYxeIJMURu0o0o12Rbckx0kvoSI849\nt78YweR5Mg2Ew4Bw3VGkzSkia19nexKRWN8dfY41f3l7Q8bWZy1pdNK79SOPQrvb\nJxlN0EbKz55BOt8pQiNDewzMnkC0meu62SLlsRLEB0I97HjQJeF7LFEIfR5CXUpd\nTHKvvhk9Dv32UUeSmf5dcCeNhlVSiflVDKUg5rEJ1JzJEQAAA7hINv6VSDb+lQAA\nAAdzc2gtcnNhAAABAQDLMuYTAXCJHTzbeGr+lwNGHf1rl6px5WHge9jYlYq5++N2\nx55Zw+H/21cYzazfIqsArVj3APFwtcEoI2EI8cl6K9X1cC+gqemYCiqZHgKdK2Pg\npTbyTGVUBMricG9KXUdpUOIQfT9nARjF4gkxRG7SjSjXZFtyTHSS+hIjzj23vxjB\n5HkyDYTDgHDdUaTNKSJrX2d7EpFY3x19jjV/eXtDxtZnLWl00rv1I49Cu9snGU3Q\nRsrPnkE63ylCI0N7DMyeQLSZ67rZIuWxEsQHQj3seNAl4XssUQh9HkJdSl1Mcq++\nGT0O/fZRR5KZ/l1wJ42GVVKJ+VUMpSDmsQnUnMkRAAAAAwEAAQAAAQAnddf2QuZO\nyk3CNS1aCYuKN1K6bTadbbVHOeXPkaLiIUd4DqXyuraN0FOmrnJu1rWsqP1I4ncA\ns1syZ0R1zzaYMiEXy9SD99s0Om0xVQGe8gkwXAVCopFe8ptPxBPothqjGiD8oMYK\nQ81CyHWOisKWwvD2ezfDB5Pv4v5Y07lqkCoeIxn7KBtKYBaIdCk4Cu7GtX8Mj0l0\nF9qv+4Jv/PvJw9JJGTHxQzrCgcqvufn8UCH7DkB7lLHc42MwyRZDSvS3fNEsphik\nJ86wfyQAJNtjWMTzKWVtUp5t8KkIHkqMcl5lHrLNUHD6cGpMgaxnFqJJT51qtzkF\nIYNeIH+vLAuRAAAAgAbyxkHlHXceuFzRMnu43nMPBvO5WbLA7uhPgK6ax5i+zAOb\nda3rcz4ePiDUUc06eAM+THUiaJVXah6GHI88+KFr6VWAps18A9oAFZfM0ZccKA77\n41qxuvyCppZgugzHJP59oulphKl6OxZgDcrEulWQ4c0UHsy2zr+RVhbx4rEkAAAA\ngQDatmjWKYxhg9/i8leu2cn2T1Fj4u6mlBZZC0r+TJxyzV84z24X5NjWueGeuSaT\nniRkHaATPOs4Z6vAI77vE2OUiwT95xBlzffox4N3D+GTRtS2WOGgoWrdxhs/W8LA\nQ9JpNRM4by5JI0HN6TnD4+asSfjOFaDeF3CcH5Usa9AqFQAAAIEA7ddmy64L+weP\nUWG9ZuQFbJB5Jl8buuh7T1yioaLAy+b0Vk7NPLbf4vvil4oc5g2hiA6mufMvot80\nS0j9QswCSWzai9hOD4rOkF4B3TQGvjwTaN+Eo6KSvGom0QZ92Cf3amj6mC+BgTtF\nLNiYfXPQNbLWzNxdsydw5JyMfbCnjg0AAAAAAQID\n-----END OPENSSH PRIVATE KEY-----\n",
            "private_key_pem": "-----BEGIN RSA PRIVATE KEY-----\nMIIEowIBAAKCAQEAyzLmEwFwiR0823hq/pcDRh39a5eqceVh4HvY2JWKufvjdsee\nWcPh/9tXGM2s3yKrAK1Y9wDxcLXBKCNhCPHJeivV9XAvoKnpmAoqmR4CnStj4KU2\n8kxlVATK4nBvSl1HaVDiEH0/ZwEYxeIJMURu0o0o12Rbckx0kvoSI849t78YweR5\nMg2Ew4Bw3VGkzSkia19nexKRWN8dfY41f3l7Q8bWZy1pdNK79SOPQrvbJxlN0EbK\nz55BOt8pQiNDewzMnkC0meu62SLlsRLEB0I97HjQJeF7LFEIfR5CXUpdTHKvvhk9\nDv32UUeSmf5dcCeNhlVSiflVDKUg5rEJ1JzJEQIDAQABAoIBACd11/ZC5k7KTcI1\nLVoJi4o3UrptNp1ttUc55c+RouIhR3gOpfK6to3QU6aucm7Wtayo/UjidwCzWzJn\nRHXPNpgyIRfL1IP32zQ6bTFVAZ7yCTBcBUKikV7ym0/EE+i2GqMaIPygxgpDzULI\ndY6KwpbC8PZ7N8MHk+/i/ljTuWqQKh4jGfsoG0pgFoh0KTgK7sa1fwyPSXQX2q/7\ngm/8+8nD0kkZMfFDOsKByq+5+fxQIfsOQHuUsdzjYzDJFkNK9Ld80SymGKQnzrB/\nJAAk22NYxPMpZW1Snm3wqQgeSoxyXmUess1QcPpwakyBrGcWoklPnWq3OQUhg14g\nf68sC5ECgYEA2rZo1imMYYPf4vJXrtnJ9k9RY+LuppQWWQtK/kyccs1fOM9uF+TY\n1rnhnrkmk54kZB2gEzzrOGerwCO+7xNjlIsE/ecQZc336MeDdw/hk0bUtljhoKFq\n3cYbP1vCwEPSaTUTOG8uSSNBzek5w+PmrEn4zhWg3hdwnB+VLGvQKhUCgYEA7ddm\ny64L+wePUWG9ZuQFbJB5Jl8buuh7T1yioaLAy+b0Vk7NPLbf4vvil4oc5g2hiA6m\nufMvot80S0j9QswCSWzai9hOD4rOkF4B3TQGvjwTaN+Eo6KSvGom0QZ92Cf3amj6\nmC+BgTtFLNiYfXPQNbLWzNxdsydw5JyMfbCnjg0CgYEAqpReC7p3/I5IDc8JSBwg\ngnS2e/tAOreA/o3qPZAu7PL0c3CE4ynfXQm4yHyLc9KBe3wHnzmCE4n30HGQtxIe\nNnp+uDCA/4W29ty00iWWv7EcseN8hjWfDb02/yFoMWA0OU3l4bwFE5Hl/t0J6phT\nDsjavpDr2IvbjkirpeuofUkCgYBDQEv1vcHvekTBCzUF+eW6u+M1wWDS6desKhJm\nR+HiBe0C1odb6o3F3dlFZi0js6kAErx8CdJnaFueCgZqs8rVvizRrBjudh5QXfSC\n+qoJcm0+ky0rI9X/5rgRFJfS3gIsmYB6NbyVsQ+vTZNYrb2q4WWxSYJJHRbj3Yww\nIhpOpQKBgAbyxkHlHXceuFzRMnu43nMPBvO5WbLA7uhPgK6ax5i+zAObda3rcz4e\nPiDUUc06eAM+THUiaJVXah6GHI88+KFr6VWAps18A9oAFZfM0ZccKA7741qxuvyC\nppZgugzHJP59oulphKl6OxZgDcrEulWQ4c0UHsy2zr+RVhbx4rEk\n-----END RSA PRIVATE KEY-----\n",
            "private_key_pem_pkcs8": "-----BEGIN PRIVATE KEY-----\nMIIEvQIBADANBgkqhkiG9w0BAQEFAASCBKcwggSjAgEAAoIBAQDLMuYTAXCJHTzb\neGr+lwNGHf1rl6px5WHge9jYlYq5++N2x55Zw+H/21cYzazfIqsArVj3APFwtcEo\nI2EI8cl6K9X1cC+gqemYCiqZHgKdK2PgpTbyTGVUBMricG9KXUdpUOIQfT9nARjF\n4gkxRG7SjSjXZFtyTHSS+hIjzj23vxjB5HkyDYTDgHDdUaTNKSJrX2d7EpFY3x19\njjV/eXtDxtZnLWl00rv1I49Cu9snGU3QRsrPnkE63ylCI0N7DMyeQLSZ67rZIuWx\nEsQHQj3seNAl4XssUQh9HkJdSl1Mcq++GT0O/fZRR5KZ/l1wJ42GVVKJ+VUMpSDm\nsQnUnMkRAgMBAAECggEAJ3XX9kLmTspNwjUtWgmLijdSum02nW21Rznlz5Gi4iFH\neA6l8rq2jdBTpq5ybta1rKj9SOJ3ALNbMmdEdc82mDIhF8vUg/fbNDptMVUBnvIJ\nMFwFQqKRXvKbT8QT6LYaoxog/KDGCkPNQsh1jorClsLw9ns3wweT7+L+WNO5apAq\nHiMZ+ygbSmAWiHQpOAruxrV/DI9JdBfar/uCb/z7ycPSSRkx8UM6woHKr7n5/FAh\n+w5Ae5Sx3ONjMMkWQ0r0t3zRLKYYpCfOsH8kACTbY1jE8yllbVKebfCpCB5KjHJe\nZR6yzVBw+nBqTIGsZxaiSU+darc5BSGDXiB/rywLkQKBgQDatmjWKYxhg9/i8leu\n2cn2T1Fj4u6mlBZZC0r+TJxyzV84z24X5NjWueGeuSaTniRkHaATPOs4Z6vAI77v\nE2OUiwT95xBlzffox4N3D+GTRtS2WOGgoWrdxhs/W8LAQ9JpNRM4by5JI0HN6TnD\n4+asSfjOFaDeF3CcH5Usa9AqFQKBgQDt12bLrgv7B49RYb1m5AVskHkmXxu66HtP\nXKKhosDL5vRWTs08tt/i++KXihzmDaGIDqa58y+i3zRLSP1CzAJJbNqL2E4Pis6Q\nXgHdNAa+PBNo34SjopK8aibRBn3YJ/dqaPqYL4GBO0Us2Jh9c9A1stbM3F2zJ3Dk\nnIx9sKeODQKBgQCqlF4Lunf8jkgNzwlIHCCCdLZ7+0A6t4D+jeo9kC7s8vRzcITj\nKd9dCbjIfItz0oF7fAefOYITiffQcZC3Eh42en64MID/hbb23LTSJZa/sRyx43yG\nNZ8NvTb/IWgxYDQ5TeXhvAUTkeX+3QnqmFMOyNq+kOvYi9uOSKul66h9SQKBgENA\nS/W9we96RMELNQX55bq74zXBYNLp16wqEmZH4eIF7QLWh1vqjcXd2UVmLSOzqQAS\nvHwJ0mdoW54KBmqzytW+LNGsGO52HlBd9IL6qglybT6TLSsj1f/muBEUl9LeAiyZ\ngHo1vJWxD69Nk1itvarhZbFJgkkdFuPdjDAiGk6lAoGABvLGQeUddx64XNEye7je\ncw8G87lZssDu6E+ArprHmL7MA5t1retzPh4+INRRzTp4Az5MdSJolVdqHoYcjzz4\noWvpVYCmzXwD2gAVl8zRlxwoDvvjWrG6/IKmlmC6DMck/n2i6WmEqXo7FmANysS6\nVZDhzRQezLbOv5FWFvHisSQ=\n-----END PRIVATE KEY-----\n",
            "public_key_fingerprint_md5": "fa:7a:64:04:da:40:ff:4f:31:5c:66:ce:e7:26:4d:07",
            "public_key_fingerprint_sha256": "SHA256:2P+gulmUxj7afmeveBMNk1qp5trcqxoaZfsr0drIbGE",
            "public_key_openssh": "ssh-rsa AAAAB3NzaC1yc2EAAAADAQABAAABAQDLMuYTAXCJHTzbeGr+lwNGHf1rl6px5WHge9jYlYq5++N2x55Zw+H/21cYzazfIqsArVj3APFwtcEoI2EI8cl6K9X1cC+gqemYCiqZHgKdK2PgpTbyTGVUBMricG9KXUdpUOIQfT9nARjF4gkxRG7SjSjXZFtyTHSS+hIjzj23vxjB5HkyDYTDgHDdUaTNKSJrX2d7EpFY3x19jjV/eXtDxtZnLWl00rv1I49Cu9snGU3QRsrPnkE63ylCI0N7DMyeQLSZ67rZIuWxEsQHQj3seNAl4XssUQh9HkJdSl1Mcq++GT0O/fZRR5KZ/l1wJ42GVVKJ+VUMpSDmsQnUnMkR\n",
            "public_key_pem": "-----BEGIN PUBLIC KEY-----\nMIIBIjANBgkqhkiG9w0BAQEFAAOCAQ8AMIIBCgKCAQEAyzLmEwFwiR0823hq/pcD\nRh39a5eqceVh4HvY2JWKufvjdseeWcPh/9tXGM2s3yKrAK1Y9wDxcLXBKCNhCPHJ\neivV9XAvoKnpmAoqmR4CnStj4KU28kxlVATK4nBvSl1HaVDiEH0/ZwEYxeIJMURu\n0o0o12Rbckx0kvoSI849t78YweR5Mg2Ew4Bw3VGkzSkia19nexKRWN8dfY41f3l7\nQ8bWZy1pdNK79SOPQrvbJxlN0EbKz55BOt8pQiNDewzMnkC0meu62SLlsRLEB0I9\n7HjQJeF7LFEIfR5CXUpdTHKvvhk9Dv32UUeSmf5dcCeNhlVSiflVDKUg5rEJ1JzJ\nEQIDAQAB\n-----END PUBLIC KEY-----\n",
            "rsa_bits": 2048
          },
          "sensitive_attributes": [
            [
              {
                "type": "get_attr",
                "value": "private_key_openssh"
              }
            ],
            [
              {
                "type": "get_attr",
                "value": "private_key_pem"
              }
            ],
            [
              {
                "type": "get_attr",
                "value": "private_key_pem_pkcs8"
              }
            ]
          ],
          "identity_schema_version": 0
        }
      ]
    },
    {
      "mode": "managed",
      "type": "tls_self_signed_cert",
      "name": "odoo_cert",
      "provider": "provider[\"registry.terraform.io/hashicorp/tls\"]",
      "instances": []
    }
  ],
  "check_results": null
}
